// !$*UTF8*$!
{
	archiveVersion = 1;
	classes = {
	};
	objectVersion = 46;
	objects = {

/* Begin PBXBuildFile section */
		378229F31EEAC3F200D0DD78 /* main.m in Sources */ = {isa = PBXBuildFile; fileRef = 378229F21EEAC3F200D0DD78 /* main.m */; };
		378229FB1EEAC41400D0DD78 /* Mother.m in Sources */ = {isa = PBXBuildFile; fileRef = 378229FA1EEAC41400D0DD78 /* Mother.m */; };
		378229FE1EEAC44F00D0DD78 /* OldWoman.m in Sources */ = {isa = PBXBuildFile; fileRef = 378229FD1EEAC44F00D0DD78 /* OldWoman.m */; };
/* End PBXBuildFile section */

/* Begin PBXCopyFilesBuildPhase section */
		378229ED1EEAC3F200D0DD78 /* CopyFiles */ = {
			isa = PBXCopyFilesBuildPhase;
			buildActionMask = 2147483647;
			dstPath = /usr/share/man/man1/;
			dstSubfolderSpec = 0;
			files = (
			);
			runOnlyForDeploymentPostprocessing = 1;
		};
/* End PBXCopyFilesBuildPhase section */

/* Begin PBXFileReference section */
		378229EF1EEAC3F200D0DD78 /* BlockInClass */ = {isa = PBXFileReference; explicitFileType = "compiled.mach-o.executable"; includeInIndex = 0; path = BlockInClass; sourceTree = BUILT_PRODUCTS_DIR; };
		378229F21EEAC3F200D0DD78 /* main.m */ = {isa = PBXFileReference; lastKnownFileType = sourcecode.c.objc; path = main.m; sourceTree = "<group>"; };
		378229F91EEAC41400D0DD78 /* Mother.h */ = {isa = PBXFileReference; fileEncoding = 4; lastKnownFileType = sourcecode.c.h; path = Mother.h; sourceTree = "<group>"; };
		378229FA1EEAC41400D0DD78 /* Mother.m */ = {isa = PBXFileReference; fileEncoding = 4; lastKnownFileType = sourcecode.c.objc; path = Mother.m; sourceTree = "<group>"; };
		378229FC1EEAC44F00D0DD78 /* OldWoman.h */ = {isa = PBXFileReference; fileEncoding = 4; lastKnownFileType = sourcecode.c.h; path = OldWoman.h; sourceTree = "<group>"; };
		378229FD1EEAC44F00D0DD78 /* OldWoman.m */ = {isa = PBXFileReference; fileEncoding = 4; lastKnownFileType = sourcecode.c.objc; path = OldWoman.m; sourceTree = "<group>"; };
/* End PBXFileReference section */

/* Begin PBXFrameworksBuildPhase section */
		378229EC1EEAC3F200D0DD78 /* Frameworks */ = {
			isa = PBXFrameworksBuildPhase;
			buildActionMask = 2147483647;
			files = (
			);
			runOnlyForDeploymentPostprocessing = 0;
		};
/* End PBXFrameworksBuildPhase section */

/* Begin PBXGroup section */
		378229E61EEAC3F200D0DD78 = {
			isa = PBXGroup;
			children = (
				378229F11EEAC3F200D0DD78 /* BlockInClass */,
				378229F01EEAC3F200D0DD78 /* Products */,
			);
			sourceTree = "<group>";
		};
		378229F01EEAC3F200D0DD78 /* Products */ = {
			isa = PBXGroup;
			children = (
				378229EF1EEAC3F200D0DD78 /* BlockInClass */,
			);
			name = Products;
			sourceTree = "<group>";
		};
		378229F11EEAC3F200D0DD78 /* BlockInClass */ = {
			isa = PBXGroup;
			children = (
				378229F21EEAC3F200D0DD78 /* main.m */,
				378229F91EEAC41400D0DD78 /* Mother.h */,
				378229FA1EEAC41400D0DD78 /* Mother.m */,
				378229FC1EEAC44F00D0DD78 /* OldWoman.h */,
				378229FD1EEAC44F00D0DD78 /* OldWoman.m */,
			);
			path = BlockInClass;
			sourceTree = "<group>";
		};
/* End PBXGroup section */

/* Begin PBXNativeTarget section */
		378229EE1EEAC3F200D0DD78 /* BlockInClass */ = {
			isa = PBXNativeTarget;
			buildConfigurationList = 378229F61EEAC3F200D0DD78 /* Build configuration list for PBXNativeTarget "BlockInClass" */;
			buildPhases = (
				378229EB1EEAC3F200D0DD78 /* Sources */,
				378229EC1EEAC3F200D0DD78 /* Frameworks */,
				378229ED1EEAC3F200D0DD78 /* CopyFiles */,
			);
			buildRules = (
			);
			dependencies = (
			);
			name = BlockInClass;
			productName = BlockInClass;
			productReference = 378229EF1EEAC3F200D0DD78 /* BlockInClass */;
			productType = "com.apple.product-type.tool";
		};
/* End PBXNativeTarget section */

/* Begin PBXProject section */
		378229E71EEAC3F200D0DD78 /* Project object */ = {
			isa = PBXProject;
			attributes = {
				LastUpgradeCheck = 0830;
				ORGANIZATIONNAME = com.zccoder;
				TargetAttributes = {
					378229EE1EEAC3F200D0DD78 = {
						CreatedOnToolsVersion = 8.3.3;
						ProvisioningStyle = Automatic;
					};
				};
			};
			buildConfigurationList = 378229EA1EEAC3F200D0DD78 /* Build configuration list for PBXProject "BlockInClass" */;
			compatibilityVersion = "Xcode 3.2";
			developmentRegion = English;
			hasScannedForEncodings = 0;
			knownRegions = (
				en,
			);
			mainGroup = 378229E61EEAC3F200D0DD78;
			productRefGroup = 378229F01EEAC3F200D0DD78 /* Products */;
			projectDirPath = "";
			projectRoot = "";
			targets = (
				378229EE1EEAC3F200D0DD78 /* BlockInClass */,
			);
		};
/* End PBXProject section */

/* Begin PBXSourcesBuildPhase section */
		378229EB1EEAC3F200D0DD78 /* Sources */ = {
			isa = PBXSourcesBuildPhase;
			buildActionMask = 2147483647;
			files = (
				378229FB1EEAC41400D0DD78 /* Mother.m in Sources */,
				378229F31EEAC3F200D0DD78 /* main.m in Sources */,
				378229FE1EEAC44F00D0DD78 /* OldWoman.m in Sources */,
			);
			runOnlyForDeploymentPostprocessing = 0;
		};
/* End PBXSourcesBuildPhase section */

/* Begin XCBuildConfiguration section */
		378229F41EEAC3F200D0DD78 /* Debug */ = {
			isa = XCBuildConfiguration;
			buildSettings = {
				ALWAYS_SEARCH_USER_PATHS = NO;
				CLANG_ANALYZER_NONNULL = YES;
				CLANG_ANALYZER_NUMBER_OBJECT_CONVERSION = YES_AGGRESSIVE;
				CLANG_CXX_LANGUAGE_STANDARD = "gnu++0x";
				CLANG_CXX_LIBRARY = "libc++";
				CLANG_ENABLE_MODULES = YES;
				CLANG_ENABLE_OBJC_ARC = YES;
				CLANG_WARN_BOOL_CONVERSION = YES;
				CLANG_WARN_CONSTANT_CONVERSION = YES;
				CLANG_WARN_DIRECT_OBJC_ISA_USAGE = YES_ERROR;
				CLANG_WARN_DOCUMENTATION_COMMENTS = YES;
				CLANG_WARN_EMPTY_BODY = YES;
				CLANG_WARN_ENUM_CONVERSION = YES;
				CLANG_WARN_INFINITE_RECURSION = YES;
				CLANG_WARN_INT_CONVERSION = YES;
				CLANG_WARN_OBJC_ROOT_CLASS = YES_ERROR;
				CLANG_WARN_SUSPICIOUS_MOVE = YES;
				CLANG_WARN_UNREACHABLE_CODE = YES;
				CLANG_WARN__DUPLICATE_METHOD_MATCH = YES;
				CODE_SIGN_IDENTITY = "-";
				COPY_PHASE_STRIP = NO;
				DEBUG_INFORMATION_FORMAT = dwarf;
				ENABLE_STRICT_OBJC_MSGSEND = YES;
				ENABLE_TESTABILITY = YES;
				GCC_C_LANGUAGE_STANDARD = gnu99;
				GCC_DYNAMIC_NO_PIC = NO;
				GCC_NO_COMMON_BLOCKS = YES;
				GCC_OPTIMIZATION_LEVEL = 0;
				GCC_PREPROCESSOR_DEFINITIONS = (
					"DEBUG=1",
					"$(inherited)",
				);
				GCC_WARN_64_TO_32_BIT_CONVERSION = YES;
				GCC_WARN_ABOUT_RETURN_TYPE = YES_ERROR;
				GCC_WARN_UNDECLARED_SELECTOR = YES;
				GCC_WARN_UNINITIALIZED_AUTOS = YES_AGGRESSIVE;
				GCC_WARN_UNUSED_FUNCTION = YES;
				GCC_WARN_UNUSED_VARIABLE = YES;
				MACOSX_DEPLOYMENT_TARGET = 10.12;
				MTL_ENABLE_DEBUG_INFO = YES;
				ONLY_ACTIVE_ARCH = YES;
				SDKROOT = macosx;
			};
			name = Debug;
		};
		378229F51EEAC3F200D0DD78 /* Release */ = {
			isa = XCBuildConfiguration;
			buildSettings = {
				ALWAYS_SEARCH_USER_PATHS = NO;
				CLANG_ANALYZER_NONNULL = YES;
				CLANG_ANALYZER_NUMBER_OBJECT_CONVERSION = YES_AGGRESSIVE;
				CLANG_CXX_LANGUAGE_STANDARD = "gnu++0x";
				CLANG_CXX_LIBRARY = "libc++";
				CLANG_ENABLE_MODULES = YES;
				CLANG_ENABLE_OBJC_ARC = YES;
				CLANG_WARN_BOOL_CONVERSION = YES;
				CLANG_WARN_CONSTANT_CONVERSION = YES;
				CLANG_WARN_DIRECT_OBJC_ISA_USAGE = YES_ERROR;
				CLANG_WARN_DOCUMENTATION_COMMENTS = YES;
				CLANG_WARN_EMPTY_BODY = YES;
				CLANG_WARN_ENUM_CONVERSION = YES;
				CLANG_WARN_INFINITE_RECURSION = YES;
				CLANG_WARN_INT_CONVERSION = YES;
				CLANG_WARN_OBJC_ROOT_CLASS = YES_ERROR;
				CLANG_WARN_SUSPICIOUS_MOVE = YES;
				CLANG_WARN_UNREACHABLE_CODE = YES;
				CLANG_WARN__DUPLICATE_METHOD_MATCH = YES;
				CODE_SIGN_IDENTITY = "-";
				COPY_PHASE_STRIP = NO;
				DEBUG_INFORMATION_FORMAT = "dwarf-with-dsym";
				ENABLE_NS_ASSERTIONS = NO;
				ENABLE_STRICT_OBJC_MSGSEND = YES;
				GCC_C_LANGUAGE_STANDARD = gnu99;
				GCC_NO_COMMON_BLOCKS = YES;
				GCC_WARN_64_TO_32_BIT_CONVERSION = YES;
				GCC_WARN_ABOUT_RETURN_TYPE = YES_ERROR;
				GCC_WARN_UNDECLARED_SELECTOR = YES;
				GCC_WARN_UNINITIALIZED_AUTOS = YES_AGGRESSIVE;
				GCC_WARN_UNUSED_FUNCTION = YES;
				GCC_WARN_UNUSED_VARIABLE = YES;
				MACOSX_DEPLOYMENT_TARGET = 10.12;
				MTL_ENABLE_DEBUG_INFO = NO;
				SDKROOT = macosx;
			};
			name = Release;
		};
		378229F71EEAC3F200D0DD78 /* Debug */ = {
			isa = XCBuildConfiguration;
			buildSettings = {
				PRODUCT_NAME = "$(TARGET_NAME)";
			};
			name = Debug;
		};
		378229F81EEAC3F200D0DD78 /* Release */ = {
			isa = XCBuildConfiguration;
			buildSettings = {
				PRODUCT_NAME = "$(TARGET_NAME)";
			};
			name = Release;
		};
/* End XCBuildConfiguration section */

/* Begin XCConfigurationList section */
		378229EA1EEAC3F200D0DD78 /* Build configuration list for PBXProject "BlockInClass" */ = {
			isa = XCConfigurationList;
			buildConfigurations = (
				378229F41EEAC3F200D0DD78 /* Debug */,
				378229F51EEAC3F200D0DD78 /* Release */,
			);
			defaultConfigurationIsVisible = 0;
			defaultConfigurationName = Release;
		};
		378229F61EEAC3F200D0DD78 /* Build configuration list for PBXNativeTarget "BlockInClass" */ = {
			isa = XCConfigurationList;
			buildConfigurations = (
				378229F71EEAC3F200D0DD78 /* Debug */,
				378229F81EEAC3F200D0DD78 /* Release */,
			);
			defaultConfigurationIsVisible = 0;
		};
/* End XCConfigurationList section */
	};
	rootObject = 378229E71EEAC3F200D0DD78 /* Project object */;
}
