// !$*UTF8*$!
{
	archiveVersion = 1;
	classes = {
	};
	objectVersion = 46;
	objects = {

/* Begin PBXBuildFile section */
		5902B0D21EE4E5D800395430 /* main.m in Sources */ = {isa = PBXBuildFile; fileRef = 5902B0D11EE4E5D800395430 /* main.m */; };
		5902B0D51EE4E5D800395430 /* AppDelegate.m in Sources */ = {isa = PBXBuildFile; fileRef = 5902B0D41EE4E5D800395430 /* AppDelegate.m */; };
		5902B0DB1EE4E5D800395430 /* Main.storyboard in Resources */ = {isa = PBXBuildFile; fileRef = 5902B0D91EE4E5D800395430 /* Main.storyboard */; };
		5902B0DD1EE4E5D800395430 /* Assets.xcassets in Resources */ = {isa = PBXBuildFile; fileRef = 5902B0DC1EE4E5D800395430 /* Assets.xcassets */; };
		5902B0E01EE4E5D800395430 /* LaunchScreen.storyboard in Resources */ = {isa = PBXBuildFile; fileRef = 5902B0DE1EE4E5D800395430 /* LaunchScreen.storyboard */; };
		5902B0EB1EE4E5D800395430 /* MyNameListTests.m in Sources */ = {isa = PBXBuildFile; fileRef = 5902B0EA1EE4E5D800395430 /* MyNameListTests.m */; };
		5902B0F61EE4E5D800395430 /* MyNameListUITests.m in Sources */ = {isa = PBXBuildFile; fileRef = 5902B0F51EE4E5D800395430 /* MyNameListUITests.m */; };
		5902B1051EE4E6DB00395430 /* HomeViewController.m in Sources */ = {isa = PBXBuildFile; fileRef = 5902B1041EE4E6DB00395430 /* HomeViewController.m */; };
		5902B1081EE4E8CC00395430 /* StudentModel.m in Sources */ = {isa = PBXBuildFile; fileRef = 5902B1071EE4E8CC00395430 /* StudentModel.m */; };
		5902B10B1EE4EA2000395430 /* AddViewController.m in Sources */ = {isa = PBXBuildFile; fileRef = 5902B10A1EE4EA2000395430 /* AddViewController.m */; };
		5902B10E1EE51EB700395430 /* SQLManager.m in Sources */ = {isa = PBXBuildFile; fileRef = 5902B10D1EE51EB700395430 /* SQLManager.m */; };
		5902B1111EE5216300395430 /* libsqlite3.tbd in Frameworks */ = {isa = PBXBuildFile; fileRef = 5902B1101EE5216300395430 /* libsqlite3.tbd */; };
/* End PBXBuildFile section */

/* Begin PBXContainerItemProxy section */
		5902B0E71EE4E5D800395430 /* PBXContainerItemProxy */ = {
			isa = PBXContainerItemProxy;
			containerPortal = 5902B0C51EE4E5D700395430 /* Project object */;
			proxyType = 1;
			remoteGlobalIDString = 5902B0CC1EE4E5D700395430;
			remoteInfo = MyNameList;
		};
		5902B0F21EE4E5D800395430 /* PBXContainerItemProxy */ = {
			isa = PBXContainerItemProxy;
			containerPortal = 5902B0C51EE4E5D700395430 /* Project object */;
			proxyType = 1;
			remoteGlobalIDString = 5902B0CC1EE4E5D700395430;
			remoteInfo = MyNameList;
		};
/* End PBXContainerItemProxy section */

/* Begin PBXFileReference section */
		5902B0CD1EE4E5D800395430 /* MyNameList.app */ = {isa = PBXFileReference; explicitFileType = wrapper.application; includeInIndex = 0; path = MyNameList.app; sourceTree = BUILT_PRODUCTS_DIR; };
		5902B0D11EE4E5D800395430 /* main.m */ = {isa = PBXFileReference; lastKnownFileType = sourcecode.c.objc; path = main.m; sourceTree = "<group>"; };
		5902B0D31EE4E5D800395430 /* AppDelegate.h */ = {isa = PBXFileReference; lastKnownFileType = sourcecode.c.h; path = AppDelegate.h; sourceTree = "<group>"; };
		5902B0D41EE4E5D800395430 /* AppDelegate.m */ = {isa = PBXFileReference; lastKnownFileType = sourcecode.c.objc; path = AppDelegate.m; sourceTree = "<group>"; };
		5902B0DA1EE4E5D800395430 /* Base */ = {isa = PBXFileReference; lastKnownFileType = file.storyboard; name = Base; path = Base.lproj/Main.storyboard; sourceTree = "<group>"; };
		5902B0DC1EE4E5D800395430 /* Assets.xcassets */ = {isa = PBXFileReference; lastKnownFileType = folder.assetcatalog; path = Assets.xcassets; sourceTree = "<group>"; };
		5902B0DF1EE4E5D800395430 /* Base */ = {isa = PBXFileReference; lastKnownFileType = file.storyboard; name = Base; path = Base.lproj/LaunchScreen.storyboard; sourceTree = "<group>"; };
		5902B0E11EE4E5D800395430 /* Info.plist */ = {isa = PBXFileReference; lastKnownFileType = text.plist.xml; path = Info.plist; sourceTree = "<group>"; };
		5902B0E61EE4E5D800395430 /* MyNameListTests.xctest */ = {isa = PBXFileReference; explicitFileType = wrapper.cfbundle; includeInIndex = 0; path = MyNameListTests.xctest; sourceTree = BUILT_PRODUCTS_DIR; };
		5902B0EA1EE4E5D800395430 /* MyNameListTests.m */ = {isa = PBXFileReference; lastKnownFileType = sourcecode.c.objc; path = MyNameListTests.m; sourceTree = "<group>"; };
		5902B0EC1EE4E5D800395430 /* Info.plist */ = {isa = PBXFileReference; lastKnownFileType = text.plist.xml; path = Info.plist; sourceTree = "<group>"; };
		5902B0F11EE4E5D800395430 /* MyNameListUITests.xctest */ = {isa = PBXFileReference; explicitFileType = wrapper.cfbundle; includeInIndex = 0; path = MyNameListUITests.xctest; sourceTree = BUILT_PRODUCTS_DIR; };
		5902B0F51EE4E5D800395430 /* MyNameListUITests.m */ = {isa = PBXFileReference; lastKnownFileType = sourcecode.c.objc; path = MyNameListUITests.m; sourceTree = "<group>"; };
		5902B0F71EE4E5D800395430 /* Info.plist */ = {isa = PBXFileReference; lastKnownFileType = text.plist.xml; path = Info.plist; sourceTree = "<group>"; };
		5902B1031EE4E6DB00395430 /* HomeViewController.h */ = {isa = PBXFileReference; fileEncoding = 4; lastKnownFileType = sourcecode.c.h; name = HomeViewController.h; path = ../HomeViewController.h; sourceTree = "<group>"; };
		5902B1041EE4E6DB00395430 /* HomeViewController.m */ = {isa = PBXFileReference; fileEncoding = 4; lastKnownFileType = sourcecode.c.objc; name = HomeViewController.m; path = ../HomeViewController.m; sourceTree = "<group>"; };
		5902B1061EE4E8CC00395430 /* StudentModel.h */ = {isa = PBXFileReference; fileEncoding = 4; lastKnownFileType = sourcecode.c.h; path = StudentModel.h; sourceTree = "<group>"; };
		5902B1071EE4E8CC00395430 /* StudentModel.m */ = {isa = PBXFileReference; fileEncoding = 4; lastKnownFileType = sourcecode.c.objc; path = StudentModel.m; sourceTree = "<group>"; };
		5902B1091EE4EA2000395430 /* AddViewController.h */ = {isa = PBXFileReference; fileEncoding = 4; lastKnownFileType = sourcecode.c.h; path = AddViewController.h; sourceTree = "<group>"; };
		5902B10A1EE4EA2000395430 /* AddViewController.m */ = {isa = PBXFileReference; fileEncoding = 4; lastKnownFileType = sourcecode.c.objc; path = AddViewController.m; sourceTree = "<group>"; };
		5902B10C1EE51EB700395430 /* SQLManager.h */ = {isa = PBXFileReference; fileEncoding = 4; lastKnownFileType = sourcecode.c.h; path = SQLManager.h; sourceTree = "<group>"; };
		5902B10D1EE51EB700395430 /* SQLManager.m */ = {isa = PBXFileReference; fileEncoding = 4; lastKnownFileType = sourcecode.c.objc; path = SQLManager.m; sourceTree = "<group>"; };
		5902B1101EE5216300395430 /* libsqlite3.tbd */ = {isa = PBXFileReference; lastKnownFileType = "sourcecode.text-based-dylib-definition"; name = libsqlite3.tbd; path = usr/lib/libsqlite3.tbd; sourceTree = SDKROOT; };
/* End PBXFileReference section */

/* Begin PBXFrameworksBuildPhase section */
		5902B0CA1EE4E5D700395430 /* Frameworks */ = {
			isa = PBXFrameworksBuildPhase;
			buildActionMask = 2147483647;
			files = (
				5902B1111EE5216300395430 /* libsqlite3.tbd in Frameworks */,
			);
			runOnlyForDeploymentPostprocessing = 0;
		};
		5902B0E31EE4E5D800395430 /* Frameworks */ = {
			isa = PBXFrameworksBuildPhase;
			buildActionMask = 2147483647;
			files = (
			);
			runOnlyForDeploymentPostprocessing = 0;
		};
		5902B0EE1EE4E5D800395430 /* Frameworks */ = {
			isa = PBXFrameworksBuildPhase;
			buildActionMask = 2147483647;
			files = (
			);
			runOnlyForDeploymentPostprocessing = 0;
		};
/* End PBXFrameworksBuildPhase section */

/* Begin PBXGroup section */
		5902B0C41EE4E5D700395430 = {
			isa = PBXGroup;
			children = (
				5902B0CF1EE4E5D800395430 /* MyNameList */,
				5902B0E91EE4E5D800395430 /* MyNameListTests */,
				5902B0F41EE4E5D800395430 /* MyNameListUITests */,
				5902B0CE1EE4E5D800395430 /* Products */,
				5902B10F1EE5216300395430 /* Frameworks */,
			);
			sourceTree = "<group>";
		};
		5902B0CE1EE4E5D800395430 /* Products */ = {
			isa = PBXGroup;
			children = (
				5902B0CD1EE4E5D800395430 /* MyNameList.app */,
				5902B0E61EE4E5D800395430 /* MyNameListTests.xctest */,
				5902B0F11EE4E5D800395430 /* MyNameListUITests.xctest */,
			);
			name = Products;
			sourceTree = "<group>";
		};
		5902B0CF1EE4E5D800395430 /* MyNameList */ = {
			isa = PBXGroup;
			children = (
				5902B1031EE4E6DB00395430 /* HomeViewController.h */,
				5902B1041EE4E6DB00395430 /* HomeViewController.m */,
				5902B10C1EE51EB700395430 /* SQLManager.h */,
				5902B10D1EE51EB700395430 /* SQLManager.m */,
				5902B1091EE4EA2000395430 /* AddViewController.h */,
				5902B10A1EE4EA2000395430 /* AddViewController.m */,
				5902B1061EE4E8CC00395430 /* StudentModel.h */,
				5902B1071EE4E8CC00395430 /* StudentModel.m */,
				5902B0D31EE4E5D800395430 /* AppDelegate.h */,
				5902B0D41EE4E5D800395430 /* AppDelegate.m */,
				5902B0D91EE4E5D800395430 /* Main.storyboard */,
				5902B0DC1EE4E5D800395430 /* Assets.xcassets */,
				5902B0DE1EE4E5D800395430 /* LaunchScreen.storyboard */,
				5902B0E11EE4E5D800395430 /* Info.plist */,
				5902B0D01EE4E5D800395430 /* Supporting Files */,
			);
			path = MyNameList;
			sourceTree = "<group>";
		};
		5902B0D01EE4E5D800395430 /* Supporting Files */ = {
			isa = PBXGroup;
			children = (
				5902B0D11EE4E5D800395430 /* main.m */,
			);
			name = "Supporting Files";
			sourceTree = "<group>";
		};
		5902B0E91EE4E5D800395430 /* MyNameListTests */ = {
			isa = PBXGroup;
			children = (
				5902B0EA1EE4E5D800395430 /* MyNameListTests.m */,
				5902B0EC1EE4E5D800395430 /* Info.plist */,
			);
			path = MyNameListTests;
			sourceTree = "<group>";
		};
		5902B0F41EE4E5D800395430 /* MyNameListUITests */ = {
			isa = PBXGroup;
			children = (
				5902B0F51EE4E5D800395430 /* MyNameListUITests.m */,
				5902B0F71EE4E5D800395430 /* Info.plist */,
			);
			path = MyNameListUITests;
			sourceTree = "<group>";
		};
		5902B10F1EE5216300395430 /* Frameworks */ = {
			isa = PBXGroup;
			children = (
				5902B1101EE5216300395430 /* libsqlite3.tbd */,
			);
			name = Frameworks;
			sourceTree = "<group>";
		};
/* End PBXGroup section */

/* Begin PBXNativeTarget section */
		5902B0CC1EE4E5D700395430 /* MyNameList */ = {
			isa = PBXNativeTarget;
			buildConfigurationList = 5902B0FA1EE4E5D800395430 /* Build configuration list for PBXNativeTarget "MyNameList" */;
			buildPhases = (
				5902B0C91EE4E5D700395430 /* Sources */,
				5902B0CA1EE4E5D700395430 /* Frameworks */,
				5902B0CB1EE4E5D700395430 /* Resources */,
			);
			buildRules = (
			);
			dependencies = (
			);
			name = MyNameList;
			productName = MyNameList;
			productReference = 5902B0CD1EE4E5D800395430 /* MyNameList.app */;
			productType = "com.apple.product-type.application";
		};
		5902B0E51EE4E5D800395430 /* MyNameListTests */ = {
			isa = PBXNativeTarget;
			buildConfigurationList = 5902B0FD1EE4E5D800395430 /* Build configuration list for PBXNativeTarget "MyNameListTests" */;
			buildPhases = (
				5902B0E21EE4E5D800395430 /* Sources */,
				5902B0E31EE4E5D800395430 /* Frameworks */,
				5902B0E41EE4E5D800395430 /* Resources */,
			);
			buildRules = (
			);
			dependencies = (
				5902B0E81EE4E5D800395430 /* PBXTargetDependency */,
			);
			name = MyNameListTests;
			productName = MyNameListTests;
			productReference = 5902B0E61EE4E5D800395430 /* MyNameListTests.xctest */;
			productType = "com.apple.product-type.bundle.unit-test";
		};
		5902B0F01EE4E5D800395430 /* MyNameListUITests */ = {
			isa = PBXNativeTarget;
			buildConfigurationList = 5902B1001EE4E5D800395430 /* Build configuration list for PBXNativeTarget "MyNameListUITests" */;
			buildPhases = (
				5902B0ED1EE4E5D800395430 /* Sources */,
				5902B0EE1EE4E5D800395430 /* Frameworks */,
				5902B0EF1EE4E5D800395430 /* Resources */,
			);
			buildRules = (
			);
			dependencies = (
				5902B0F31EE4E5D800395430 /* PBXTargetDependency */,
			);
			name = MyNameListUITests;
			productName = MyNameListUITests;
			productReference = 5902B0F11EE4E5D800395430 /* MyNameListUITests.xctest */;
			productType = "com.apple.product-type.bundle.ui-testing";
		};
/* End PBXNativeTarget section */

/* Begin PBXProject section */
		5902B0C51EE4E5D700395430 /* Project object */ = {
			isa = PBXProject;
			attributes = {
				LastUpgradeCheck = 0830;
				ORGANIZATIONNAME = com.zccoder;
				TargetAttributes = {
					5902B0CC1EE4E5D700395430 = {
						CreatedOnToolsVersion = 8.3.2;
						ProvisioningStyle = Automatic;
					};
					5902B0E51EE4E5D800395430 = {
						CreatedOnToolsVersion = 8.3.2;
						ProvisioningStyle = Automatic;
						TestTargetID = 5902B0CC1EE4E5D700395430;
					};
					5902B0F01EE4E5D800395430 = {
						CreatedOnToolsVersion = 8.3.2;
						ProvisioningStyle = Automatic;
						TestTargetID = 5902B0CC1EE4E5D700395430;
					};
				};
			};
			buildConfigurationList = 5902B0C81EE4E5D700395430 /* Build configuration list for PBXProject "MyNameList" */;
			compatibilityVersion = "Xcode 3.2";
			developmentRegion = English;
			hasScannedForEncodings = 0;
			knownRegions = (
				en,
				Base,
			);
			mainGroup = 5902B0C41EE4E5D700395430;
			productRefGroup = 5902B0CE1EE4E5D800395430 /* Products */;
			projectDirPath = "";
			projectRoot = "";
			targets = (
				5902B0CC1EE4E5D700395430 /* MyNameList */,
				5902B0E51EE4E5D800395430 /* MyNameListTests */,
				5902B0F01EE4E5D800395430 /* MyNameListUITests */,
			);
		};
/* End PBXProject section */

/* Begin PBXResourcesBuildPhase section */
		5902B0CB1EE4E5D700395430 /* Resources */ = {
			isa = PBXResourcesBuildPhase;
			buildActionMask = 2147483647;
			files = (
				5902B0E01EE4E5D800395430 /* LaunchScreen.storyboard in Resources */,
				5902B0DD1EE4E5D800395430 /* Assets.xcassets in Resources */,
				5902B0DB1EE4E5D800395430 /* Main.storyboard in Resources */,
			);
			runOnlyForDeploymentPostprocessing = 0;
		};
		5902B0E41EE4E5D800395430 /* Resources */ = {
			isa = PBXResourcesBuildPhase;
			buildActionMask = 2147483647;
			files = (
			);
			runOnlyForDeploymentPostprocessing = 0;
		};
		5902B0EF1EE4E5D800395430 /* Resources */ = {
			isa = PBXResourcesBuildPhase;
			buildActionMask = 2147483647;
			files = (
			);
			runOnlyForDeploymentPostprocessing = 0;
		};
/* End PBXResourcesBuildPhase section */

/* Begin PBXSourcesBuildPhase section */
		5902B0C91EE4E5D700395430 /* Sources */ = {
			isa = PBXSourcesBuildPhase;
			buildActionMask = 2147483647;
			files = (
				5902B10E1EE51EB700395430 /* SQLManager.m in Sources */,
				5902B10B1EE4EA2000395430 /* AddViewController.m in Sources */,
				5902B0D51EE4E5D800395430 /* AppDelegate.m in Sources */,
				5902B1081EE4E8CC00395430 /* StudentModel.m in Sources */,
				5902B0D21EE4E5D800395430 /* main.m in Sources */,
				5902B1051EE4E6DB00395430 /* HomeViewController.m in Sources */,
			);
			runOnlyForDeploymentPostprocessing = 0;
		};
		5902B0E21EE4E5D800395430 /* Sources */ = {
			isa = PBXSourcesBuildPhase;
			buildActionMask = 2147483647;
			files = (
				5902B0EB1EE4E5D800395430 /* MyNameListTests.m in Sources */,
			);
			runOnlyForDeploymentPostprocessing = 0;
		};
		5902B0ED1EE4E5D800395430 /* Sources */ = {
			isa = PBXSourcesBuildPhase;
			buildActionMask = 2147483647;
			files = (
				5902B0F61EE4E5D800395430 /* MyNameListUITests.m in Sources */,
			);
			runOnlyForDeploymentPostprocessing = 0;
		};
/* End PBXSourcesBuildPhase section */

/* Begin PBXTargetDependency section */
		5902B0E81EE4E5D800395430 /* PBXTargetDependency */ = {
			isa = PBXTargetDependency;
			target = 5902B0CC1EE4E5D700395430 /* MyNameList */;
			targetProxy = 5902B0E71EE4E5D800395430 /* PBXContainerItemProxy */;
		};
		5902B0F31EE4E5D800395430 /* PBXTargetDependency */ = {
			isa = PBXTargetDependency;
			target = 5902B0CC1EE4E5D700395430 /* MyNameList */;
			targetProxy = 5902B0F21EE4E5D800395430 /* PBXContainerItemProxy */;
		};
/* End PBXTargetDependency section */

/* Begin PBXVariantGroup section */
		5902B0D91EE4E5D800395430 /* Main.storyboard */ = {
			isa = PBXVariantGroup;
			children = (
				5902B0DA1EE4E5D800395430 /* Base */,
			);
			name = Main.storyboard;
			sourceTree = "<group>";
		};
		5902B0DE1EE4E5D800395430 /* LaunchScreen.storyboard */ = {
			isa = PBXVariantGroup;
			children = (
				5902B0DF1EE4E5D800395430 /* Base */,
			);
			name = LaunchScreen.storyboard;
			sourceTree = "<group>";
		};
/* End PBXVariantGroup section */

/* Begin XCBuildConfiguration section */
		5902B0F81EE4E5D800395430 /* Debug */ = {
			isa = XCBuildConfiguration;
			buildSettings = {
				ALWAYS_SEARCH_USER_PATHS = NO;
				CLANG_ANALYZER_NONNULL = YES;
				CLANG_ANALYZER_NUMBER_OBJECT_CONVERSION = YES_AGGRESSIVE;
				CLANG_CXX_LANGUAGE_STANDARD = "gnu++0x";
				CLANG_CXX_LIBRARY = "libc++";
				CLANG_ENABLE_MODULES = YES;
				CLANG_ENABLE_OBJC_ARC = YES;
				CLANG_WARN_BOOL_CONVERSION = YES;
				CLANG_WARN_CONSTANT_CONVERSION = YES;
				CLANG_WARN_DIRECT_OBJC_ISA_USAGE = YES_ERROR;
				CLANG_WARN_DOCUMENTATION_COMMENTS = YES;
				CLANG_WARN_EMPTY_BODY = YES;
				CLANG_WARN_ENUM_CONVERSION = YES;
				CLANG_WARN_INFINITE_RECURSION = YES;
				CLANG_WARN_INT_CONVERSION = YES;
				CLANG_WARN_OBJC_ROOT_CLASS = YES_ERROR;
				CLANG_WARN_SUSPICIOUS_MOVE = YES;
				CLANG_WARN_UNREACHABLE_CODE = YES;
				CLANG_WARN__DUPLICATE_METHOD_MATCH = YES;
				"CODE_SIGN_IDENTITY[sdk=iphoneos*]" = "iPhone Developer";
				COPY_PHASE_STRIP = NO;
				DEBUG_INFORMATION_FORMAT = dwarf;
				ENABLE_STRICT_OBJC_MSGSEND = YES;
				ENABLE_TESTABILITY = YES;
				GCC_C_LANGUAGE_STANDARD = gnu99;
				GCC_DYNAMIC_NO_PIC = NO;
				GCC_NO_COMMON_BLOCKS = YES;
				GCC_OPTIMIZATION_LEVEL = 0;
				GCC_PREPROCESSOR_DEFINITIONS = (
					"DEBUG=1",
					"$(inherited)",
				);
				GCC_WARN_64_TO_32_BIT_CONVERSION = YES;
				GCC_WARN_ABOUT_RETURN_TYPE = YES_ERROR;
				GCC_WARN_UNDECLARED_SELECTOR = YES;
				GCC_WARN_UNINITIALIZED_AUTOS = YES_AGGRESSIVE;
				GCC_WARN_UNUSED_FUNCTION = YES;
				GCC_WARN_UNUSED_VARIABLE = YES;
				IPHONEOS_DEPLOYMENT_TARGET = 10.3;
				MTL_ENABLE_DEBUG_INFO = YES;
				ONLY_ACTIVE_ARCH = YES;
				SDKROOT = iphoneos;
			};
			name = Debug;
		};
		5902B0F91EE4E5D800395430 /* Release */ = {
			isa = XCBuildConfiguration;
			buildSettings = {
				ALWAYS_SEARCH_USER_PATHS = NO;
				CLANG_ANALYZER_NONNULL = YES;
				CLANG_ANALYZER_NUMBER_OBJECT_CONVERSION = YES_AGGRESSIVE;
				CLANG_CXX_LANGUAGE_STANDARD = "gnu++0x";
				CLANG_CXX_LIBRARY = "libc++";
				CLANG_ENABLE_MODULES = YES;
				CLANG_ENABLE_OBJC_ARC = YES;
				CLANG_WARN_BOOL_CONVERSION = YES;
				CLANG_WARN_CONSTANT_CONVERSION = YES;
				CLANG_WARN_DIRECT_OBJC_ISA_USAGE = YES_ERROR;
				CLANG_WARN_DOCUMENTATION_COMMENTS = YES;
				CLANG_WARN_EMPTY_BODY = YES;
				CLANG_WARN_ENUM_CONVERSION = YES;
				CLANG_WARN_INFINITE_RECURSION = YES;
				CLANG_WARN_INT_CONVERSION = YES;
				CLANG_WARN_OBJC_ROOT_CLASS = YES_ERROR;
				CLANG_WARN_SUSPICIOUS_MOVE = YES;
				CLANG_WARN_UNREACHABLE_CODE = YES;
				CLANG_WARN__DUPLICATE_METHOD_MATCH = YES;
				"CODE_SIGN_IDENTITY[sdk=iphoneos*]" = "iPhone Developer";
				COPY_PHASE_STRIP = NO;
				DEBUG_INFORMATION_FORMAT = "dwarf-with-dsym";
				ENABLE_NS_ASSERTIONS = NO;
				ENABLE_STRICT_OBJC_MSGSEND = YES;
				GCC_C_LANGUAGE_STANDARD = gnu99;
				GCC_NO_COMMON_BLOCKS = YES;
				GCC_WARN_64_TO_32_BIT_CONVERSION = YES;
				GCC_WARN_ABOUT_RETURN_TYPE = YES_ERROR;
				GCC_WARN_UNDECLARED_SELECTOR = YES;
				GCC_WARN_UNINITIALIZED_AUTOS = YES_AGGRESSIVE;
				GCC_WARN_UNUSED_FUNCTION = YES;
				GCC_WARN_UNUSED_VARIABLE = YES;
				IPHONEOS_DEPLOYMENT_TARGET = 10.3;
				MTL_ENABLE_DEBUG_INFO = NO;
				SDKROOT = iphoneos;
				VALIDATE_PRODUCT = YES;
			};
			name = Release;
		};
		5902B0FB1EE4E5D800395430 /* Debug */ = {
			isa = XCBuildConfiguration;
			buildSettings = {
				ASSETCATALOG_COMPILER_APPICON_NAME = AppIcon;
				INFOPLIST_FILE = MyNameList/Info.plist;
				LD_RUNPATH_SEARCH_PATHS = "$(inherited) @executable_path/Frameworks";
				PRODUCT_BUNDLE_IDENTIFIER = com.zccoder.MyNameList;
				PRODUCT_NAME = "$(TARGET_NAME)";
			};
			name = Debug;
		};
		5902B0FC1EE4E5D800395430 /* Release */ = {
			isa = XCBuildConfiguration;
			buildSettings = {
				ASSETCATALOG_COMPILER_APPICON_NAME = AppIcon;
				INFOPLIST_FILE = MyNameList/Info.plist;
				LD_RUNPATH_SEARCH_PATHS = "$(inherited) @executable_path/Frameworks";
				PRODUCT_BUNDLE_IDENTIFIER = com.zccoder.MyNameList;
				PRODUCT_NAME = "$(TARGET_NAME)";
			};
			name = Release;
		};
		5902B0FE1EE4E5D800395430 /* Debug */ = {
			isa = XCBuildConfiguration;
			buildSettings = {
				BUNDLE_LOADER = "$(TEST_HOST)";
				INFOPLIST_FILE = MyNameListTests/Info.plist;
				LD_RUNPATH_SEARCH_PATHS = "$(inherited) @executable_path/Frameworks @loader_path/Frameworks";
				PRODUCT_BUNDLE_IDENTIFIER = com.zccoder.MyNameListTests;
				PRODUCT_NAME = "$(TARGET_NAME)";
				TEST_HOST = "$(BUILT_PRODUCTS_DIR)/MyNameList.app/MyNameList";
			};
			name = Debug;
		};
		5902B0FF1EE4E5D800395430 /* Release */ = {
			isa = XCBuildConfiguration;
			buildSettings = {
				BUNDLE_LOADER = "$(TEST_HOST)";
				INFOPLIST_FILE = MyNameListTests/Info.plist;
				LD_RUNPATH_SEARCH_PATHS = "$(inherited) @executable_path/Frameworks @loader_path/Frameworks";
				PRODUCT_BUNDLE_IDENTIFIER = com.zccoder.MyNameListTests;
				PRODUCT_NAME = "$(TARGET_NAME)";
				TEST_HOST = "$(BUILT_PRODUCTS_DIR)/MyNameList.app/MyNameList";
			};
			name = Release;
		};
		5902B1011EE4E5D800395430 /* Debug */ = {
			isa = XCBuildConfiguration;
			buildSettings = {
				INFOPLIST_FILE = MyNameListUITests/Info.plist;
				LD_RUNPATH_SEARCH_PATHS = "$(inherited) @executable_path/Frameworks @loader_path/Frameworks";
				PRODUCT_BUNDLE_IDENTIFIER = com.zccoder.MyNameListUITests;
				PRODUCT_NAME = "$(TARGET_NAME)";
				TEST_TARGET_NAME = MyNameList;
			};
			name = Debug;
		};
		5902B1021EE4E5D800395430 /* Release */ = {
			isa = XCBuildConfiguration;
			buildSettings = {
				INFOPLIST_FILE = MyNameListUITests/Info.plist;
				LD_RUNPATH_SEARCH_PATHS = "$(inherited) @executable_path/Frameworks @loader_path/Frameworks";
				PRODUCT_BUNDLE_IDENTIFIER = com.zccoder.MyNameListUITests;
				PRODUCT_NAME = "$(TARGET_NAME)";
				TEST_TARGET_NAME = MyNameList;
			};
			name = Release;
		};
/* End XCBuildConfiguration section */

/* Begin XCConfigurationList section */
		5902B0C81EE4E5D700395430 /* Build configuration list for PBXProject "MyNameList" */ = {
			isa = XCConfigurationList;
			buildConfigurations = (
				5902B0F81EE4E5D800395430 /* Debug */,
				5902B0F91EE4E5D800395430 /* Release */,
			);
			defaultConfigurationIsVisible = 0;
			defaultConfigurationName = Release;
		};
		5902B0FA1EE4E5D800395430 /* Build configuration list for PBXNativeTarget "MyNameList" */ = {
			isa = XCConfigurationList;
			buildConfigurations = (
				5902B0FB1EE4E5D800395430 /* Debug */,
				5902B0FC1EE4E5D800395430 /* Release */,
			);
			defaultConfigurationIsVisible = 0;
		};
		5902B0FD1EE4E5D800395430 /* Build configuration list for PBXNativeTarget "MyNameListTests" */ = {
			isa = XCConfigurationList;
			buildConfigurations = (
				5902B0FE1EE4E5D800395430 /* Debug */,
				5902B0FF1EE4E5D800395430 /* Release */,
			);
			defaultConfigurationIsVisible = 0;
		};
		5902B1001EE4E5D800395430 /* Build configuration list for PBXNativeTarget "MyNameListUITests" */ = {
			isa = XCConfigurationList;
			buildConfigurations = (
				5902B1011EE4E5D800395430 /* Debug */,
				5902B1021EE4E5D800395430 /* Release */,
			);
			defaultConfigurationIsVisible = 0;
		};
/* End XCConfigurationList section */
	};
	rootObject = 5902B0C51EE4E5D700395430 /* Project object */;
}
