// !$*UTF8*$!
{
	archiveVersion = 1;
	classes = {
	};
	objectVersion = 46;
	objects = {

/* Begin PBXBuildFile section */
		592871DC1EE1616F000CAF37 /* main.m in Sources */ = {isa = PBXBuildFile; fileRef = 592871DB1EE1616F000CAF37 /* main.m */; };
		592871DF1EE1616F000CAF37 /* AppDelegate.m in Sources */ = {isa = PBXBuildFile; fileRef = 592871DE1EE1616F000CAF37 /* AppDelegate.m */; };
		592871E21EE1616F000CAF37 /* ViewController.m in Sources */ = {isa = PBXBuildFile; fileRef = 592871E11EE1616F000CAF37 /* ViewController.m */; };
		592871E51EE1616F000CAF37 /* Main.storyboard in Resources */ = {isa = PBXBuildFile; fileRef = 592871E31EE1616F000CAF37 /* Main.storyboard */; };
		592871E71EE1616F000CAF37 /* Assets.xcassets in Resources */ = {isa = PBXBuildFile; fileRef = 592871E61EE1616F000CAF37 /* Assets.xcassets */; };
		592871EA1EE1616F000CAF37 /* LaunchScreen.storyboard in Resources */ = {isa = PBXBuildFile; fileRef = 592871E81EE1616F000CAF37 /* LaunchScreen.storyboard */; };
		592871F51EE1616F000CAF37 /* MyXmlSaxTests.m in Sources */ = {isa = PBXBuildFile; fileRef = 592871F41EE1616F000CAF37 /* MyXmlSaxTests.m */; };
		592872001EE1616F000CAF37 /* MyXmlSaxUITests.m in Sources */ = {isa = PBXBuildFile; fileRef = 592871FF1EE1616F000CAF37 /* MyXmlSaxUITests.m */; };
/* End PBXBuildFile section */

/* Begin PBXContainerItemProxy section */
		592871F11EE1616F000CAF37 /* PBXContainerItemProxy */ = {
			isa = PBXContainerItemProxy;
			containerPortal = 592871CF1EE1616E000CAF37 /* Project object */;
			proxyType = 1;
			remoteGlobalIDString = 592871D61EE1616F000CAF37;
			remoteInfo = MyXmlSax;
		};
		592871FC1EE1616F000CAF37 /* PBXContainerItemProxy */ = {
			isa = PBXContainerItemProxy;
			containerPortal = 592871CF1EE1616E000CAF37 /* Project object */;
			proxyType = 1;
			remoteGlobalIDString = 592871D61EE1616F000CAF37;
			remoteInfo = MyXmlSax;
		};
/* End PBXContainerItemProxy section */

/* Begin PBXFileReference section */
		592871D71EE1616F000CAF37 /* MyXmlSax.app */ = {isa = PBXFileReference; explicitFileType = wrapper.application; includeInIndex = 0; path = MyXmlSax.app; sourceTree = BUILT_PRODUCTS_DIR; };
		592871DB1EE1616F000CAF37 /* main.m */ = {isa = PBXFileReference; lastKnownFileType = sourcecode.c.objc; path = main.m; sourceTree = "<group>"; };
		592871DD1EE1616F000CAF37 /* AppDelegate.h */ = {isa = PBXFileReference; lastKnownFileType = sourcecode.c.h; path = AppDelegate.h; sourceTree = "<group>"; };
		592871DE1EE1616F000CAF37 /* AppDelegate.m */ = {isa = PBXFileReference; lastKnownFileType = sourcecode.c.objc; path = AppDelegate.m; sourceTree = "<group>"; };
		592871E01EE1616F000CAF37 /* ViewController.h */ = {isa = PBXFileReference; lastKnownFileType = sourcecode.c.h; path = ViewController.h; sourceTree = "<group>"; };
		592871E11EE1616F000CAF37 /* ViewController.m */ = {isa = PBXFileReference; lastKnownFileType = sourcecode.c.objc; path = ViewController.m; sourceTree = "<group>"; };
		592871E41EE1616F000CAF37 /* Base */ = {isa = PBXFileReference; lastKnownFileType = file.storyboard; name = Base; path = Base.lproj/Main.storyboard; sourceTree = "<group>"; };
		592871E61EE1616F000CAF37 /* Assets.xcassets */ = {isa = PBXFileReference; lastKnownFileType = folder.assetcatalog; path = Assets.xcassets; sourceTree = "<group>"; };
		592871E91EE1616F000CAF37 /* Base */ = {isa = PBXFileReference; lastKnownFileType = file.storyboard; name = Base; path = Base.lproj/LaunchScreen.storyboard; sourceTree = "<group>"; };
		592871EB1EE1616F000CAF37 /* Info.plist */ = {isa = PBXFileReference; lastKnownFileType = text.plist.xml; path = Info.plist; sourceTree = "<group>"; };
		592871F01EE1616F000CAF37 /* MyXmlSaxTests.xctest */ = {isa = PBXFileReference; explicitFileType = wrapper.cfbundle; includeInIndex = 0; path = MyXmlSaxTests.xctest; sourceTree = BUILT_PRODUCTS_DIR; };
		592871F41EE1616F000CAF37 /* MyXmlSaxTests.m */ = {isa = PBXFileReference; lastKnownFileType = sourcecode.c.objc; path = MyXmlSaxTests.m; sourceTree = "<group>"; };
		592871F61EE1616F000CAF37 /* Info.plist */ = {isa = PBXFileReference; lastKnownFileType = text.plist.xml; path = Info.plist; sourceTree = "<group>"; };
		592871FB1EE1616F000CAF37 /* MyXmlSaxUITests.xctest */ = {isa = PBXFileReference; explicitFileType = wrapper.cfbundle; includeInIndex = 0; path = MyXmlSaxUITests.xctest; sourceTree = BUILT_PRODUCTS_DIR; };
		592871FF1EE1616F000CAF37 /* MyXmlSaxUITests.m */ = {isa = PBXFileReference; lastKnownFileType = sourcecode.c.objc; path = MyXmlSaxUITests.m; sourceTree = "<group>"; };
		592872011EE1616F000CAF37 /* Info.plist */ = {isa = PBXFileReference; lastKnownFileType = text.plist.xml; path = Info.plist; sourceTree = "<group>"; };
/* End PBXFileReference section */

/* Begin PBXFrameworksBuildPhase section */
		592871D41EE1616F000CAF37 /* Frameworks */ = {
			isa = PBXFrameworksBuildPhase;
			buildActionMask = 2147483647;
			files = (
			);
			runOnlyForDeploymentPostprocessing = 0;
		};
		592871ED1EE1616F000CAF37 /* Frameworks */ = {
			isa = PBXFrameworksBuildPhase;
			buildActionMask = 2147483647;
			files = (
			);
			runOnlyForDeploymentPostprocessing = 0;
		};
		592871F81EE1616F000CAF37 /* Frameworks */ = {
			isa = PBXFrameworksBuildPhase;
			buildActionMask = 2147483647;
			files = (
			);
			runOnlyForDeploymentPostprocessing = 0;
		};
/* End PBXFrameworksBuildPhase section */

/* Begin PBXGroup section */
		592871CE1EE1616E000CAF37 = {
			isa = PBXGroup;
			children = (
				592871D91EE1616F000CAF37 /* MyXmlSax */,
				592871F31EE1616F000CAF37 /* MyXmlSaxTests */,
				592871FE1EE1616F000CAF37 /* MyXmlSaxUITests */,
				592871D81EE1616F000CAF37 /* Products */,
			);
			sourceTree = "<group>";
		};
		592871D81EE1616F000CAF37 /* Products */ = {
			isa = PBXGroup;
			children = (
				592871D71EE1616F000CAF37 /* MyXmlSax.app */,
				592871F01EE1616F000CAF37 /* MyXmlSaxTests.xctest */,
				592871FB1EE1616F000CAF37 /* MyXmlSaxUITests.xctest */,
			);
			name = Products;
			sourceTree = "<group>";
		};
		592871D91EE1616F000CAF37 /* MyXmlSax */ = {
			isa = PBXGroup;
			children = (
				592871DD1EE1616F000CAF37 /* AppDelegate.h */,
				592871DE1EE1616F000CAF37 /* AppDelegate.m */,
				592871E01EE1616F000CAF37 /* ViewController.h */,
				592871E11EE1616F000CAF37 /* ViewController.m */,
				592871E31EE1616F000CAF37 /* Main.storyboard */,
				592871E61EE1616F000CAF37 /* Assets.xcassets */,
				592871E81EE1616F000CAF37 /* LaunchScreen.storyboard */,
				592871EB1EE1616F000CAF37 /* Info.plist */,
				592871DA1EE1616F000CAF37 /* Supporting Files */,
			);
			path = MyXmlSax;
			sourceTree = "<group>";
		};
		592871DA1EE1616F000CAF37 /* Supporting Files */ = {
			isa = PBXGroup;
			children = (
				592871DB1EE1616F000CAF37 /* main.m */,
			);
			name = "Supporting Files";
			sourceTree = "<group>";
		};
		592871F31EE1616F000CAF37 /* MyXmlSaxTests */ = {
			isa = PBXGroup;
			children = (
				592871F41EE1616F000CAF37 /* MyXmlSaxTests.m */,
				592871F61EE1616F000CAF37 /* Info.plist */,
			);
			path = MyXmlSaxTests;
			sourceTree = "<group>";
		};
		592871FE1EE1616F000CAF37 /* MyXmlSaxUITests */ = {
			isa = PBXGroup;
			children = (
				592871FF1EE1616F000CAF37 /* MyXmlSaxUITests.m */,
				592872011EE1616F000CAF37 /* Info.plist */,
			);
			path = MyXmlSaxUITests;
			sourceTree = "<group>";
		};
/* End PBXGroup section */

/* Begin PBXNativeTarget section */
		592871D61EE1616F000CAF37 /* MyXmlSax */ = {
			isa = PBXNativeTarget;
			buildConfigurationList = 592872041EE1616F000CAF37 /* Build configuration list for PBXNativeTarget "MyXmlSax" */;
			buildPhases = (
				592871D31EE1616F000CAF37 /* Sources */,
				592871D41EE1616F000CAF37 /* Frameworks */,
				592871D51EE1616F000CAF37 /* Resources */,
			);
			buildRules = (
			);
			dependencies = (
			);
			name = MyXmlSax;
			productName = MyXmlSax;
			productReference = 592871D71EE1616F000CAF37 /* MyXmlSax.app */;
			productType = "com.apple.product-type.application";
		};
		592871EF1EE1616F000CAF37 /* MyXmlSaxTests */ = {
			isa = PBXNativeTarget;
			buildConfigurationList = 592872071EE1616F000CAF37 /* Build configuration list for PBXNativeTarget "MyXmlSaxTests" */;
			buildPhases = (
				592871EC1EE1616F000CAF37 /* Sources */,
				592871ED1EE1616F000CAF37 /* Frameworks */,
				592871EE1EE1616F000CAF37 /* Resources */,
			);
			buildRules = (
			);
			dependencies = (
				592871F21EE1616F000CAF37 /* PBXTargetDependency */,
			);
			name = MyXmlSaxTests;
			productName = MyXmlSaxTests;
			productReference = 592871F01EE1616F000CAF37 /* MyXmlSaxTests.xctest */;
			productType = "com.apple.product-type.bundle.unit-test";
		};
		592871FA1EE1616F000CAF37 /* MyXmlSaxUITests */ = {
			isa = PBXNativeTarget;
			buildConfigurationList = 5928720A1EE1616F000CAF37 /* Build configuration list for PBXNativeTarget "MyXmlSaxUITests" */;
			buildPhases = (
				592871F71EE1616F000CAF37 /* Sources */,
				592871F81EE1616F000CAF37 /* Frameworks */,
				592871F91EE1616F000CAF37 /* Resources */,
			);
			buildRules = (
			);
			dependencies = (
				592871FD1EE1616F000CAF37 /* PBXTargetDependency */,
			);
			name = MyXmlSaxUITests;
			productName = MyXmlSaxUITests;
			productReference = 592871FB1EE1616F000CAF37 /* MyXmlSaxUITests.xctest */;
			productType = "com.apple.product-type.bundle.ui-testing";
		};
/* End PBXNativeTarget section */

/* Begin PBXProject section */
		592871CF1EE1616E000CAF37 /* Project object */ = {
			isa = PBXProject;
			attributes = {
				LastUpgradeCheck = 0830;
				ORGANIZATIONNAME = com.zccoder;
				TargetAttributes = {
					592871D61EE1616F000CAF37 = {
						CreatedOnToolsVersion = 8.3.2;
						ProvisioningStyle = Automatic;
					};
					592871EF1EE1616F000CAF37 = {
						CreatedOnToolsVersion = 8.3.2;
						ProvisioningStyle = Automatic;
						TestTargetID = 592871D61EE1616F000CAF37;
					};
					592871FA1EE1616F000CAF37 = {
						CreatedOnToolsVersion = 8.3.2;
						ProvisioningStyle = Automatic;
						TestTargetID = 592871D61EE1616F000CAF37;
					};
				};
			};
			buildConfigurationList = 592871D21EE1616E000CAF37 /* Build configuration list for PBXProject "MyXmlSax" */;
			compatibilityVersion = "Xcode 3.2";
			developmentRegion = English;
			hasScannedForEncodings = 0;
			knownRegions = (
				en,
				Base,
			);
			mainGroup = 592871CE1EE1616E000CAF37;
			productRefGroup = 592871D81EE1616F000CAF37 /* Products */;
			projectDirPath = "";
			projectRoot = "";
			targets = (
				592871D61EE1616F000CAF37 /* MyXmlSax */,
				592871EF1EE1616F000CAF37 /* MyXmlSaxTests */,
				592871FA1EE1616F000CAF37 /* MyXmlSaxUITests */,
			);
		};
/* End PBXProject section */

/* Begin PBXResourcesBuildPhase section */
		592871D51EE1616F000CAF37 /* Resources */ = {
			isa = PBXResourcesBuildPhase;
			buildActionMask = 2147483647;
			files = (
				592871EA1EE1616F000CAF37 /* LaunchScreen.storyboard in Resources */,
				592871E71EE1616F000CAF37 /* Assets.xcassets in Resources */,
				592871E51EE1616F000CAF37 /* Main.storyboard in Resources */,
			);
			runOnlyForDeploymentPostprocessing = 0;
		};
		592871EE1EE1616F000CAF37 /* Resources */ = {
			isa = PBXResourcesBuildPhase;
			buildActionMask = 2147483647;
			files = (
			);
			runOnlyForDeploymentPostprocessing = 0;
		};
		592871F91EE1616F000CAF37 /* Resources */ = {
			isa = PBXResourcesBuildPhase;
			buildActionMask = 2147483647;
			files = (
			);
			runOnlyForDeploymentPostprocessing = 0;
		};
/* End PBXResourcesBuildPhase section */

/* Begin PBXSourcesBuildPhase section */
		592871D31EE1616F000CAF37 /* Sources */ = {
			isa = PBXSourcesBuildPhase;
			buildActionMask = 2147483647;
			files = (
				592871E21EE1616F000CAF37 /* ViewController.m in Sources */,
				592871DF1EE1616F000CAF37 /* AppDelegate.m in Sources */,
				592871DC1EE1616F000CAF37 /* main.m in Sources */,
			);
			runOnlyForDeploymentPostprocessing = 0;
		};
		592871EC1EE1616F000CAF37 /* Sources */ = {
			isa = PBXSourcesBuildPhase;
			buildActionMask = 2147483647;
			files = (
				592871F51EE1616F000CAF37 /* MyXmlSaxTests.m in Sources */,
			);
			runOnlyForDeploymentPostprocessing = 0;
		};
		592871F71EE1616F000CAF37 /* Sources */ = {
			isa = PBXSourcesBuildPhase;
			buildActionMask = 2147483647;
			files = (
				592872001EE1616F000CAF37 /* MyXmlSaxUITests.m in Sources */,
			);
			runOnlyForDeploymentPostprocessing = 0;
		};
/* End PBXSourcesBuildPhase section */

/* Begin PBXTargetDependency section */
		592871F21EE1616F000CAF37 /* PBXTargetDependency */ = {
			isa = PBXTargetDependency;
			target = 592871D61EE1616F000CAF37 /* MyXmlSax */;
			targetProxy = 592871F11EE1616F000CAF37 /* PBXContainerItemProxy */;
		};
		592871FD1EE1616F000CAF37 /* PBXTargetDependency */ = {
			isa = PBXTargetDependency;
			target = 592871D61EE1616F000CAF37 /* MyXmlSax */;
			targetProxy = 592871FC1EE1616F000CAF37 /* PBXContainerItemProxy */;
		};
/* End PBXTargetDependency section */

/* Begin PBXVariantGroup section */
		592871E31EE1616F000CAF37 /* Main.storyboard */ = {
			isa = PBXVariantGroup;
			children = (
				592871E41EE1616F000CAF37 /* Base */,
			);
			name = Main.storyboard;
			sourceTree = "<group>";
		};
		592871E81EE1616F000CAF37 /* LaunchScreen.storyboard */ = {
			isa = PBXVariantGroup;
			children = (
				592871E91EE1616F000CAF37 /* Base */,
			);
			name = LaunchScreen.storyboard;
			sourceTree = "<group>";
		};
/* End PBXVariantGroup section */

/* Begin XCBuildConfiguration section */
		592872021EE1616F000CAF37 /* Debug */ = {
			isa = XCBuildConfiguration;
			buildSettings = {
				ALWAYS_SEARCH_USER_PATHS = NO;
				CLANG_ANALYZER_NONNULL = YES;
				CLANG_ANALYZER_NUMBER_OBJECT_CONVERSION = YES_AGGRESSIVE;
				CLANG_CXX_LANGUAGE_STANDARD = "gnu++0x";
				CLANG_CXX_LIBRARY = "libc++";
				CLANG_ENABLE_MODULES = YES;
				CLANG_ENABLE_OBJC_ARC = YES;
				CLANG_WARN_BOOL_CONVERSION = YES;
				CLANG_WARN_CONSTANT_CONVERSION = YES;
				CLANG_WARN_DIRECT_OBJC_ISA_USAGE = YES_ERROR;
				CLANG_WARN_DOCUMENTATION_COMMENTS = YES;
				CLANG_WARN_EMPTY_BODY = YES;
				CLANG_WARN_ENUM_CONVERSION = YES;
				CLANG_WARN_INFINITE_RECURSION = YES;
				CLANG_WARN_INT_CONVERSION = YES;
				CLANG_WARN_OBJC_ROOT_CLASS = YES_ERROR;
				CLANG_WARN_SUSPICIOUS_MOVE = YES;
				CLANG_WARN_UNREACHABLE_CODE = YES;
				CLANG_WARN__DUPLICATE_METHOD_MATCH = YES;
				"CODE_SIGN_IDENTITY[sdk=iphoneos*]" = "iPhone Developer";
				COPY_PHASE_STRIP = NO;
				DEBUG_INFORMATION_FORMAT = dwarf;
				ENABLE_STRICT_OBJC_MSGSEND = YES;
				ENABLE_TESTABILITY = YES;
				GCC_C_LANGUAGE_STANDARD = gnu99;
				GCC_DYNAMIC_NO_PIC = NO;
				GCC_NO_COMMON_BLOCKS = YES;
				GCC_OPTIMIZATION_LEVEL = 0;
				GCC_PREPROCESSOR_DEFINITIONS = (
					"DEBUG=1",
					"$(inherited)",
				);
				GCC_WARN_64_TO_32_BIT_CONVERSION = YES;
				GCC_WARN_ABOUT_RETURN_TYPE = YES_ERROR;
				GCC_WARN_UNDECLARED_SELECTOR = YES;
				GCC_WARN_UNINITIALIZED_AUTOS = YES_AGGRESSIVE;
				GCC_WARN_UNUSED_FUNCTION = YES;
				GCC_WARN_UNUSED_VARIABLE = YES;
				IPHONEOS_DEPLOYMENT_TARGET = 10.3;
				MTL_ENABLE_DEBUG_INFO = YES;
				ONLY_ACTIVE_ARCH = YES;
				SDKROOT = iphoneos;
			};
			name = Debug;
		};
		592872031EE1616F000CAF37 /* Release */ = {
			isa = XCBuildConfiguration;
			buildSettings = {
				ALWAYS_SEARCH_USER_PATHS = NO;
				CLANG_ANALYZER_NONNULL = YES;
				CLANG_ANALYZER_NUMBER_OBJECT_CONVERSION = YES_AGGRESSIVE;
				CLANG_CXX_LANGUAGE_STANDARD = "gnu++0x";
				CLANG_CXX_LIBRARY = "libc++";
				CLANG_ENABLE_MODULES = YES;
				CLANG_ENABLE_OBJC_ARC = YES;
				CLANG_WARN_BOOL_CONVERSION = YES;
				CLANG_WARN_CONSTANT_CONVERSION = YES;
				CLANG_WARN_DIRECT_OBJC_ISA_USAGE = YES_ERROR;
				CLANG_WARN_DOCUMENTATION_COMMENTS = YES;
				CLANG_WARN_EMPTY_BODY = YES;
				CLANG_WARN_ENUM_CONVERSION = YES;
				CLANG_WARN_INFINITE_RECURSION = YES;
				CLANG_WARN_INT_CONVERSION = YES;
				CLANG_WARN_OBJC_ROOT_CLASS = YES_ERROR;
				CLANG_WARN_SUSPICIOUS_MOVE = YES;
				CLANG_WARN_UNREACHABLE_CODE = YES;
				CLANG_WARN__DUPLICATE_METHOD_MATCH = YES;
				"CODE_SIGN_IDENTITY[sdk=iphoneos*]" = "iPhone Developer";
				COPY_PHASE_STRIP = NO;
				DEBUG_INFORMATION_FORMAT = "dwarf-with-dsym";
				ENABLE_NS_ASSERTIONS = NO;
				ENABLE_STRICT_OBJC_MSGSEND = YES;
				GCC_C_LANGUAGE_STANDARD = gnu99;
				GCC_NO_COMMON_BLOCKS = YES;
				GCC_WARN_64_TO_32_BIT_CONVERSION = YES;
				GCC_WARN_ABOUT_RETURN_TYPE = YES_ERROR;
				GCC_WARN_UNDECLARED_SELECTOR = YES;
				GCC_WARN_UNINITIALIZED_AUTOS = YES_AGGRESSIVE;
				GCC_WARN_UNUSED_FUNCTION = YES;
				GCC_WARN_UNUSED_VARIABLE = YES;
				IPHONEOS_DEPLOYMENT_TARGET = 10.3;
				MTL_ENABLE_DEBUG_INFO = NO;
				SDKROOT = iphoneos;
				VALIDATE_PRODUCT = YES;
			};
			name = Release;
		};
		592872051EE1616F000CAF37 /* Debug */ = {
			isa = XCBuildConfiguration;
			buildSettings = {
				ASSETCATALOG_COMPILER_APPICON_NAME = AppIcon;
				INFOPLIST_FILE = MyXmlSax/Info.plist;
				LD_RUNPATH_SEARCH_PATHS = "$(inherited) @executable_path/Frameworks";
				PRODUCT_BUNDLE_IDENTIFIER = com.zccoder.MyXmlSax;
				PRODUCT_NAME = "$(TARGET_NAME)";
			};
			name = Debug;
		};
		592872061EE1616F000CAF37 /* Release */ = {
			isa = XCBuildConfiguration;
			buildSettings = {
				ASSETCATALOG_COMPILER_APPICON_NAME = AppIcon;
				INFOPLIST_FILE = MyXmlSax/Info.plist;
				LD_RUNPATH_SEARCH_PATHS = "$(inherited) @executable_path/Frameworks";
				PRODUCT_BUNDLE_IDENTIFIER = com.zccoder.MyXmlSax;
				PRODUCT_NAME = "$(TARGET_NAME)";
			};
			name = Release;
		};
		592872081EE1616F000CAF37 /* Debug */ = {
			isa = XCBuildConfiguration;
			buildSettings = {
				BUNDLE_LOADER = "$(TEST_HOST)";
				INFOPLIST_FILE = MyXmlSaxTests/Info.plist;
				LD_RUNPATH_SEARCH_PATHS = "$(inherited) @executable_path/Frameworks @loader_path/Frameworks";
				PRODUCT_BUNDLE_IDENTIFIER = com.zccoder.MyXmlSaxTests;
				PRODUCT_NAME = "$(TARGET_NAME)";
				TEST_HOST = "$(BUILT_PRODUCTS_DIR)/MyXmlSax.app/MyXmlSax";
			};
			name = Debug;
		};
		592872091EE1616F000CAF37 /* Release */ = {
			isa = XCBuildConfiguration;
			buildSettings = {
				BUNDLE_LOADER = "$(TEST_HOST)";
				INFOPLIST_FILE = MyXmlSaxTests/Info.plist;
				LD_RUNPATH_SEARCH_PATHS = "$(inherited) @executable_path/Frameworks @loader_path/Frameworks";
				PRODUCT_BUNDLE_IDENTIFIER = com.zccoder.MyXmlSaxTests;
				PRODUCT_NAME = "$(TARGET_NAME)";
				TEST_HOST = "$(BUILT_PRODUCTS_DIR)/MyXmlSax.app/MyXmlSax";
			};
			name = Release;
		};
		5928720B1EE1616F000CAF37 /* Debug */ = {
			isa = XCBuildConfiguration;
			buildSettings = {
				INFOPLIST_FILE = MyXmlSaxUITests/Info.plist;
				LD_RUNPATH_SEARCH_PATHS = "$(inherited) @executable_path/Frameworks @loader_path/Frameworks";
				PRODUCT_BUNDLE_IDENTIFIER = com.zccoder.MyXmlSaxUITests;
				PRODUCT_NAME = "$(TARGET_NAME)";
				TEST_TARGET_NAME = MyXmlSax;
			};
			name = Debug;
		};
		5928720C1EE1616F000CAF37 /* Release */ = {
			isa = XCBuildConfiguration;
			buildSettings = {
				INFOPLIST_FILE = MyXmlSaxUITests/Info.plist;
				LD_RUNPATH_SEARCH_PATHS = "$(inherited) @executable_path/Frameworks @loader_path/Frameworks";
				PRODUCT_BUNDLE_IDENTIFIER = com.zccoder.MyXmlSaxUITests;
				PRODUCT_NAME = "$(TARGET_NAME)";
				TEST_TARGET_NAME = MyXmlSax;
			};
			name = Release;
		};
/* End XCBuildConfiguration section */

/* Begin XCConfigurationList section */
		592871D21EE1616E000CAF37 /* Build configuration list for PBXProject "MyXmlSax" */ = {
			isa = XCConfigurationList;
			buildConfigurations = (
				592872021EE1616F000CAF37 /* Debug */,
				592872031EE1616F000CAF37 /* Release */,
			);
			defaultConfigurationIsVisible = 0;
			defaultConfigurationName = Release;
		};
		592872041EE1616F000CAF37 /* Build configuration list for PBXNativeTarget "MyXmlSax" */ = {
			isa = XCConfigurationList;
			buildConfigurations = (
				592872051EE1616F000CAF37 /* Debug */,
				592872061EE1616F000CAF37 /* Release */,
			);
			defaultConfigurationIsVisible = 0;
		};
		592872071EE1616F000CAF37 /* Build configuration list for PBXNativeTarget "MyXmlSaxTests" */ = {
			isa = XCConfigurationList;
			buildConfigurations = (
				592872081EE1616F000CAF37 /* Debug */,
				592872091EE1616F000CAF37 /* Release */,
			);
			defaultConfigurationIsVisible = 0;
		};
		5928720A1EE1616F000CAF37 /* Build configuration list for PBXNativeTarget "MyXmlSaxUITests" */ = {
			isa = XCConfigurationList;
			buildConfigurations = (
				5928720B1EE1616F000CAF37 /* Debug */,
				5928720C1EE1616F000CAF37 /* Release */,
			);
			defaultConfigurationIsVisible = 0;
		};
/* End XCConfigurationList section */
	};
	rootObject = 592871CF1EE1616E000CAF37 /* Project object */;
}
