// !$*UTF8*$!
{
	archiveVersion = 1;
	classes = {
	};
	objectVersion = 46;
	objects = {

/* Begin PBXBuildFile section */
		5962FF261EC945B3009BC3C8 /* main.m in Sources */ = {isa = PBXBuildFile; fileRef = 5962FF251EC945B3009BC3C8 /* main.m */; };
		5962FF291EC945B3009BC3C8 /* AppDelegate.m in Sources */ = {isa = PBXBuildFile; fileRef = 5962FF281EC945B3009BC3C8 /* AppDelegate.m */; };
		5962FF2C1EC945B3009BC3C8 /* ViewController.m in Sources */ = {isa = PBXBuildFile; fileRef = 5962FF2B1EC945B3009BC3C8 /* ViewController.m */; };
		5962FF2F1EC945B3009BC3C8 /* Main.storyboard in Resources */ = {isa = PBXBuildFile; fileRef = 5962FF2D1EC945B3009BC3C8 /* Main.storyboard */; };
		5962FF311EC945B3009BC3C8 /* Assets.xcassets in Resources */ = {isa = PBXBuildFile; fileRef = 5962FF301EC945B3009BC3C8 /* Assets.xcassets */; };
		5962FF341EC945B3009BC3C8 /* LaunchScreen.storyboard in Resources */ = {isa = PBXBuildFile; fileRef = 5962FF321EC945B3009BC3C8 /* LaunchScreen.storyboard */; };
		5962FF3F1EC945B4009BC3C8 /* UIViewTests.m in Sources */ = {isa = PBXBuildFile; fileRef = 5962FF3E1EC945B4009BC3C8 /* UIViewTests.m */; };
		5962FF4A1EC945B4009BC3C8 /* UIViewUITests.m in Sources */ = {isa = PBXBuildFile; fileRef = 5962FF491EC945B4009BC3C8 /* UIViewUITests.m */; };
/* End PBXBuildFile section */

/* Begin PBXContainerItemProxy section */
		5962FF3B1EC945B4009BC3C8 /* PBXContainerItemProxy */ = {
			isa = PBXContainerItemProxy;
			containerPortal = 5962FF191EC945B3009BC3C8 /* Project object */;
			proxyType = 1;
			remoteGlobalIDString = 5962FF201EC945B3009BC3C8;
			remoteInfo = UIView;
		};
		5962FF461EC945B4009BC3C8 /* PBXContainerItemProxy */ = {
			isa = PBXContainerItemProxy;
			containerPortal = 5962FF191EC945B3009BC3C8 /* Project object */;
			proxyType = 1;
			remoteGlobalIDString = 5962FF201EC945B3009BC3C8;
			remoteInfo = UIView;
		};
/* End PBXContainerItemProxy section */

/* Begin PBXFileReference section */
		5962FF211EC945B3009BC3C8 /* UIView.app */ = {isa = PBXFileReference; explicitFileType = wrapper.application; includeInIndex = 0; path = UIView.app; sourceTree = BUILT_PRODUCTS_DIR; };
		5962FF251EC945B3009BC3C8 /* main.m */ = {isa = PBXFileReference; lastKnownFileType = sourcecode.c.objc; path = main.m; sourceTree = "<group>"; };
		5962FF271EC945B3009BC3C8 /* AppDelegate.h */ = {isa = PBXFileReference; lastKnownFileType = sourcecode.c.h; path = AppDelegate.h; sourceTree = "<group>"; };
		5962FF281EC945B3009BC3C8 /* AppDelegate.m */ = {isa = PBXFileReference; lastKnownFileType = sourcecode.c.objc; path = AppDelegate.m; sourceTree = "<group>"; };
		5962FF2A1EC945B3009BC3C8 /* ViewController.h */ = {isa = PBXFileReference; lastKnownFileType = sourcecode.c.h; path = ViewController.h; sourceTree = "<group>"; };
		5962FF2B1EC945B3009BC3C8 /* ViewController.m */ = {isa = PBXFileReference; lastKnownFileType = sourcecode.c.objc; path = ViewController.m; sourceTree = "<group>"; };
		5962FF2E1EC945B3009BC3C8 /* Base */ = {isa = PBXFileReference; lastKnownFileType = file.storyboard; name = Base; path = Base.lproj/Main.storyboard; sourceTree = "<group>"; };
		5962FF301EC945B3009BC3C8 /* Assets.xcassets */ = {isa = PBXFileReference; lastKnownFileType = folder.assetcatalog; path = Assets.xcassets; sourceTree = "<group>"; };
		5962FF331EC945B3009BC3C8 /* Base */ = {isa = PBXFileReference; lastKnownFileType = file.storyboard; name = Base; path = Base.lproj/LaunchScreen.storyboard; sourceTree = "<group>"; };
		5962FF351EC945B3009BC3C8 /* Info.plist */ = {isa = PBXFileReference; lastKnownFileType = text.plist.xml; path = Info.plist; sourceTree = "<group>"; };
		5962FF3A1EC945B4009BC3C8 /* UIViewTests.xctest */ = {isa = PBXFileReference; explicitFileType = wrapper.cfbundle; includeInIndex = 0; path = UIViewTests.xctest; sourceTree = BUILT_PRODUCTS_DIR; };
		5962FF3E1EC945B4009BC3C8 /* UIViewTests.m */ = {isa = PBXFileReference; lastKnownFileType = sourcecode.c.objc; path = UIViewTests.m; sourceTree = "<group>"; };
		5962FF401EC945B4009BC3C8 /* Info.plist */ = {isa = PBXFileReference; lastKnownFileType = text.plist.xml; path = Info.plist; sourceTree = "<group>"; };
		5962FF451EC945B4009BC3C8 /* UIViewUITests.xctest */ = {isa = PBXFileReference; explicitFileType = wrapper.cfbundle; includeInIndex = 0; path = UIViewUITests.xctest; sourceTree = BUILT_PRODUCTS_DIR; };
		5962FF491EC945B4009BC3C8 /* UIViewUITests.m */ = {isa = PBXFileReference; lastKnownFileType = sourcecode.c.objc; path = UIViewUITests.m; sourceTree = "<group>"; };
		5962FF4B1EC945B4009BC3C8 /* Info.plist */ = {isa = PBXFileReference; lastKnownFileType = text.plist.xml; path = Info.plist; sourceTree = "<group>"; };
/* End PBXFileReference section */

/* Begin PBXFrameworksBuildPhase section */
		5962FF1E1EC945B3009BC3C8 /* Frameworks */ = {
			isa = PBXFrameworksBuildPhase;
			buildActionMask = 2147483647;
			files = (
			);
			runOnlyForDeploymentPostprocessing = 0;
		};
		5962FF371EC945B4009BC3C8 /* Frameworks */ = {
			isa = PBXFrameworksBuildPhase;
			buildActionMask = 2147483647;
			files = (
			);
			runOnlyForDeploymentPostprocessing = 0;
		};
		5962FF421EC945B4009BC3C8 /* Frameworks */ = {
			isa = PBXFrameworksBuildPhase;
			buildActionMask = 2147483647;
			files = (
			);
			runOnlyForDeploymentPostprocessing = 0;
		};
/* End PBXFrameworksBuildPhase section */

/* Begin PBXGroup section */
		5962FF181EC945B3009BC3C8 = {
			isa = PBXGroup;
			children = (
				5962FF231EC945B3009BC3C8 /* UIView */,
				5962FF3D1EC945B4009BC3C8 /* UIViewTests */,
				5962FF481EC945B4009BC3C8 /* UIViewUITests */,
				5962FF221EC945B3009BC3C8 /* Products */,
			);
			sourceTree = "<group>";
		};
		5962FF221EC945B3009BC3C8 /* Products */ = {
			isa = PBXGroup;
			children = (
				5962FF211EC945B3009BC3C8 /* UIView.app */,
				5962FF3A1EC945B4009BC3C8 /* UIViewTests.xctest */,
				5962FF451EC945B4009BC3C8 /* UIViewUITests.xctest */,
			);
			name = Products;
			sourceTree = "<group>";
		};
		5962FF231EC945B3009BC3C8 /* UIView */ = {
			isa = PBXGroup;
			children = (
				5962FF271EC945B3009BC3C8 /* AppDelegate.h */,
				5962FF281EC945B3009BC3C8 /* AppDelegate.m */,
				5962FF2A1EC945B3009BC3C8 /* ViewController.h */,
				5962FF2B1EC945B3009BC3C8 /* ViewController.m */,
				5962FF2D1EC945B3009BC3C8 /* Main.storyboard */,
				5962FF301EC945B3009BC3C8 /* Assets.xcassets */,
				5962FF321EC945B3009BC3C8 /* LaunchScreen.storyboard */,
				5962FF351EC945B3009BC3C8 /* Info.plist */,
				5962FF241EC945B3009BC3C8 /* Supporting Files */,
			);
			path = UIView;
			sourceTree = "<group>";
		};
		5962FF241EC945B3009BC3C8 /* Supporting Files */ = {
			isa = PBXGroup;
			children = (
				5962FF251EC945B3009BC3C8 /* main.m */,
			);
			name = "Supporting Files";
			sourceTree = "<group>";
		};
		5962FF3D1EC945B4009BC3C8 /* UIViewTests */ = {
			isa = PBXGroup;
			children = (
				5962FF3E1EC945B4009BC3C8 /* UIViewTests.m */,
				5962FF401EC945B4009BC3C8 /* Info.plist */,
			);
			path = UIViewTests;
			sourceTree = "<group>";
		};
		5962FF481EC945B4009BC3C8 /* UIViewUITests */ = {
			isa = PBXGroup;
			children = (
				5962FF491EC945B4009BC3C8 /* UIViewUITests.m */,
				5962FF4B1EC945B4009BC3C8 /* Info.plist */,
			);
			path = UIViewUITests;
			sourceTree = "<group>";
		};
/* End PBXGroup section */

/* Begin PBXNativeTarget section */
		5962FF201EC945B3009BC3C8 /* UIView */ = {
			isa = PBXNativeTarget;
			buildConfigurationList = 5962FF4E1EC945B4009BC3C8 /* Build configuration list for PBXNativeTarget "UIView" */;
			buildPhases = (
				5962FF1D1EC945B3009BC3C8 /* Sources */,
				5962FF1E1EC945B3009BC3C8 /* Frameworks */,
				5962FF1F1EC945B3009BC3C8 /* Resources */,
			);
			buildRules = (
			);
			dependencies = (
			);
			name = UIView;
			productName = UIView;
			productReference = 5962FF211EC945B3009BC3C8 /* UIView.app */;
			productType = "com.apple.product-type.application";
		};
		5962FF391EC945B4009BC3C8 /* UIViewTests */ = {
			isa = PBXNativeTarget;
			buildConfigurationList = 5962FF511EC945B4009BC3C8 /* Build configuration list for PBXNativeTarget "UIViewTests" */;
			buildPhases = (
				5962FF361EC945B4009BC3C8 /* Sources */,
				5962FF371EC945B4009BC3C8 /* Frameworks */,
				5962FF381EC945B4009BC3C8 /* Resources */,
			);
			buildRules = (
			);
			dependencies = (
				5962FF3C1EC945B4009BC3C8 /* PBXTargetDependency */,
			);
			name = UIViewTests;
			productName = UIViewTests;
			productReference = 5962FF3A1EC945B4009BC3C8 /* UIViewTests.xctest */;
			productType = "com.apple.product-type.bundle.unit-test";
		};
		5962FF441EC945B4009BC3C8 /* UIViewUITests */ = {
			isa = PBXNativeTarget;
			buildConfigurationList = 5962FF541EC945B4009BC3C8 /* Build configuration list for PBXNativeTarget "UIViewUITests" */;
			buildPhases = (
				5962FF411EC945B4009BC3C8 /* Sources */,
				5962FF421EC945B4009BC3C8 /* Frameworks */,
				5962FF431EC945B4009BC3C8 /* Resources */,
			);
			buildRules = (
			);
			dependencies = (
				5962FF471EC945B4009BC3C8 /* PBXTargetDependency */,
			);
			name = UIViewUITests;
			productName = UIViewUITests;
			productReference = 5962FF451EC945B4009BC3C8 /* UIViewUITests.xctest */;
			productType = "com.apple.product-type.bundle.ui-testing";
		};
/* End PBXNativeTarget section */

/* Begin PBXProject section */
		5962FF191EC945B3009BC3C8 /* Project object */ = {
			isa = PBXProject;
			attributes = {
				LastUpgradeCheck = 0830;
				ORGANIZATIONNAME = com.zccoder;
				TargetAttributes = {
					5962FF201EC945B3009BC3C8 = {
						CreatedOnToolsVersion = 8.3.2;
						ProvisioningStyle = Automatic;
					};
					5962FF391EC945B4009BC3C8 = {
						CreatedOnToolsVersion = 8.3.2;
						ProvisioningStyle = Automatic;
						TestTargetID = 5962FF201EC945B3009BC3C8;
					};
					5962FF441EC945B4009BC3C8 = {
						CreatedOnToolsVersion = 8.3.2;
						ProvisioningStyle = Automatic;
						TestTargetID = 5962FF201EC945B3009BC3C8;
					};
				};
			};
			buildConfigurationList = 5962FF1C1EC945B3009BC3C8 /* Build configuration list for PBXProject "UIView" */;
			compatibilityVersion = "Xcode 3.2";
			developmentRegion = English;
			hasScannedForEncodings = 0;
			knownRegions = (
				en,
				Base,
			);
			mainGroup = 5962FF181EC945B3009BC3C8;
			productRefGroup = 5962FF221EC945B3009BC3C8 /* Products */;
			projectDirPath = "";
			projectRoot = "";
			targets = (
				5962FF201EC945B3009BC3C8 /* UIView */,
				5962FF391EC945B4009BC3C8 /* UIViewTests */,
				5962FF441EC945B4009BC3C8 /* UIViewUITests */,
			);
		};
/* End PBXProject section */

/* Begin PBXResourcesBuildPhase section */
		5962FF1F1EC945B3009BC3C8 /* Resources */ = {
			isa = PBXResourcesBuildPhase;
			buildActionMask = 2147483647;
			files = (
				5962FF341EC945B3009BC3C8 /* LaunchScreen.storyboard in Resources */,
				5962FF311EC945B3009BC3C8 /* Assets.xcassets in Resources */,
				5962FF2F1EC945B3009BC3C8 /* Main.storyboard in Resources */,
			);
			runOnlyForDeploymentPostprocessing = 0;
		};
		5962FF381EC945B4009BC3C8 /* Resources */ = {
			isa = PBXResourcesBuildPhase;
			buildActionMask = 2147483647;
			files = (
			);
			runOnlyForDeploymentPostprocessing = 0;
		};
		5962FF431EC945B4009BC3C8 /* Resources */ = {
			isa = PBXResourcesBuildPhase;
			buildActionMask = 2147483647;
			files = (
			);
			runOnlyForDeploymentPostprocessing = 0;
		};
/* End PBXResourcesBuildPhase section */

/* Begin PBXSourcesBuildPhase section */
		5962FF1D1EC945B3009BC3C8 /* Sources */ = {
			isa = PBXSourcesBuildPhase;
			buildActionMask = 2147483647;
			files = (
				5962FF2C1EC945B3009BC3C8 /* ViewController.m in Sources */,
				5962FF291EC945B3009BC3C8 /* AppDelegate.m in Sources */,
				5962FF261EC945B3009BC3C8 /* main.m in Sources */,
			);
			runOnlyForDeploymentPostprocessing = 0;
		};
		5962FF361EC945B4009BC3C8 /* Sources */ = {
			isa = PBXSourcesBuildPhase;
			buildActionMask = 2147483647;
			files = (
				5962FF3F1EC945B4009BC3C8 /* UIViewTests.m in Sources */,
			);
			runOnlyForDeploymentPostprocessing = 0;
		};
		5962FF411EC945B4009BC3C8 /* Sources */ = {
			isa = PBXSourcesBuildPhase;
			buildActionMask = 2147483647;
			files = (
				5962FF4A1EC945B4009BC3C8 /* UIViewUITests.m in Sources */,
			);
			runOnlyForDeploymentPostprocessing = 0;
		};
/* End PBXSourcesBuildPhase section */

/* Begin PBXTargetDependency section */
		5962FF3C1EC945B4009BC3C8 /* PBXTargetDependency */ = {
			isa = PBXTargetDependency;
			target = 5962FF201EC945B3009BC3C8 /* UIView */;
			targetProxy = 5962FF3B1EC945B4009BC3C8 /* PBXContainerItemProxy */;
		};
		5962FF471EC945B4009BC3C8 /* PBXTargetDependency */ = {
			isa = PBXTargetDependency;
			target = 5962FF201EC945B3009BC3C8 /* UIView */;
			targetProxy = 5962FF461EC945B4009BC3C8 /* PBXContainerItemProxy */;
		};
/* End PBXTargetDependency section */

/* Begin PBXVariantGroup section */
		5962FF2D1EC945B3009BC3C8 /* Main.storyboard */ = {
			isa = PBXVariantGroup;
			children = (
				5962FF2E1EC945B3009BC3C8 /* Base */,
			);
			name = Main.storyboard;
			sourceTree = "<group>";
		};
		5962FF321EC945B3009BC3C8 /* LaunchScreen.storyboard */ = {
			isa = PBXVariantGroup;
			children = (
				5962FF331EC945B3009BC3C8 /* Base */,
			);
			name = LaunchScreen.storyboard;
			sourceTree = "<group>";
		};
/* End PBXVariantGroup section */

/* Begin XCBuildConfiguration section */
		5962FF4C1EC945B4009BC3C8 /* Debug */ = {
			isa = XCBuildConfiguration;
			buildSettings = {
				ALWAYS_SEARCH_USER_PATHS = NO;
				CLANG_ANALYZER_NONNULL = YES;
				CLANG_ANALYZER_NUMBER_OBJECT_CONVERSION = YES_AGGRESSIVE;
				CLANG_CXX_LANGUAGE_STANDARD = "gnu++0x";
				CLANG_CXX_LIBRARY = "libc++";
				CLANG_ENABLE_MODULES = YES;
				CLANG_ENABLE_OBJC_ARC = YES;
				CLANG_WARN_BOOL_CONVERSION = YES;
				CLANG_WARN_CONSTANT_CONVERSION = YES;
				CLANG_WARN_DIRECT_OBJC_ISA_USAGE = YES_ERROR;
				CLANG_WARN_DOCUMENTATION_COMMENTS = YES;
				CLANG_WARN_EMPTY_BODY = YES;
				CLANG_WARN_ENUM_CONVERSION = YES;
				CLANG_WARN_INFINITE_RECURSION = YES;
				CLANG_WARN_INT_CONVERSION = YES;
				CLANG_WARN_OBJC_ROOT_CLASS = YES_ERROR;
				CLANG_WARN_SUSPICIOUS_MOVE = YES;
				CLANG_WARN_UNREACHABLE_CODE = YES;
				CLANG_WARN__DUPLICATE_METHOD_MATCH = YES;
				"CODE_SIGN_IDENTITY[sdk=iphoneos*]" = "iPhone Developer";
				COPY_PHASE_STRIP = NO;
				DEBUG_INFORMATION_FORMAT = dwarf;
				ENABLE_STRICT_OBJC_MSGSEND = YES;
				ENABLE_TESTABILITY = YES;
				GCC_C_LANGUAGE_STANDARD = gnu99;
				GCC_DYNAMIC_NO_PIC = NO;
				GCC_NO_COMMON_BLOCKS = YES;
				GCC_OPTIMIZATION_LEVEL = 0;
				GCC_PREPROCESSOR_DEFINITIONS = (
					"DEBUG=1",
					"$(inherited)",
				);
				GCC_WARN_64_TO_32_BIT_CONVERSION = YES;
				GCC_WARN_ABOUT_RETURN_TYPE = YES_ERROR;
				GCC_WARN_UNDECLARED_SELECTOR = YES;
				GCC_WARN_UNINITIALIZED_AUTOS = YES_AGGRESSIVE;
				GCC_WARN_UNUSED_FUNCTION = YES;
				GCC_WARN_UNUSED_VARIABLE = YES;
				IPHONEOS_DEPLOYMENT_TARGET = 10.3;
				MTL_ENABLE_DEBUG_INFO = YES;
				ONLY_ACTIVE_ARCH = YES;
				SDKROOT = iphoneos;
			};
			name = Debug;
		};
		5962FF4D1EC945B4009BC3C8 /* Release */ = {
			isa = XCBuildConfiguration;
			buildSettings = {
				ALWAYS_SEARCH_USER_PATHS = NO;
				CLANG_ANALYZER_NONNULL = YES;
				CLANG_ANALYZER_NUMBER_OBJECT_CONVERSION = YES_AGGRESSIVE;
				CLANG_CXX_LANGUAGE_STANDARD = "gnu++0x";
				CLANG_CXX_LIBRARY = "libc++";
				CLANG_ENABLE_MODULES = YES;
				CLANG_ENABLE_OBJC_ARC = YES;
				CLANG_WARN_BOOL_CONVERSION = YES;
				CLANG_WARN_CONSTANT_CONVERSION = YES;
				CLANG_WARN_DIRECT_OBJC_ISA_USAGE = YES_ERROR;
				CLANG_WARN_DOCUMENTATION_COMMENTS = YES;
				CLANG_WARN_EMPTY_BODY = YES;
				CLANG_WARN_ENUM_CONVERSION = YES;
				CLANG_WARN_INFINITE_RECURSION = YES;
				CLANG_WARN_INT_CONVERSION = YES;
				CLANG_WARN_OBJC_ROOT_CLASS = YES_ERROR;
				CLANG_WARN_SUSPICIOUS_MOVE = YES;
				CLANG_WARN_UNREACHABLE_CODE = YES;
				CLANG_WARN__DUPLICATE_METHOD_MATCH = YES;
				"CODE_SIGN_IDENTITY[sdk=iphoneos*]" = "iPhone Developer";
				COPY_PHASE_STRIP = NO;
				DEBUG_INFORMATION_FORMAT = "dwarf-with-dsym";
				ENABLE_NS_ASSERTIONS = NO;
				ENABLE_STRICT_OBJC_MSGSEND = YES;
				GCC_C_LANGUAGE_STANDARD = gnu99;
				GCC_NO_COMMON_BLOCKS = YES;
				GCC_WARN_64_TO_32_BIT_CONVERSION = YES;
				GCC_WARN_ABOUT_RETURN_TYPE = YES_ERROR;
				GCC_WARN_UNDECLARED_SELECTOR = YES;
				GCC_WARN_UNINITIALIZED_AUTOS = YES_AGGRESSIVE;
				GCC_WARN_UNUSED_FUNCTION = YES;
				GCC_WARN_UNUSED_VARIABLE = YES;
				IPHONEOS_DEPLOYMENT_TARGET = 10.3;
				MTL_ENABLE_DEBUG_INFO = NO;
				SDKROOT = iphoneos;
				VALIDATE_PRODUCT = YES;
			};
			name = Release;
		};
		5962FF4F1EC945B4009BC3C8 /* Debug */ = {
			isa = XCBuildConfiguration;
			buildSettings = {
				ASSETCATALOG_COMPILER_APPICON_NAME = AppIcon;
				INFOPLIST_FILE = UIView/Info.plist;
				LD_RUNPATH_SEARCH_PATHS = "$(inherited) @executable_path/Frameworks";
				PRODUCT_BUNDLE_IDENTIFIER = com.zccoder.UIView;
				PRODUCT_NAME = "$(TARGET_NAME)";
			};
			name = Debug;
		};
		5962FF501EC945B4009BC3C8 /* Release */ = {
			isa = XCBuildConfiguration;
			buildSettings = {
				ASSETCATALOG_COMPILER_APPICON_NAME = AppIcon;
				INFOPLIST_FILE = UIView/Info.plist;
				LD_RUNPATH_SEARCH_PATHS = "$(inherited) @executable_path/Frameworks";
				PRODUCT_BUNDLE_IDENTIFIER = com.zccoder.UIView;
				PRODUCT_NAME = "$(TARGET_NAME)";
			};
			name = Release;
		};
		5962FF521EC945B4009BC3C8 /* Debug */ = {
			isa = XCBuildConfiguration;
			buildSettings = {
				BUNDLE_LOADER = "$(TEST_HOST)";
				INFOPLIST_FILE = UIViewTests/Info.plist;
				LD_RUNPATH_SEARCH_PATHS = "$(inherited) @executable_path/Frameworks @loader_path/Frameworks";
				PRODUCT_BUNDLE_IDENTIFIER = com.zccoder.UIViewTests;
				PRODUCT_NAME = "$(TARGET_NAME)";
				TEST_HOST = "$(BUILT_PRODUCTS_DIR)/UIView.app/UIView";
			};
			name = Debug;
		};
		5962FF531EC945B4009BC3C8 /* Release */ = {
			isa = XCBuildConfiguration;
			buildSettings = {
				BUNDLE_LOADER = "$(TEST_HOST)";
				INFOPLIST_FILE = UIViewTests/Info.plist;
				LD_RUNPATH_SEARCH_PATHS = "$(inherited) @executable_path/Frameworks @loader_path/Frameworks";
				PRODUCT_BUNDLE_IDENTIFIER = com.zccoder.UIViewTests;
				PRODUCT_NAME = "$(TARGET_NAME)";
				TEST_HOST = "$(BUILT_PRODUCTS_DIR)/UIView.app/UIView";
			};
			name = Release;
		};
		5962FF551EC945B4009BC3C8 /* Debug */ = {
			isa = XCBuildConfiguration;
			buildSettings = {
				INFOPLIST_FILE = UIViewUITests/Info.plist;
				LD_RUNPATH_SEARCH_PATHS = "$(inherited) @executable_path/Frameworks @loader_path/Frameworks";
				PRODUCT_BUNDLE_IDENTIFIER = com.zccoder.UIViewUITests;
				PRODUCT_NAME = "$(TARGET_NAME)";
				TEST_TARGET_NAME = UIView;
			};
			name = Debug;
		};
		5962FF561EC945B4009BC3C8 /* Release */ = {
			isa = XCBuildConfiguration;
			buildSettings = {
				INFOPLIST_FILE = UIViewUITests/Info.plist;
				LD_RUNPATH_SEARCH_PATHS = "$(inherited) @executable_path/Frameworks @loader_path/Frameworks";
				PRODUCT_BUNDLE_IDENTIFIER = com.zccoder.UIViewUITests;
				PRODUCT_NAME = "$(TARGET_NAME)";
				TEST_TARGET_NAME = UIView;
			};
			name = Release;
		};
/* End XCBuildConfiguration section */

/* Begin XCConfigurationList section */
		5962FF1C1EC945B3009BC3C8 /* Build configuration list for PBXProject "UIView" */ = {
			isa = XCConfigurationList;
			buildConfigurations = (
				5962FF4C1EC945B4009BC3C8 /* Debug */,
				5962FF4D1EC945B4009BC3C8 /* Release */,
			);
			defaultConfigurationIsVisible = 0;
			defaultConfigurationName = Release;
		};
		5962FF4E1EC945B4009BC3C8 /* Build configuration list for PBXNativeTarget "UIView" */ = {
			isa = XCConfigurationList;
			buildConfigurations = (
				5962FF4F1EC945B4009BC3C8 /* Debug */,
				5962FF501EC945B4009BC3C8 /* Release */,
			);
			defaultConfigurationIsVisible = 0;
		};
		5962FF511EC945B4009BC3C8 /* Build configuration list for PBXNativeTarget "UIViewTests" */ = {
			isa = XCConfigurationList;
			buildConfigurations = (
				5962FF521EC945B4009BC3C8 /* Debug */,
				5962FF531EC945B4009BC3C8 /* Release */,
			);
			defaultConfigurationIsVisible = 0;
		};
		5962FF541EC945B4009BC3C8 /* Build configuration list for PBXNativeTarget "UIViewUITests" */ = {
			isa = XCConfigurationList;
			buildConfigurations = (
				5962FF551EC945B4009BC3C8 /* Debug */,
				5962FF561EC945B4009BC3C8 /* Release */,
			);
			defaultConfigurationIsVisible = 0;
		};
/* End XCConfigurationList section */
	};
	rootObject = 5962FF191EC945B3009BC3C8 /* Project object */;
}
