// !$*UTF8*$!
{
	archiveVersion = 1;
	classes = {
	};
	objectVersion = 46;
	objects = {

/* Begin PBXBuildFile section */
		592486231ED3E3BF000FEFE0 /* main.m in Sources */ = {isa = PBXBuildFile; fileRef = 592486221ED3E3BF000FEFE0 /* main.m */; };
		592486261ED3E3BF000FEFE0 /* AppDelegate.m in Sources */ = {isa = PBXBuildFile; fileRef = 592486251ED3E3BF000FEFE0 /* AppDelegate.m */; };
		592486291ED3E3BF000FEFE0 /* ViewController.m in Sources */ = {isa = PBXBuildFile; fileRef = 592486281ED3E3BF000FEFE0 /* ViewController.m */; };
		5924862C1ED3E3BF000FEFE0 /* Main.storyboard in Resources */ = {isa = PBXBuildFile; fileRef = 5924862A1ED3E3BF000FEFE0 /* Main.storyboard */; };
		5924862E1ED3E3BF000FEFE0 /* Assets.xcassets in Resources */ = {isa = PBXBuildFile; fileRef = 5924862D1ED3E3BF000FEFE0 /* Assets.xcassets */; };
		592486311ED3E3C0000FEFE0 /* LaunchScreen.storyboard in Resources */ = {isa = PBXBuildFile; fileRef = 5924862F1ED3E3C0000FEFE0 /* LaunchScreen.storyboard */; };
		5924863C1ED3E3C0000FEFE0 /* MyFirstWebRequestTests.m in Sources */ = {isa = PBXBuildFile; fileRef = 5924863B1ED3E3C0000FEFE0 /* MyFirstWebRequestTests.m */; };
		592486471ED3E3C0000FEFE0 /* MyFirstWebRequestUITests.m in Sources */ = {isa = PBXBuildFile; fileRef = 592486461ED3E3C0000FEFE0 /* MyFirstWebRequestUITests.m */; };
/* End PBXBuildFile section */

/* Begin PBXContainerItemProxy section */
		592486381ED3E3C0000FEFE0 /* PBXContainerItemProxy */ = {
			isa = PBXContainerItemProxy;
			containerPortal = 592486161ED3E3BE000FEFE0 /* Project object */;
			proxyType = 1;
			remoteGlobalIDString = 5924861D1ED3E3BF000FEFE0;
			remoteInfo = MyFirstWebRequest;
		};
		592486431ED3E3C0000FEFE0 /* PBXContainerItemProxy */ = {
			isa = PBXContainerItemProxy;
			containerPortal = 592486161ED3E3BE000FEFE0 /* Project object */;
			proxyType = 1;
			remoteGlobalIDString = 5924861D1ED3E3BF000FEFE0;
			remoteInfo = MyFirstWebRequest;
		};
/* End PBXContainerItemProxy section */

/* Begin PBXFileReference section */
		5924861E1ED3E3BF000FEFE0 /* MyFirstWebRequest.app */ = {isa = PBXFileReference; explicitFileType = wrapper.application; includeInIndex = 0; path = MyFirstWebRequest.app; sourceTree = BUILT_PRODUCTS_DIR; };
		592486221ED3E3BF000FEFE0 /* main.m */ = {isa = PBXFileReference; lastKnownFileType = sourcecode.c.objc; path = main.m; sourceTree = "<group>"; };
		592486241ED3E3BF000FEFE0 /* AppDelegate.h */ = {isa = PBXFileReference; lastKnownFileType = sourcecode.c.h; path = AppDelegate.h; sourceTree = "<group>"; };
		592486251ED3E3BF000FEFE0 /* AppDelegate.m */ = {isa = PBXFileReference; lastKnownFileType = sourcecode.c.objc; path = AppDelegate.m; sourceTree = "<group>"; };
		592486271ED3E3BF000FEFE0 /* ViewController.h */ = {isa = PBXFileReference; lastKnownFileType = sourcecode.c.h; path = ViewController.h; sourceTree = "<group>"; };
		592486281ED3E3BF000FEFE0 /* ViewController.m */ = {isa = PBXFileReference; lastKnownFileType = sourcecode.c.objc; path = ViewController.m; sourceTree = "<group>"; };
		5924862B1ED3E3BF000FEFE0 /* Base */ = {isa = PBXFileReference; lastKnownFileType = file.storyboard; name = Base; path = Base.lproj/Main.storyboard; sourceTree = "<group>"; };
		5924862D1ED3E3BF000FEFE0 /* Assets.xcassets */ = {isa = PBXFileReference; lastKnownFileType = folder.assetcatalog; path = Assets.xcassets; sourceTree = "<group>"; };
		592486301ED3E3C0000FEFE0 /* Base */ = {isa = PBXFileReference; lastKnownFileType = file.storyboard; name = Base; path = Base.lproj/LaunchScreen.storyboard; sourceTree = "<group>"; };
		592486321ED3E3C0000FEFE0 /* Info.plist */ = {isa = PBXFileReference; lastKnownFileType = text.plist.xml; path = Info.plist; sourceTree = "<group>"; };
		592486371ED3E3C0000FEFE0 /* MyFirstWebRequestTests.xctest */ = {isa = PBXFileReference; explicitFileType = wrapper.cfbundle; includeInIndex = 0; path = MyFirstWebRequestTests.xctest; sourceTree = BUILT_PRODUCTS_DIR; };
		5924863B1ED3E3C0000FEFE0 /* MyFirstWebRequestTests.m */ = {isa = PBXFileReference; lastKnownFileType = sourcecode.c.objc; path = MyFirstWebRequestTests.m; sourceTree = "<group>"; };
		5924863D1ED3E3C0000FEFE0 /* Info.plist */ = {isa = PBXFileReference; lastKnownFileType = text.plist.xml; path = Info.plist; sourceTree = "<group>"; };
		592486421ED3E3C0000FEFE0 /* MyFirstWebRequestUITests.xctest */ = {isa = PBXFileReference; explicitFileType = wrapper.cfbundle; includeInIndex = 0; path = MyFirstWebRequestUITests.xctest; sourceTree = BUILT_PRODUCTS_DIR; };
		592486461ED3E3C0000FEFE0 /* MyFirstWebRequestUITests.m */ = {isa = PBXFileReference; lastKnownFileType = sourcecode.c.objc; path = MyFirstWebRequestUITests.m; sourceTree = "<group>"; };
		592486481ED3E3C1000FEFE0 /* Info.plist */ = {isa = PBXFileReference; lastKnownFileType = text.plist.xml; path = Info.plist; sourceTree = "<group>"; };
/* End PBXFileReference section */

/* Begin PBXFrameworksBuildPhase section */
		5924861B1ED3E3BF000FEFE0 /* Frameworks */ = {
			isa = PBXFrameworksBuildPhase;
			buildActionMask = 2147483647;
			files = (
			);
			runOnlyForDeploymentPostprocessing = 0;
		};
		592486341ED3E3C0000FEFE0 /* Frameworks */ = {
			isa = PBXFrameworksBuildPhase;
			buildActionMask = 2147483647;
			files = (
			);
			runOnlyForDeploymentPostprocessing = 0;
		};
		5924863F1ED3E3C0000FEFE0 /* Frameworks */ = {
			isa = PBXFrameworksBuildPhase;
			buildActionMask = 2147483647;
			files = (
			);
			runOnlyForDeploymentPostprocessing = 0;
		};
/* End PBXFrameworksBuildPhase section */

/* Begin PBXGroup section */
		592486151ED3E3BE000FEFE0 = {
			isa = PBXGroup;
			children = (
				592486201ED3E3BF000FEFE0 /* MyFirstWebRequest */,
				5924863A1ED3E3C0000FEFE0 /* MyFirstWebRequestTests */,
				592486451ED3E3C0000FEFE0 /* MyFirstWebRequestUITests */,
				5924861F1ED3E3BF000FEFE0 /* Products */,
			);
			sourceTree = "<group>";
		};
		5924861F1ED3E3BF000FEFE0 /* Products */ = {
			isa = PBXGroup;
			children = (
				5924861E1ED3E3BF000FEFE0 /* MyFirstWebRequest.app */,
				592486371ED3E3C0000FEFE0 /* MyFirstWebRequestTests.xctest */,
				592486421ED3E3C0000FEFE0 /* MyFirstWebRequestUITests.xctest */,
			);
			name = Products;
			sourceTree = "<group>";
		};
		592486201ED3E3BF000FEFE0 /* MyFirstWebRequest */ = {
			isa = PBXGroup;
			children = (
				592486241ED3E3BF000FEFE0 /* AppDelegate.h */,
				592486251ED3E3BF000FEFE0 /* AppDelegate.m */,
				592486271ED3E3BF000FEFE0 /* ViewController.h */,
				592486281ED3E3BF000FEFE0 /* ViewController.m */,
				5924862A1ED3E3BF000FEFE0 /* Main.storyboard */,
				5924862D1ED3E3BF000FEFE0 /* Assets.xcassets */,
				5924862F1ED3E3C0000FEFE0 /* LaunchScreen.storyboard */,
				592486321ED3E3C0000FEFE0 /* Info.plist */,
				592486211ED3E3BF000FEFE0 /* Supporting Files */,
			);
			path = MyFirstWebRequest;
			sourceTree = "<group>";
		};
		592486211ED3E3BF000FEFE0 /* Supporting Files */ = {
			isa = PBXGroup;
			children = (
				592486221ED3E3BF000FEFE0 /* main.m */,
			);
			name = "Supporting Files";
			sourceTree = "<group>";
		};
		5924863A1ED3E3C0000FEFE0 /* MyFirstWebRequestTests */ = {
			isa = PBXGroup;
			children = (
				5924863B1ED3E3C0000FEFE0 /* MyFirstWebRequestTests.m */,
				5924863D1ED3E3C0000FEFE0 /* Info.plist */,
			);
			path = MyFirstWebRequestTests;
			sourceTree = "<group>";
		};
		592486451ED3E3C0000FEFE0 /* MyFirstWebRequestUITests */ = {
			isa = PBXGroup;
			children = (
				592486461ED3E3C0000FEFE0 /* MyFirstWebRequestUITests.m */,
				592486481ED3E3C1000FEFE0 /* Info.plist */,
			);
			path = MyFirstWebRequestUITests;
			sourceTree = "<group>";
		};
/* End PBXGroup section */

/* Begin PBXNativeTarget section */
		5924861D1ED3E3BF000FEFE0 /* MyFirstWebRequest */ = {
			isa = PBXNativeTarget;
			buildConfigurationList = 5924864B1ED3E3C1000FEFE0 /* Build configuration list for PBXNativeTarget "MyFirstWebRequest" */;
			buildPhases = (
				5924861A1ED3E3BF000FEFE0 /* Sources */,
				5924861B1ED3E3BF000FEFE0 /* Frameworks */,
				5924861C1ED3E3BF000FEFE0 /* Resources */,
			);
			buildRules = (
			);
			dependencies = (
			);
			name = MyFirstWebRequest;
			productName = MyFirstWebRequest;
			productReference = 5924861E1ED3E3BF000FEFE0 /* MyFirstWebRequest.app */;
			productType = "com.apple.product-type.application";
		};
		592486361ED3E3C0000FEFE0 /* MyFirstWebRequestTests */ = {
			isa = PBXNativeTarget;
			buildConfigurationList = 5924864E1ED3E3C1000FEFE0 /* Build configuration list for PBXNativeTarget "MyFirstWebRequestTests" */;
			buildPhases = (
				592486331ED3E3C0000FEFE0 /* Sources */,
				592486341ED3E3C0000FEFE0 /* Frameworks */,
				592486351ED3E3C0000FEFE0 /* Resources */,
			);
			buildRules = (
			);
			dependencies = (
				592486391ED3E3C0000FEFE0 /* PBXTargetDependency */,
			);
			name = MyFirstWebRequestTests;
			productName = MyFirstWebRequestTests;
			productReference = 592486371ED3E3C0000FEFE0 /* MyFirstWebRequestTests.xctest */;
			productType = "com.apple.product-type.bundle.unit-test";
		};
		592486411ED3E3C0000FEFE0 /* MyFirstWebRequestUITests */ = {
			isa = PBXNativeTarget;
			buildConfigurationList = 592486511ED3E3C1000FEFE0 /* Build configuration list for PBXNativeTarget "MyFirstWebRequestUITests" */;
			buildPhases = (
				5924863E1ED3E3C0000FEFE0 /* Sources */,
				5924863F1ED3E3C0000FEFE0 /* Frameworks */,
				592486401ED3E3C0000FEFE0 /* Resources */,
			);
			buildRules = (
			);
			dependencies = (
				592486441ED3E3C0000FEFE0 /* PBXTargetDependency */,
			);
			name = MyFirstWebRequestUITests;
			productName = MyFirstWebRequestUITests;
			productReference = 592486421ED3E3C0000FEFE0 /* MyFirstWebRequestUITests.xctest */;
			productType = "com.apple.product-type.bundle.ui-testing";
		};
/* End PBXNativeTarget section */

/* Begin PBXProject section */
		592486161ED3E3BE000FEFE0 /* Project object */ = {
			isa = PBXProject;
			attributes = {
				LastUpgradeCheck = 0830;
				ORGANIZATIONNAME = com.zccoder;
				TargetAttributes = {
					5924861D1ED3E3BF000FEFE0 = {
						CreatedOnToolsVersion = 8.3.2;
						ProvisioningStyle = Automatic;
					};
					592486361ED3E3C0000FEFE0 = {
						CreatedOnToolsVersion = 8.3.2;
						ProvisioningStyle = Automatic;
						TestTargetID = 5924861D1ED3E3BF000FEFE0;
					};
					592486411ED3E3C0000FEFE0 = {
						CreatedOnToolsVersion = 8.3.2;
						ProvisioningStyle = Automatic;
						TestTargetID = 5924861D1ED3E3BF000FEFE0;
					};
				};
			};
			buildConfigurationList = 592486191ED3E3BF000FEFE0 /* Build configuration list for PBXProject "MyFirstWebRequest" */;
			compatibilityVersion = "Xcode 3.2";
			developmentRegion = English;
			hasScannedForEncodings = 0;
			knownRegions = (
				en,
				Base,
			);
			mainGroup = 592486151ED3E3BE000FEFE0;
			productRefGroup = 5924861F1ED3E3BF000FEFE0 /* Products */;
			projectDirPath = "";
			projectRoot = "";
			targets = (
				5924861D1ED3E3BF000FEFE0 /* MyFirstWebRequest */,
				592486361ED3E3C0000FEFE0 /* MyFirstWebRequestTests */,
				592486411ED3E3C0000FEFE0 /* MyFirstWebRequestUITests */,
			);
		};
/* End PBXProject section */

/* Begin PBXResourcesBuildPhase section */
		5924861C1ED3E3BF000FEFE0 /* Resources */ = {
			isa = PBXResourcesBuildPhase;
			buildActionMask = 2147483647;
			files = (
				592486311ED3E3C0000FEFE0 /* LaunchScreen.storyboard in Resources */,
				5924862E1ED3E3BF000FEFE0 /* Assets.xcassets in Resources */,
				5924862C1ED3E3BF000FEFE0 /* Main.storyboard in Resources */,
			);
			runOnlyForDeploymentPostprocessing = 0;
		};
		592486351ED3E3C0000FEFE0 /* Resources */ = {
			isa = PBXResourcesBuildPhase;
			buildActionMask = 2147483647;
			files = (
			);
			runOnlyForDeploymentPostprocessing = 0;
		};
		592486401ED3E3C0000FEFE0 /* Resources */ = {
			isa = PBXResourcesBuildPhase;
			buildActionMask = 2147483647;
			files = (
			);
			runOnlyForDeploymentPostprocessing = 0;
		};
/* End PBXResourcesBuildPhase section */

/* Begin PBXSourcesBuildPhase section */
		5924861A1ED3E3BF000FEFE0 /* Sources */ = {
			isa = PBXSourcesBuildPhase;
			buildActionMask = 2147483647;
			files = (
				592486291ED3E3BF000FEFE0 /* ViewController.m in Sources */,
				592486261ED3E3BF000FEFE0 /* AppDelegate.m in Sources */,
				592486231ED3E3BF000FEFE0 /* main.m in Sources */,
			);
			runOnlyForDeploymentPostprocessing = 0;
		};
		592486331ED3E3C0000FEFE0 /* Sources */ = {
			isa = PBXSourcesBuildPhase;
			buildActionMask = 2147483647;
			files = (
				5924863C1ED3E3C0000FEFE0 /* MyFirstWebRequestTests.m in Sources */,
			);
			runOnlyForDeploymentPostprocessing = 0;
		};
		5924863E1ED3E3C0000FEFE0 /* Sources */ = {
			isa = PBXSourcesBuildPhase;
			buildActionMask = 2147483647;
			files = (
				592486471ED3E3C0000FEFE0 /* MyFirstWebRequestUITests.m in Sources */,
			);
			runOnlyForDeploymentPostprocessing = 0;
		};
/* End PBXSourcesBuildPhase section */

/* Begin PBXTargetDependency section */
		592486391ED3E3C0000FEFE0 /* PBXTargetDependency */ = {
			isa = PBXTargetDependency;
			target = 5924861D1ED3E3BF000FEFE0 /* MyFirstWebRequest */;
			targetProxy = 592486381ED3E3C0000FEFE0 /* PBXContainerItemProxy */;
		};
		592486441ED3E3C0000FEFE0 /* PBXTargetDependency */ = {
			isa = PBXTargetDependency;
			target = 5924861D1ED3E3BF000FEFE0 /* MyFirstWebRequest */;
			targetProxy = 592486431ED3E3C0000FEFE0 /* PBXContainerItemProxy */;
		};
/* End PBXTargetDependency section */

/* Begin PBXVariantGroup section */
		5924862A1ED3E3BF000FEFE0 /* Main.storyboard */ = {
			isa = PBXVariantGroup;
			children = (
				5924862B1ED3E3BF000FEFE0 /* Base */,
			);
			name = Main.storyboard;
			sourceTree = "<group>";
		};
		5924862F1ED3E3C0000FEFE0 /* LaunchScreen.storyboard */ = {
			isa = PBXVariantGroup;
			children = (
				592486301ED3E3C0000FEFE0 /* Base */,
			);
			name = LaunchScreen.storyboard;
			sourceTree = "<group>";
		};
/* End PBXVariantGroup section */

/* Begin XCBuildConfiguration section */
		592486491ED3E3C1000FEFE0 /* Debug */ = {
			isa = XCBuildConfiguration;
			buildSettings = {
				ALWAYS_SEARCH_USER_PATHS = NO;
				CLANG_ANALYZER_NONNULL = YES;
				CLANG_ANALYZER_NUMBER_OBJECT_CONVERSION = YES_AGGRESSIVE;
				CLANG_CXX_LANGUAGE_STANDARD = "gnu++0x";
				CLANG_CXX_LIBRARY = "libc++";
				CLANG_ENABLE_MODULES = YES;
				CLANG_ENABLE_OBJC_ARC = YES;
				CLANG_WARN_BOOL_CONVERSION = YES;
				CLANG_WARN_CONSTANT_CONVERSION = YES;
				CLANG_WARN_DIRECT_OBJC_ISA_USAGE = YES_ERROR;
				CLANG_WARN_DOCUMENTATION_COMMENTS = YES;
				CLANG_WARN_EMPTY_BODY = YES;
				CLANG_WARN_ENUM_CONVERSION = YES;
				CLANG_WARN_INFINITE_RECURSION = YES;
				CLANG_WARN_INT_CONVERSION = YES;
				CLANG_WARN_OBJC_ROOT_CLASS = YES_ERROR;
				CLANG_WARN_SUSPICIOUS_MOVE = YES;
				CLANG_WARN_UNREACHABLE_CODE = YES;
				CLANG_WARN__DUPLICATE_METHOD_MATCH = YES;
				"CODE_SIGN_IDENTITY[sdk=iphoneos*]" = "iPhone Developer";
				COPY_PHASE_STRIP = NO;
				DEBUG_INFORMATION_FORMAT = dwarf;
				ENABLE_STRICT_OBJC_MSGSEND = YES;
				ENABLE_TESTABILITY = YES;
				GCC_C_LANGUAGE_STANDARD = gnu99;
				GCC_DYNAMIC_NO_PIC = NO;
				GCC_NO_COMMON_BLOCKS = YES;
				GCC_OPTIMIZATION_LEVEL = 0;
				GCC_PREPROCESSOR_DEFINITIONS = (
					"DEBUG=1",
					"$(inherited)",
				);
				GCC_WARN_64_TO_32_BIT_CONVERSION = YES;
				GCC_WARN_ABOUT_RETURN_TYPE = YES_ERROR;
				GCC_WARN_UNDECLARED_SELECTOR = YES;
				GCC_WARN_UNINITIALIZED_AUTOS = YES_AGGRESSIVE;
				GCC_WARN_UNUSED_FUNCTION = YES;
				GCC_WARN_UNUSED_VARIABLE = YES;
				IPHONEOS_DEPLOYMENT_TARGET = 10.3;
				MTL_ENABLE_DEBUG_INFO = YES;
				ONLY_ACTIVE_ARCH = YES;
				SDKROOT = iphoneos;
			};
			name = Debug;
		};
		5924864A1ED3E3C1000FEFE0 /* Release */ = {
			isa = XCBuildConfiguration;
			buildSettings = {
				ALWAYS_SEARCH_USER_PATHS = NO;
				CLANG_ANALYZER_NONNULL = YES;
				CLANG_ANALYZER_NUMBER_OBJECT_CONVERSION = YES_AGGRESSIVE;
				CLANG_CXX_LANGUAGE_STANDARD = "gnu++0x";
				CLANG_CXX_LIBRARY = "libc++";
				CLANG_ENABLE_MODULES = YES;
				CLANG_ENABLE_OBJC_ARC = YES;
				CLANG_WARN_BOOL_CONVERSION = YES;
				CLANG_WARN_CONSTANT_CONVERSION = YES;
				CLANG_WARN_DIRECT_OBJC_ISA_USAGE = YES_ERROR;
				CLANG_WARN_DOCUMENTATION_COMMENTS = YES;
				CLANG_WARN_EMPTY_BODY = YES;
				CLANG_WARN_ENUM_CONVERSION = YES;
				CLANG_WARN_INFINITE_RECURSION = YES;
				CLANG_WARN_INT_CONVERSION = YES;
				CLANG_WARN_OBJC_ROOT_CLASS = YES_ERROR;
				CLANG_WARN_SUSPICIOUS_MOVE = YES;
				CLANG_WARN_UNREACHABLE_CODE = YES;
				CLANG_WARN__DUPLICATE_METHOD_MATCH = YES;
				"CODE_SIGN_IDENTITY[sdk=iphoneos*]" = "iPhone Developer";
				COPY_PHASE_STRIP = NO;
				DEBUG_INFORMATION_FORMAT = "dwarf-with-dsym";
				ENABLE_NS_ASSERTIONS = NO;
				ENABLE_STRICT_OBJC_MSGSEND = YES;
				GCC_C_LANGUAGE_STANDARD = gnu99;
				GCC_NO_COMMON_BLOCKS = YES;
				GCC_WARN_64_TO_32_BIT_CONVERSION = YES;
				GCC_WARN_ABOUT_RETURN_TYPE = YES_ERROR;
				GCC_WARN_UNDECLARED_SELECTOR = YES;
				GCC_WARN_UNINITIALIZED_AUTOS = YES_AGGRESSIVE;
				GCC_WARN_UNUSED_FUNCTION = YES;
				GCC_WARN_UNUSED_VARIABLE = YES;
				IPHONEOS_DEPLOYMENT_TARGET = 10.3;
				MTL_ENABLE_DEBUG_INFO = NO;
				SDKROOT = iphoneos;
				VALIDATE_PRODUCT = YES;
			};
			name = Release;
		};
		5924864C1ED3E3C1000FEFE0 /* Debug */ = {
			isa = XCBuildConfiguration;
			buildSettings = {
				ASSETCATALOG_COMPILER_APPICON_NAME = AppIcon;
				INFOPLIST_FILE = MyFirstWebRequest/Info.plist;
				LD_RUNPATH_SEARCH_PATHS = "$(inherited) @executable_path/Frameworks";
				PRODUCT_BUNDLE_IDENTIFIER = com.zccoder.MyFirstWebRequest;
				PRODUCT_NAME = "$(TARGET_NAME)";
			};
			name = Debug;
		};
		5924864D1ED3E3C1000FEFE0 /* Release */ = {
			isa = XCBuildConfiguration;
			buildSettings = {
				ASSETCATALOG_COMPILER_APPICON_NAME = AppIcon;
				INFOPLIST_FILE = MyFirstWebRequest/Info.plist;
				LD_RUNPATH_SEARCH_PATHS = "$(inherited) @executable_path/Frameworks";
				PRODUCT_BUNDLE_IDENTIFIER = com.zccoder.MyFirstWebRequest;
				PRODUCT_NAME = "$(TARGET_NAME)";
			};
			name = Release;
		};
		5924864F1ED3E3C1000FEFE0 /* Debug */ = {
			isa = XCBuildConfiguration;
			buildSettings = {
				BUNDLE_LOADER = "$(TEST_HOST)";
				INFOPLIST_FILE = MyFirstWebRequestTests/Info.plist;
				LD_RUNPATH_SEARCH_PATHS = "$(inherited) @executable_path/Frameworks @loader_path/Frameworks";
				PRODUCT_BUNDLE_IDENTIFIER = com.zccoder.MyFirstWebRequestTests;
				PRODUCT_NAME = "$(TARGET_NAME)";
				TEST_HOST = "$(BUILT_PRODUCTS_DIR)/MyFirstWebRequest.app/MyFirstWebRequest";
			};
			name = Debug;
		};
		592486501ED3E3C1000FEFE0 /* Release */ = {
			isa = XCBuildConfiguration;
			buildSettings = {
				BUNDLE_LOADER = "$(TEST_HOST)";
				INFOPLIST_FILE = MyFirstWebRequestTests/Info.plist;
				LD_RUNPATH_SEARCH_PATHS = "$(inherited) @executable_path/Frameworks @loader_path/Frameworks";
				PRODUCT_BUNDLE_IDENTIFIER = com.zccoder.MyFirstWebRequestTests;
				PRODUCT_NAME = "$(TARGET_NAME)";
				TEST_HOST = "$(BUILT_PRODUCTS_DIR)/MyFirstWebRequest.app/MyFirstWebRequest";
			};
			name = Release;
		};
		592486521ED3E3C1000FEFE0 /* Debug */ = {
			isa = XCBuildConfiguration;
			buildSettings = {
				INFOPLIST_FILE = MyFirstWebRequestUITests/Info.plist;
				LD_RUNPATH_SEARCH_PATHS = "$(inherited) @executable_path/Frameworks @loader_path/Frameworks";
				PRODUCT_BUNDLE_IDENTIFIER = com.zccoder.MyFirstWebRequestUITests;
				PRODUCT_NAME = "$(TARGET_NAME)";
				TEST_TARGET_NAME = MyFirstWebRequest;
			};
			name = Debug;
		};
		592486531ED3E3C1000FEFE0 /* Release */ = {
			isa = XCBuildConfiguration;
			buildSettings = {
				INFOPLIST_FILE = MyFirstWebRequestUITests/Info.plist;
				LD_RUNPATH_SEARCH_PATHS = "$(inherited) @executable_path/Frameworks @loader_path/Frameworks";
				PRODUCT_BUNDLE_IDENTIFIER = com.zccoder.MyFirstWebRequestUITests;
				PRODUCT_NAME = "$(TARGET_NAME)";
				TEST_TARGET_NAME = MyFirstWebRequest;
			};
			name = Release;
		};
/* End XCBuildConfiguration section */

/* Begin XCConfigurationList section */
		592486191ED3E3BF000FEFE0 /* Build configuration list for PBXProject "MyFirstWebRequest" */ = {
			isa = XCConfigurationList;
			buildConfigurations = (
				592486491ED3E3C1000FEFE0 /* Debug */,
				5924864A1ED3E3C1000FEFE0 /* Release */,
			);
			defaultConfigurationIsVisible = 0;
			defaultConfigurationName = Release;
		};
		5924864B1ED3E3C1000FEFE0 /* Build configuration list for PBXNativeTarget "MyFirstWebRequest" */ = {
			isa = XCConfigurationList;
			buildConfigurations = (
				5924864C1ED3E3C1000FEFE0 /* Debug */,
				5924864D1ED3E3C1000FEFE0 /* Release */,
			);
			defaultConfigurationIsVisible = 0;
		};
		5924864E1ED3E3C1000FEFE0 /* Build configuration list for PBXNativeTarget "MyFirstWebRequestTests" */ = {
			isa = XCConfigurationList;
			buildConfigurations = (
				5924864F1ED3E3C1000FEFE0 /* Debug */,
				592486501ED3E3C1000FEFE0 /* Release */,
			);
			defaultConfigurationIsVisible = 0;
		};
		592486511ED3E3C1000FEFE0 /* Build configuration list for PBXNativeTarget "MyFirstWebRequestUITests" */ = {
			isa = XCConfigurationList;
			buildConfigurations = (
				592486521ED3E3C1000FEFE0 /* Debug */,
				592486531ED3E3C1000FEFE0 /* Release */,
			);
			defaultConfigurationIsVisible = 0;
		};
/* End XCConfigurationList section */
	};
	rootObject = 592486161ED3E3BE000FEFE0 /* Project object */;
}
