// !$*UTF8*$!
{
	archiveVersion = 1;
	classes = {
	};
	objectVersion = 46;
	objects = {

/* Begin PBXBuildFile section */
		5962FFA41EC982CC009BC3C8 /* main.m in Sources */ = {isa = PBXBuildFile; fileRef = 5962FFA31EC982CC009BC3C8 /* main.m */; };
		5962FFA71EC982CC009BC3C8 /* AppDelegate.m in Sources */ = {isa = PBXBuildFile; fileRef = 5962FFA61EC982CC009BC3C8 /* AppDelegate.m */; };
		5962FFAA1EC982CC009BC3C8 /* ViewController.m in Sources */ = {isa = PBXBuildFile; fileRef = 5962FFA91EC982CC009BC3C8 /* ViewController.m */; };
		5962FFAD1EC982CC009BC3C8 /* Main.storyboard in Resources */ = {isa = PBXBuildFile; fileRef = 5962FFAB1EC982CC009BC3C8 /* Main.storyboard */; };
		5962FFAF1EC982CD009BC3C8 /* Assets.xcassets in Resources */ = {isa = PBXBuildFile; fileRef = 5962FFAE1EC982CD009BC3C8 /* Assets.xcassets */; };
		5962FFB21EC982CD009BC3C8 /* LaunchScreen.storyboard in Resources */ = {isa = PBXBuildFile; fileRef = 5962FFB01EC982CD009BC3C8 /* LaunchScreen.storyboard */; };
		5962FFBD1EC982CD009BC3C8 /* UIImageViewTests.m in Sources */ = {isa = PBXBuildFile; fileRef = 5962FFBC1EC982CD009BC3C8 /* UIImageViewTests.m */; };
		5962FFC81EC982CD009BC3C8 /* UIImageViewUITests.m in Sources */ = {isa = PBXBuildFile; fileRef = 5962FFC71EC982CD009BC3C8 /* UIImageViewUITests.m */; };
		5962FFD81EC98361009BC3C8 /* 1.jpg in Resources */ = {isa = PBXBuildFile; fileRef = 5962FFD71EC98361009BC3C8 /* 1.jpg */; };
/* End PBXBuildFile section */

/* Begin PBXContainerItemProxy section */
		5962FFB91EC982CD009BC3C8 /* PBXContainerItemProxy */ = {
			isa = PBXContainerItemProxy;
			containerPortal = 5962FF971EC982CC009BC3C8 /* Project object */;
			proxyType = 1;
			remoteGlobalIDString = 5962FF9E1EC982CC009BC3C8;
			remoteInfo = UIImageView;
		};
		5962FFC41EC982CD009BC3C8 /* PBXContainerItemProxy */ = {
			isa = PBXContainerItemProxy;
			containerPortal = 5962FF971EC982CC009BC3C8 /* Project object */;
			proxyType = 1;
			remoteGlobalIDString = 5962FF9E1EC982CC009BC3C8;
			remoteInfo = UIImageView;
		};
/* End PBXContainerItemProxy section */

/* Begin PBXFileReference section */
		5962FF9F1EC982CC009BC3C8 /* UIImageView.app */ = {isa = PBXFileReference; explicitFileType = wrapper.application; includeInIndex = 0; path = UIImageView.app; sourceTree = BUILT_PRODUCTS_DIR; };
		5962FFA31EC982CC009BC3C8 /* main.m */ = {isa = PBXFileReference; lastKnownFileType = sourcecode.c.objc; path = main.m; sourceTree = "<group>"; };
		5962FFA51EC982CC009BC3C8 /* AppDelegate.h */ = {isa = PBXFileReference; lastKnownFileType = sourcecode.c.h; path = AppDelegate.h; sourceTree = "<group>"; };
		5962FFA61EC982CC009BC3C8 /* AppDelegate.m */ = {isa = PBXFileReference; lastKnownFileType = sourcecode.c.objc; path = AppDelegate.m; sourceTree = "<group>"; };
		5962FFA81EC982CC009BC3C8 /* ViewController.h */ = {isa = PBXFileReference; lastKnownFileType = sourcecode.c.h; path = ViewController.h; sourceTree = "<group>"; };
		5962FFA91EC982CC009BC3C8 /* ViewController.m */ = {isa = PBXFileReference; lastKnownFileType = sourcecode.c.objc; path = ViewController.m; sourceTree = "<group>"; };
		5962FFAC1EC982CC009BC3C8 /* Base */ = {isa = PBXFileReference; lastKnownFileType = file.storyboard; name = Base; path = Base.lproj/Main.storyboard; sourceTree = "<group>"; };
		5962FFAE1EC982CD009BC3C8 /* Assets.xcassets */ = {isa = PBXFileReference; lastKnownFileType = folder.assetcatalog; path = Assets.xcassets; sourceTree = "<group>"; };
		5962FFB11EC982CD009BC3C8 /* Base */ = {isa = PBXFileReference; lastKnownFileType = file.storyboard; name = Base; path = Base.lproj/LaunchScreen.storyboard; sourceTree = "<group>"; };
		5962FFB31EC982CD009BC3C8 /* Info.plist */ = {isa = PBXFileReference; lastKnownFileType = text.plist.xml; path = Info.plist; sourceTree = "<group>"; };
		5962FFB81EC982CD009BC3C8 /* UIImageViewTests.xctest */ = {isa = PBXFileReference; explicitFileType = wrapper.cfbundle; includeInIndex = 0; path = UIImageViewTests.xctest; sourceTree = BUILT_PRODUCTS_DIR; };
		5962FFBC1EC982CD009BC3C8 /* UIImageViewTests.m */ = {isa = PBXFileReference; lastKnownFileType = sourcecode.c.objc; path = UIImageViewTests.m; sourceTree = "<group>"; };
		5962FFBE1EC982CD009BC3C8 /* Info.plist */ = {isa = PBXFileReference; lastKnownFileType = text.plist.xml; path = Info.plist; sourceTree = "<group>"; };
		5962FFC31EC982CD009BC3C8 /* UIImageViewUITests.xctest */ = {isa = PBXFileReference; explicitFileType = wrapper.cfbundle; includeInIndex = 0; path = UIImageViewUITests.xctest; sourceTree = BUILT_PRODUCTS_DIR; };
		5962FFC71EC982CD009BC3C8 /* UIImageViewUITests.m */ = {isa = PBXFileReference; lastKnownFileType = sourcecode.c.objc; path = UIImageViewUITests.m; sourceTree = "<group>"; };
		5962FFC91EC982CD009BC3C8 /* Info.plist */ = {isa = PBXFileReference; lastKnownFileType = text.plist.xml; path = Info.plist; sourceTree = "<group>"; };
		5962FFD71EC98361009BC3C8 /* 1.jpg */ = {isa = PBXFileReference; lastKnownFileType = image.jpeg; name = 1.jpg; path = ../../../../../Downloads/1.jpg; sourceTree = "<group>"; };
/* End PBXFileReference section */

/* Begin PBXFrameworksBuildPhase section */
		5962FF9C1EC982CC009BC3C8 /* Frameworks */ = {
			isa = PBXFrameworksBuildPhase;
			buildActionMask = 2147483647;
			files = (
			);
			runOnlyForDeploymentPostprocessing = 0;
		};
		5962FFB51EC982CD009BC3C8 /* Frameworks */ = {
			isa = PBXFrameworksBuildPhase;
			buildActionMask = 2147483647;
			files = (
			);
			runOnlyForDeploymentPostprocessing = 0;
		};
		5962FFC01EC982CD009BC3C8 /* Frameworks */ = {
			isa = PBXFrameworksBuildPhase;
			buildActionMask = 2147483647;
			files = (
			);
			runOnlyForDeploymentPostprocessing = 0;
		};
/* End PBXFrameworksBuildPhase section */

/* Begin PBXGroup section */
		5962FF961EC982CC009BC3C8 = {
			isa = PBXGroup;
			children = (
				5962FFA11EC982CC009BC3C8 /* UIImageView */,
				5962FFBB1EC982CD009BC3C8 /* UIImageViewTests */,
				5962FFC61EC982CD009BC3C8 /* UIImageViewUITests */,
				5962FFA01EC982CC009BC3C8 /* Products */,
			);
			sourceTree = "<group>";
		};
		5962FFA01EC982CC009BC3C8 /* Products */ = {
			isa = PBXGroup;
			children = (
				5962FF9F1EC982CC009BC3C8 /* UIImageView.app */,
				5962FFB81EC982CD009BC3C8 /* UIImageViewTests.xctest */,
				5962FFC31EC982CD009BC3C8 /* UIImageViewUITests.xctest */,
			);
			name = Products;
			sourceTree = "<group>";
		};
		5962FFA11EC982CC009BC3C8 /* UIImageView */ = {
			isa = PBXGroup;
			children = (
				5962FFD71EC98361009BC3C8 /* 1.jpg */,
				5962FFA51EC982CC009BC3C8 /* AppDelegate.h */,
				5962FFA61EC982CC009BC3C8 /* AppDelegate.m */,
				5962FFA81EC982CC009BC3C8 /* ViewController.h */,
				5962FFA91EC982CC009BC3C8 /* ViewController.m */,
				5962FFAB1EC982CC009BC3C8 /* Main.storyboard */,
				5962FFAE1EC982CD009BC3C8 /* Assets.xcassets */,
				5962FFB01EC982CD009BC3C8 /* LaunchScreen.storyboard */,
				5962FFB31EC982CD009BC3C8 /* Info.plist */,
				5962FFA21EC982CC009BC3C8 /* Supporting Files */,
			);
			path = UIImageView;
			sourceTree = "<group>";
		};
		5962FFA21EC982CC009BC3C8 /* Supporting Files */ = {
			isa = PBXGroup;
			children = (
				5962FFA31EC982CC009BC3C8 /* main.m */,
			);
			name = "Supporting Files";
			sourceTree = "<group>";
		};
		5962FFBB1EC982CD009BC3C8 /* UIImageViewTests */ = {
			isa = PBXGroup;
			children = (
				5962FFBC1EC982CD009BC3C8 /* UIImageViewTests.m */,
				5962FFBE1EC982CD009BC3C8 /* Info.plist */,
			);
			path = UIImageViewTests;
			sourceTree = "<group>";
		};
		5962FFC61EC982CD009BC3C8 /* UIImageViewUITests */ = {
			isa = PBXGroup;
			children = (
				5962FFC71EC982CD009BC3C8 /* UIImageViewUITests.m */,
				5962FFC91EC982CD009BC3C8 /* Info.plist */,
			);
			path = UIImageViewUITests;
			sourceTree = "<group>";
		};
/* End PBXGroup section */

/* Begin PBXNativeTarget section */
		5962FF9E1EC982CC009BC3C8 /* UIImageView */ = {
			isa = PBXNativeTarget;
			buildConfigurationList = 5962FFCC1EC982CD009BC3C8 /* Build configuration list for PBXNativeTarget "UIImageView" */;
			buildPhases = (
				5962FF9B1EC982CC009BC3C8 /* Sources */,
				5962FF9C1EC982CC009BC3C8 /* Frameworks */,
				5962FF9D1EC982CC009BC3C8 /* Resources */,
			);
			buildRules = (
			);
			dependencies = (
			);
			name = UIImageView;
			productName = UIImageView;
			productReference = 5962FF9F1EC982CC009BC3C8 /* UIImageView.app */;
			productType = "com.apple.product-type.application";
		};
		5962FFB71EC982CD009BC3C8 /* UIImageViewTests */ = {
			isa = PBXNativeTarget;
			buildConfigurationList = 5962FFCF1EC982CD009BC3C8 /* Build configuration list for PBXNativeTarget "UIImageViewTests" */;
			buildPhases = (
				5962FFB41EC982CD009BC3C8 /* Sources */,
				5962FFB51EC982CD009BC3C8 /* Frameworks */,
				5962FFB61EC982CD009BC3C8 /* Resources */,
			);
			buildRules = (
			);
			dependencies = (
				5962FFBA1EC982CD009BC3C8 /* PBXTargetDependency */,
			);
			name = UIImageViewTests;
			productName = UIImageViewTests;
			productReference = 5962FFB81EC982CD009BC3C8 /* UIImageViewTests.xctest */;
			productType = "com.apple.product-type.bundle.unit-test";
		};
		5962FFC21EC982CD009BC3C8 /* UIImageViewUITests */ = {
			isa = PBXNativeTarget;
			buildConfigurationList = 5962FFD21EC982CD009BC3C8 /* Build configuration list for PBXNativeTarget "UIImageViewUITests" */;
			buildPhases = (
				5962FFBF1EC982CD009BC3C8 /* Sources */,
				5962FFC01EC982CD009BC3C8 /* Frameworks */,
				5962FFC11EC982CD009BC3C8 /* Resources */,
			);
			buildRules = (
			);
			dependencies = (
				5962FFC51EC982CD009BC3C8 /* PBXTargetDependency */,
			);
			name = UIImageViewUITests;
			productName = UIImageViewUITests;
			productReference = 5962FFC31EC982CD009BC3C8 /* UIImageViewUITests.xctest */;
			productType = "com.apple.product-type.bundle.ui-testing";
		};
/* End PBXNativeTarget section */

/* Begin PBXProject section */
		5962FF971EC982CC009BC3C8 /* Project object */ = {
			isa = PBXProject;
			attributes = {
				LastUpgradeCheck = 0830;
				ORGANIZATIONNAME = com.zccoder;
				TargetAttributes = {
					5962FF9E1EC982CC009BC3C8 = {
						CreatedOnToolsVersion = 8.3.2;
						ProvisioningStyle = Automatic;
					};
					5962FFB71EC982CD009BC3C8 = {
						CreatedOnToolsVersion = 8.3.2;
						ProvisioningStyle = Automatic;
						TestTargetID = 5962FF9E1EC982CC009BC3C8;
					};
					5962FFC21EC982CD009BC3C8 = {
						CreatedOnToolsVersion = 8.3.2;
						ProvisioningStyle = Automatic;
						TestTargetID = 5962FF9E1EC982CC009BC3C8;
					};
				};
			};
			buildConfigurationList = 5962FF9A1EC982CC009BC3C8 /* Build configuration list for PBXProject "UIImageView" */;
			compatibilityVersion = "Xcode 3.2";
			developmentRegion = English;
			hasScannedForEncodings = 0;
			knownRegions = (
				en,
				Base,
			);
			mainGroup = 5962FF961EC982CC009BC3C8;
			productRefGroup = 5962FFA01EC982CC009BC3C8 /* Products */;
			projectDirPath = "";
			projectRoot = "";
			targets = (
				5962FF9E1EC982CC009BC3C8 /* UIImageView */,
				5962FFB71EC982CD009BC3C8 /* UIImageViewTests */,
				5962FFC21EC982CD009BC3C8 /* UIImageViewUITests */,
			);
		};
/* End PBXProject section */

/* Begin PBXResourcesBuildPhase section */
		5962FF9D1EC982CC009BC3C8 /* Resources */ = {
			isa = PBXResourcesBuildPhase;
			buildActionMask = 2147483647;
			files = (
				5962FFB21EC982CD009BC3C8 /* LaunchScreen.storyboard in Resources */,
				5962FFD81EC98361009BC3C8 /* 1.jpg in Resources */,
				5962FFAF1EC982CD009BC3C8 /* Assets.xcassets in Resources */,
				5962FFAD1EC982CC009BC3C8 /* Main.storyboard in Resources */,
			);
			runOnlyForDeploymentPostprocessing = 0;
		};
		5962FFB61EC982CD009BC3C8 /* Resources */ = {
			isa = PBXResourcesBuildPhase;
			buildActionMask = 2147483647;
			files = (
			);
			runOnlyForDeploymentPostprocessing = 0;
		};
		5962FFC11EC982CD009BC3C8 /* Resources */ = {
			isa = PBXResourcesBuildPhase;
			buildActionMask = 2147483647;
			files = (
			);
			runOnlyForDeploymentPostprocessing = 0;
		};
/* End PBXResourcesBuildPhase section */

/* Begin PBXSourcesBuildPhase section */
		5962FF9B1EC982CC009BC3C8 /* Sources */ = {
			isa = PBXSourcesBuildPhase;
			buildActionMask = 2147483647;
			files = (
				5962FFAA1EC982CC009BC3C8 /* ViewController.m in Sources */,
				5962FFA71EC982CC009BC3C8 /* AppDelegate.m in Sources */,
				5962FFA41EC982CC009BC3C8 /* main.m in Sources */,
			);
			runOnlyForDeploymentPostprocessing = 0;
		};
		5962FFB41EC982CD009BC3C8 /* Sources */ = {
			isa = PBXSourcesBuildPhase;
			buildActionMask = 2147483647;
			files = (
				5962FFBD1EC982CD009BC3C8 /* UIImageViewTests.m in Sources */,
			);
			runOnlyForDeploymentPostprocessing = 0;
		};
		5962FFBF1EC982CD009BC3C8 /* Sources */ = {
			isa = PBXSourcesBuildPhase;
			buildActionMask = 2147483647;
			files = (
				5962FFC81EC982CD009BC3C8 /* UIImageViewUITests.m in Sources */,
			);
			runOnlyForDeploymentPostprocessing = 0;
		};
/* End PBXSourcesBuildPhase section */

/* Begin PBXTargetDependency section */
		5962FFBA1EC982CD009BC3C8 /* PBXTargetDependency */ = {
			isa = PBXTargetDependency;
			target = 5962FF9E1EC982CC009BC3C8 /* UIImageView */;
			targetProxy = 5962FFB91EC982CD009BC3C8 /* PBXContainerItemProxy */;
		};
		5962FFC51EC982CD009BC3C8 /* PBXTargetDependency */ = {
			isa = PBXTargetDependency;
			target = 5962FF9E1EC982CC009BC3C8 /* UIImageView */;
			targetProxy = 5962FFC41EC982CD009BC3C8 /* PBXContainerItemProxy */;
		};
/* End PBXTargetDependency section */

/* Begin PBXVariantGroup section */
		5962FFAB1EC982CC009BC3C8 /* Main.storyboard */ = {
			isa = PBXVariantGroup;
			children = (
				5962FFAC1EC982CC009BC3C8 /* Base */,
			);
			name = Main.storyboard;
			sourceTree = "<group>";
		};
		5962FFB01EC982CD009BC3C8 /* LaunchScreen.storyboard */ = {
			isa = PBXVariantGroup;
			children = (
				5962FFB11EC982CD009BC3C8 /* Base */,
			);
			name = LaunchScreen.storyboard;
			sourceTree = "<group>";
		};
/* End PBXVariantGroup section */

/* Begin XCBuildConfiguration section */
		5962FFCA1EC982CD009BC3C8 /* Debug */ = {
			isa = XCBuildConfiguration;
			buildSettings = {
				ALWAYS_SEARCH_USER_PATHS = NO;
				CLANG_ANALYZER_NONNULL = YES;
				CLANG_ANALYZER_NUMBER_OBJECT_CONVERSION = YES_AGGRESSIVE;
				CLANG_CXX_LANGUAGE_STANDARD = "gnu++0x";
				CLANG_CXX_LIBRARY = "libc++";
				CLANG_ENABLE_MODULES = YES;
				CLANG_ENABLE_OBJC_ARC = YES;
				CLANG_WARN_BOOL_CONVERSION = YES;
				CLANG_WARN_CONSTANT_CONVERSION = YES;
				CLANG_WARN_DIRECT_OBJC_ISA_USAGE = YES_ERROR;
				CLANG_WARN_DOCUMENTATION_COMMENTS = YES;
				CLANG_WARN_EMPTY_BODY = YES;
				CLANG_WARN_ENUM_CONVERSION = YES;
				CLANG_WARN_INFINITE_RECURSION = YES;
				CLANG_WARN_INT_CONVERSION = YES;
				CLANG_WARN_OBJC_ROOT_CLASS = YES_ERROR;
				CLANG_WARN_SUSPICIOUS_MOVE = YES;
				CLANG_WARN_UNREACHABLE_CODE = YES;
				CLANG_WARN__DUPLICATE_METHOD_MATCH = YES;
				"CODE_SIGN_IDENTITY[sdk=iphoneos*]" = "iPhone Developer";
				COPY_PHASE_STRIP = NO;
				DEBUG_INFORMATION_FORMAT = dwarf;
				ENABLE_STRICT_OBJC_MSGSEND = YES;
				ENABLE_TESTABILITY = YES;
				GCC_C_LANGUAGE_STANDARD = gnu99;
				GCC_DYNAMIC_NO_PIC = NO;
				GCC_NO_COMMON_BLOCKS = YES;
				GCC_OPTIMIZATION_LEVEL = 0;
				GCC_PREPROCESSOR_DEFINITIONS = (
					"DEBUG=1",
					"$(inherited)",
				);
				GCC_WARN_64_TO_32_BIT_CONVERSION = YES;
				GCC_WARN_ABOUT_RETURN_TYPE = YES_ERROR;
				GCC_WARN_UNDECLARED_SELECTOR = YES;
				GCC_WARN_UNINITIALIZED_AUTOS = YES_AGGRESSIVE;
				GCC_WARN_UNUSED_FUNCTION = YES;
				GCC_WARN_UNUSED_VARIABLE = YES;
				IPHONEOS_DEPLOYMENT_TARGET = 10.3;
				MTL_ENABLE_DEBUG_INFO = YES;
				ONLY_ACTIVE_ARCH = YES;
				SDKROOT = iphoneos;
			};
			name = Debug;
		};
		5962FFCB1EC982CD009BC3C8 /* Release */ = {
			isa = XCBuildConfiguration;
			buildSettings = {
				ALWAYS_SEARCH_USER_PATHS = NO;
				CLANG_ANALYZER_NONNULL = YES;
				CLANG_ANALYZER_NUMBER_OBJECT_CONVERSION = YES_AGGRESSIVE;
				CLANG_CXX_LANGUAGE_STANDARD = "gnu++0x";
				CLANG_CXX_LIBRARY = "libc++";
				CLANG_ENABLE_MODULES = YES;
				CLANG_ENABLE_OBJC_ARC = YES;
				CLANG_WARN_BOOL_CONVERSION = YES;
				CLANG_WARN_CONSTANT_CONVERSION = YES;
				CLANG_WARN_DIRECT_OBJC_ISA_USAGE = YES_ERROR;
				CLANG_WARN_DOCUMENTATION_COMMENTS = YES;
				CLANG_WARN_EMPTY_BODY = YES;
				CLANG_WARN_ENUM_CONVERSION = YES;
				CLANG_WARN_INFINITE_RECURSION = YES;
				CLANG_WARN_INT_CONVERSION = YES;
				CLANG_WARN_OBJC_ROOT_CLASS = YES_ERROR;
				CLANG_WARN_SUSPICIOUS_MOVE = YES;
				CLANG_WARN_UNREACHABLE_CODE = YES;
				CLANG_WARN__DUPLICATE_METHOD_MATCH = YES;
				"CODE_SIGN_IDENTITY[sdk=iphoneos*]" = "iPhone Developer";
				COPY_PHASE_STRIP = NO;
				DEBUG_INFORMATION_FORMAT = "dwarf-with-dsym";
				ENABLE_NS_ASSERTIONS = NO;
				ENABLE_STRICT_OBJC_MSGSEND = YES;
				GCC_C_LANGUAGE_STANDARD = gnu99;
				GCC_NO_COMMON_BLOCKS = YES;
				GCC_WARN_64_TO_32_BIT_CONVERSION = YES;
				GCC_WARN_ABOUT_RETURN_TYPE = YES_ERROR;
				GCC_WARN_UNDECLARED_SELECTOR = YES;
				GCC_WARN_UNINITIALIZED_AUTOS = YES_AGGRESSIVE;
				GCC_WARN_UNUSED_FUNCTION = YES;
				GCC_WARN_UNUSED_VARIABLE = YES;
				IPHONEOS_DEPLOYMENT_TARGET = 10.3;
				MTL_ENABLE_DEBUG_INFO = NO;
				SDKROOT = iphoneos;
				VALIDATE_PRODUCT = YES;
			};
			name = Release;
		};
		5962FFCD1EC982CD009BC3C8 /* Debug */ = {
			isa = XCBuildConfiguration;
			buildSettings = {
				ASSETCATALOG_COMPILER_APPICON_NAME = AppIcon;
				INFOPLIST_FILE = UIImageView/Info.plist;
				LD_RUNPATH_SEARCH_PATHS = "$(inherited) @executable_path/Frameworks";
				PRODUCT_BUNDLE_IDENTIFIER = com.zccoder.UIImageView;
				PRODUCT_NAME = "$(TARGET_NAME)";
			};
			name = Debug;
		};
		5962FFCE1EC982CD009BC3C8 /* Release */ = {
			isa = XCBuildConfiguration;
			buildSettings = {
				ASSETCATALOG_COMPILER_APPICON_NAME = AppIcon;
				INFOPLIST_FILE = UIImageView/Info.plist;
				LD_RUNPATH_SEARCH_PATHS = "$(inherited) @executable_path/Frameworks";
				PRODUCT_BUNDLE_IDENTIFIER = com.zccoder.UIImageView;
				PRODUCT_NAME = "$(TARGET_NAME)";
			};
			name = Release;
		};
		5962FFD01EC982CD009BC3C8 /* Debug */ = {
			isa = XCBuildConfiguration;
			buildSettings = {
				BUNDLE_LOADER = "$(TEST_HOST)";
				INFOPLIST_FILE = UIImageViewTests/Info.plist;
				LD_RUNPATH_SEARCH_PATHS = "$(inherited) @executable_path/Frameworks @loader_path/Frameworks";
				PRODUCT_BUNDLE_IDENTIFIER = com.zccoder.UIImageViewTests;
				PRODUCT_NAME = "$(TARGET_NAME)";
				TEST_HOST = "$(BUILT_PRODUCTS_DIR)/UIImageView.app/UIImageView";
			};
			name = Debug;
		};
		5962FFD11EC982CD009BC3C8 /* Release */ = {
			isa = XCBuildConfiguration;
			buildSettings = {
				BUNDLE_LOADER = "$(TEST_HOST)";
				INFOPLIST_FILE = UIImageViewTests/Info.plist;
				LD_RUNPATH_SEARCH_PATHS = "$(inherited) @executable_path/Frameworks @loader_path/Frameworks";
				PRODUCT_BUNDLE_IDENTIFIER = com.zccoder.UIImageViewTests;
				PRODUCT_NAME = "$(TARGET_NAME)";
				TEST_HOST = "$(BUILT_PRODUCTS_DIR)/UIImageView.app/UIImageView";
			};
			name = Release;
		};
		5962FFD31EC982CD009BC3C8 /* Debug */ = {
			isa = XCBuildConfiguration;
			buildSettings = {
				INFOPLIST_FILE = UIImageViewUITests/Info.plist;
				LD_RUNPATH_SEARCH_PATHS = "$(inherited) @executable_path/Frameworks @loader_path/Frameworks";
				PRODUCT_BUNDLE_IDENTIFIER = com.zccoder.UIImageViewUITests;
				PRODUCT_NAME = "$(TARGET_NAME)";
				TEST_TARGET_NAME = UIImageView;
			};
			name = Debug;
		};
		5962FFD41EC982CD009BC3C8 /* Release */ = {
			isa = XCBuildConfiguration;
			buildSettings = {
				INFOPLIST_FILE = UIImageViewUITests/Info.plist;
				LD_RUNPATH_SEARCH_PATHS = "$(inherited) @executable_path/Frameworks @loader_path/Frameworks";
				PRODUCT_BUNDLE_IDENTIFIER = com.zccoder.UIImageViewUITests;
				PRODUCT_NAME = "$(TARGET_NAME)";
				TEST_TARGET_NAME = UIImageView;
			};
			name = Release;
		};
/* End XCBuildConfiguration section */

/* Begin XCConfigurationList section */
		5962FF9A1EC982CC009BC3C8 /* Build configuration list for PBXProject "UIImageView" */ = {
			isa = XCConfigurationList;
			buildConfigurations = (
				5962FFCA1EC982CD009BC3C8 /* Debug */,
				5962FFCB1EC982CD009BC3C8 /* Release */,
			);
			defaultConfigurationIsVisible = 0;
			defaultConfigurationName = Release;
		};
		5962FFCC1EC982CD009BC3C8 /* Build configuration list for PBXNativeTarget "UIImageView" */ = {
			isa = XCConfigurationList;
			buildConfigurations = (
				5962FFCD1EC982CD009BC3C8 /* Debug */,
				5962FFCE1EC982CD009BC3C8 /* Release */,
			);
			defaultConfigurationIsVisible = 0;
		};
		5962FFCF1EC982CD009BC3C8 /* Build configuration list for PBXNativeTarget "UIImageViewTests" */ = {
			isa = XCConfigurationList;
			buildConfigurations = (
				5962FFD01EC982CD009BC3C8 /* Debug */,
				5962FFD11EC982CD009BC3C8 /* Release */,
			);
			defaultConfigurationIsVisible = 0;
		};
		5962FFD21EC982CD009BC3C8 /* Build configuration list for PBXNativeTarget "UIImageViewUITests" */ = {
			isa = XCConfigurationList;
			buildConfigurations = (
				5962FFD31EC982CD009BC3C8 /* Debug */,
				5962FFD41EC982CD009BC3C8 /* Release */,
			);
			defaultConfigurationIsVisible = 0;
		};
/* End XCConfigurationList section */
	};
	rootObject = 5962FF971EC982CC009BC3C8 /* Project object */;
}
