// !$*UTF8*$!
{
	archiveVersion = 1;
	classes = {
	};
	objectVersion = 46;
	objects = {

/* Begin PBXBuildFile section */
		5962FF651EC97957009BC3C8 /* main.m in Sources */ = {isa = PBXBuildFile; fileRef = 5962FF641EC97957009BC3C8 /* main.m */; };
		5962FF681EC97957009BC3C8 /* AppDelegate.m in Sources */ = {isa = PBXBuildFile; fileRef = 5962FF671EC97957009BC3C8 /* AppDelegate.m */; };
		5962FF6B1EC97957009BC3C8 /* ViewController.m in Sources */ = {isa = PBXBuildFile; fileRef = 5962FF6A1EC97957009BC3C8 /* ViewController.m */; };
		5962FF6E1EC97957009BC3C8 /* Main.storyboard in Resources */ = {isa = PBXBuildFile; fileRef = 5962FF6C1EC97957009BC3C8 /* Main.storyboard */; };
		5962FF701EC97957009BC3C8 /* Assets.xcassets in Resources */ = {isa = PBXBuildFile; fileRef = 5962FF6F1EC97957009BC3C8 /* Assets.xcassets */; };
		5962FF731EC97957009BC3C8 /* LaunchScreen.storyboard in Resources */ = {isa = PBXBuildFile; fileRef = 5962FF711EC97957009BC3C8 /* LaunchScreen.storyboard */; };
		5962FF7E1EC97958009BC3C8 /* UILableTests.m in Sources */ = {isa = PBXBuildFile; fileRef = 5962FF7D1EC97958009BC3C8 /* UILableTests.m */; };
		5962FF891EC97958009BC3C8 /* UILableUITests.m in Sources */ = {isa = PBXBuildFile; fileRef = 5962FF881EC97958009BC3C8 /* UILableUITests.m */; };
/* End PBXBuildFile section */

/* Begin PBXContainerItemProxy section */
		5962FF7A1EC97958009BC3C8 /* PBXContainerItemProxy */ = {
			isa = PBXContainerItemProxy;
			containerPortal = 5962FF581EC97957009BC3C8 /* Project object */;
			proxyType = 1;
			remoteGlobalIDString = 5962FF5F1EC97957009BC3C8;
			remoteInfo = UILable;
		};
		5962FF851EC97958009BC3C8 /* PBXContainerItemProxy */ = {
			isa = PBXContainerItemProxy;
			containerPortal = 5962FF581EC97957009BC3C8 /* Project object */;
			proxyType = 1;
			remoteGlobalIDString = 5962FF5F1EC97957009BC3C8;
			remoteInfo = UILable;
		};
/* End PBXContainerItemProxy section */

/* Begin PBXFileReference section */
		5962FF601EC97957009BC3C8 /* UILable.app */ = {isa = PBXFileReference; explicitFileType = wrapper.application; includeInIndex = 0; path = UILable.app; sourceTree = BUILT_PRODUCTS_DIR; };
		5962FF641EC97957009BC3C8 /* main.m */ = {isa = PBXFileReference; lastKnownFileType = sourcecode.c.objc; path = main.m; sourceTree = "<group>"; };
		5962FF661EC97957009BC3C8 /* AppDelegate.h */ = {isa = PBXFileReference; lastKnownFileType = sourcecode.c.h; path = AppDelegate.h; sourceTree = "<group>"; };
		5962FF671EC97957009BC3C8 /* AppDelegate.m */ = {isa = PBXFileReference; lastKnownFileType = sourcecode.c.objc; path = AppDelegate.m; sourceTree = "<group>"; };
		5962FF691EC97957009BC3C8 /* ViewController.h */ = {isa = PBXFileReference; lastKnownFileType = sourcecode.c.h; path = ViewController.h; sourceTree = "<group>"; };
		5962FF6A1EC97957009BC3C8 /* ViewController.m */ = {isa = PBXFileReference; lastKnownFileType = sourcecode.c.objc; path = ViewController.m; sourceTree = "<group>"; };
		5962FF6D1EC97957009BC3C8 /* Base */ = {isa = PBXFileReference; lastKnownFileType = file.storyboard; name = Base; path = Base.lproj/Main.storyboard; sourceTree = "<group>"; };
		5962FF6F1EC97957009BC3C8 /* Assets.xcassets */ = {isa = PBXFileReference; lastKnownFileType = folder.assetcatalog; path = Assets.xcassets; sourceTree = "<group>"; };
		5962FF721EC97957009BC3C8 /* Base */ = {isa = PBXFileReference; lastKnownFileType = file.storyboard; name = Base; path = Base.lproj/LaunchScreen.storyboard; sourceTree = "<group>"; };
		5962FF741EC97957009BC3C8 /* Info.plist */ = {isa = PBXFileReference; lastKnownFileType = text.plist.xml; path = Info.plist; sourceTree = "<group>"; };
		5962FF791EC97958009BC3C8 /* UILableTests.xctest */ = {isa = PBXFileReference; explicitFileType = wrapper.cfbundle; includeInIndex = 0; path = UILableTests.xctest; sourceTree = BUILT_PRODUCTS_DIR; };
		5962FF7D1EC97958009BC3C8 /* UILableTests.m */ = {isa = PBXFileReference; lastKnownFileType = sourcecode.c.objc; path = UILableTests.m; sourceTree = "<group>"; };
		5962FF7F1EC97958009BC3C8 /* Info.plist */ = {isa = PBXFileReference; lastKnownFileType = text.plist.xml; path = Info.plist; sourceTree = "<group>"; };
		5962FF841EC97958009BC3C8 /* UILableUITests.xctest */ = {isa = PBXFileReference; explicitFileType = wrapper.cfbundle; includeInIndex = 0; path = UILableUITests.xctest; sourceTree = BUILT_PRODUCTS_DIR; };
		5962FF881EC97958009BC3C8 /* UILableUITests.m */ = {isa = PBXFileReference; lastKnownFileType = sourcecode.c.objc; path = UILableUITests.m; sourceTree = "<group>"; };
		5962FF8A1EC97958009BC3C8 /* Info.plist */ = {isa = PBXFileReference; lastKnownFileType = text.plist.xml; path = Info.plist; sourceTree = "<group>"; };
/* End PBXFileReference section */

/* Begin PBXFrameworksBuildPhase section */
		5962FF5D1EC97957009BC3C8 /* Frameworks */ = {
			isa = PBXFrameworksBuildPhase;
			buildActionMask = 2147483647;
			files = (
			);
			runOnlyForDeploymentPostprocessing = 0;
		};
		5962FF761EC97958009BC3C8 /* Frameworks */ = {
			isa = PBXFrameworksBuildPhase;
			buildActionMask = 2147483647;
			files = (
			);
			runOnlyForDeploymentPostprocessing = 0;
		};
		5962FF811EC97958009BC3C8 /* Frameworks */ = {
			isa = PBXFrameworksBuildPhase;
			buildActionMask = 2147483647;
			files = (
			);
			runOnlyForDeploymentPostprocessing = 0;
		};
/* End PBXFrameworksBuildPhase section */

/* Begin PBXGroup section */
		5962FF571EC97957009BC3C8 = {
			isa = PBXGroup;
			children = (
				5962FF621EC97957009BC3C8 /* UILable */,
				5962FF7C1EC97958009BC3C8 /* UILableTests */,
				5962FF871EC97958009BC3C8 /* UILableUITests */,
				5962FF611EC97957009BC3C8 /* Products */,
			);
			sourceTree = "<group>";
		};
		5962FF611EC97957009BC3C8 /* Products */ = {
			isa = PBXGroup;
			children = (
				5962FF601EC97957009BC3C8 /* UILable.app */,
				5962FF791EC97958009BC3C8 /* UILableTests.xctest */,
				5962FF841EC97958009BC3C8 /* UILableUITests.xctest */,
			);
			name = Products;
			sourceTree = "<group>";
		};
		5962FF621EC97957009BC3C8 /* UILable */ = {
			isa = PBXGroup;
			children = (
				5962FF661EC97957009BC3C8 /* AppDelegate.h */,
				5962FF671EC97957009BC3C8 /* AppDelegate.m */,
				5962FF691EC97957009BC3C8 /* ViewController.h */,
				5962FF6A1EC97957009BC3C8 /* ViewController.m */,
				5962FF6C1EC97957009BC3C8 /* Main.storyboard */,
				5962FF6F1EC97957009BC3C8 /* Assets.xcassets */,
				5962FF711EC97957009BC3C8 /* LaunchScreen.storyboard */,
				5962FF741EC97957009BC3C8 /* Info.plist */,
				5962FF631EC97957009BC3C8 /* Supporting Files */,
			);
			path = UILable;
			sourceTree = "<group>";
		};
		5962FF631EC97957009BC3C8 /* Supporting Files */ = {
			isa = PBXGroup;
			children = (
				5962FF641EC97957009BC3C8 /* main.m */,
			);
			name = "Supporting Files";
			sourceTree = "<group>";
		};
		5962FF7C1EC97958009BC3C8 /* UILableTests */ = {
			isa = PBXGroup;
			children = (
				5962FF7D1EC97958009BC3C8 /* UILableTests.m */,
				5962FF7F1EC97958009BC3C8 /* Info.plist */,
			);
			path = UILableTests;
			sourceTree = "<group>";
		};
		5962FF871EC97958009BC3C8 /* UILableUITests */ = {
			isa = PBXGroup;
			children = (
				5962FF881EC97958009BC3C8 /* UILableUITests.m */,
				5962FF8A1EC97958009BC3C8 /* Info.plist */,
			);
			path = UILableUITests;
			sourceTree = "<group>";
		};
/* End PBXGroup section */

/* Begin PBXNativeTarget section */
		5962FF5F1EC97957009BC3C8 /* UILable */ = {
			isa = PBXNativeTarget;
			buildConfigurationList = 5962FF8D1EC97958009BC3C8 /* Build configuration list for PBXNativeTarget "UILable" */;
			buildPhases = (
				5962FF5C1EC97957009BC3C8 /* Sources */,
				5962FF5D1EC97957009BC3C8 /* Frameworks */,
				5962FF5E1EC97957009BC3C8 /* Resources */,
			);
			buildRules = (
			);
			dependencies = (
			);
			name = UILable;
			productName = UILable;
			productReference = 5962FF601EC97957009BC3C8 /* UILable.app */;
			productType = "com.apple.product-type.application";
		};
		5962FF781EC97958009BC3C8 /* UILableTests */ = {
			isa = PBXNativeTarget;
			buildConfigurationList = 5962FF901EC97958009BC3C8 /* Build configuration list for PBXNativeTarget "UILableTests" */;
			buildPhases = (
				5962FF751EC97958009BC3C8 /* Sources */,
				5962FF761EC97958009BC3C8 /* Frameworks */,
				5962FF771EC97958009BC3C8 /* Resources */,
			);
			buildRules = (
			);
			dependencies = (
				5962FF7B1EC97958009BC3C8 /* PBXTargetDependency */,
			);
			name = UILableTests;
			productName = UILableTests;
			productReference = 5962FF791EC97958009BC3C8 /* UILableTests.xctest */;
			productType = "com.apple.product-type.bundle.unit-test";
		};
		5962FF831EC97958009BC3C8 /* UILableUITests */ = {
			isa = PBXNativeTarget;
			buildConfigurationList = 5962FF931EC97958009BC3C8 /* Build configuration list for PBXNativeTarget "UILableUITests" */;
			buildPhases = (
				5962FF801EC97958009BC3C8 /* Sources */,
				5962FF811EC97958009BC3C8 /* Frameworks */,
				5962FF821EC97958009BC3C8 /* Resources */,
			);
			buildRules = (
			);
			dependencies = (
				5962FF861EC97958009BC3C8 /* PBXTargetDependency */,
			);
			name = UILableUITests;
			productName = UILableUITests;
			productReference = 5962FF841EC97958009BC3C8 /* UILableUITests.xctest */;
			productType = "com.apple.product-type.bundle.ui-testing";
		};
/* End PBXNativeTarget section */

/* Begin PBXProject section */
		5962FF581EC97957009BC3C8 /* Project object */ = {
			isa = PBXProject;
			attributes = {
				LastUpgradeCheck = 0830;
				ORGANIZATIONNAME = com.zccoder;
				TargetAttributes = {
					5962FF5F1EC97957009BC3C8 = {
						CreatedOnToolsVersion = 8.3.2;
						ProvisioningStyle = Automatic;
					};
					5962FF781EC97958009BC3C8 = {
						CreatedOnToolsVersion = 8.3.2;
						ProvisioningStyle = Automatic;
						TestTargetID = 5962FF5F1EC97957009BC3C8;
					};
					5962FF831EC97958009BC3C8 = {
						CreatedOnToolsVersion = 8.3.2;
						ProvisioningStyle = Automatic;
						TestTargetID = 5962FF5F1EC97957009BC3C8;
					};
				};
			};
			buildConfigurationList = 5962FF5B1EC97957009BC3C8 /* Build configuration list for PBXProject "UILable" */;
			compatibilityVersion = "Xcode 3.2";
			developmentRegion = English;
			hasScannedForEncodings = 0;
			knownRegions = (
				en,
				Base,
			);
			mainGroup = 5962FF571EC97957009BC3C8;
			productRefGroup = 5962FF611EC97957009BC3C8 /* Products */;
			projectDirPath = "";
			projectRoot = "";
			targets = (
				5962FF5F1EC97957009BC3C8 /* UILable */,
				5962FF781EC97958009BC3C8 /* UILableTests */,
				5962FF831EC97958009BC3C8 /* UILableUITests */,
			);
		};
/* End PBXProject section */

/* Begin PBXResourcesBuildPhase section */
		5962FF5E1EC97957009BC3C8 /* Resources */ = {
			isa = PBXResourcesBuildPhase;
			buildActionMask = 2147483647;
			files = (
				5962FF731EC97957009BC3C8 /* LaunchScreen.storyboard in Resources */,
				5962FF701EC97957009BC3C8 /* Assets.xcassets in Resources */,
				5962FF6E1EC97957009BC3C8 /* Main.storyboard in Resources */,
			);
			runOnlyForDeploymentPostprocessing = 0;
		};
		5962FF771EC97958009BC3C8 /* Resources */ = {
			isa = PBXResourcesBuildPhase;
			buildActionMask = 2147483647;
			files = (
			);
			runOnlyForDeploymentPostprocessing = 0;
		};
		5962FF821EC97958009BC3C8 /* Resources */ = {
			isa = PBXResourcesBuildPhase;
			buildActionMask = 2147483647;
			files = (
			);
			runOnlyForDeploymentPostprocessing = 0;
		};
/* End PBXResourcesBuildPhase section */

/* Begin PBXSourcesBuildPhase section */
		5962FF5C1EC97957009BC3C8 /* Sources */ = {
			isa = PBXSourcesBuildPhase;
			buildActionMask = 2147483647;
			files = (
				5962FF6B1EC97957009BC3C8 /* ViewController.m in Sources */,
				5962FF681EC97957009BC3C8 /* AppDelegate.m in Sources */,
				5962FF651EC97957009BC3C8 /* main.m in Sources */,
			);
			runOnlyForDeploymentPostprocessing = 0;
		};
		5962FF751EC97958009BC3C8 /* Sources */ = {
			isa = PBXSourcesBuildPhase;
			buildActionMask = 2147483647;
			files = (
				5962FF7E1EC97958009BC3C8 /* UILableTests.m in Sources */,
			);
			runOnlyForDeploymentPostprocessing = 0;
		};
		5962FF801EC97958009BC3C8 /* Sources */ = {
			isa = PBXSourcesBuildPhase;
			buildActionMask = 2147483647;
			files = (
				5962FF891EC97958009BC3C8 /* UILableUITests.m in Sources */,
			);
			runOnlyForDeploymentPostprocessing = 0;
		};
/* End PBXSourcesBuildPhase section */

/* Begin PBXTargetDependency section */
		5962FF7B1EC97958009BC3C8 /* PBXTargetDependency */ = {
			isa = PBXTargetDependency;
			target = 5962FF5F1EC97957009BC3C8 /* UILable */;
			targetProxy = 5962FF7A1EC97958009BC3C8 /* PBXContainerItemProxy */;
		};
		5962FF861EC97958009BC3C8 /* PBXTargetDependency */ = {
			isa = PBXTargetDependency;
			target = 5962FF5F1EC97957009BC3C8 /* UILable */;
			targetProxy = 5962FF851EC97958009BC3C8 /* PBXContainerItemProxy */;
		};
/* End PBXTargetDependency section */

/* Begin PBXVariantGroup section */
		5962FF6C1EC97957009BC3C8 /* Main.storyboard */ = {
			isa = PBXVariantGroup;
			children = (
				5962FF6D1EC97957009BC3C8 /* Base */,
			);
			name = Main.storyboard;
			sourceTree = "<group>";
		};
		5962FF711EC97957009BC3C8 /* LaunchScreen.storyboard */ = {
			isa = PBXVariantGroup;
			children = (
				5962FF721EC97957009BC3C8 /* Base */,
			);
			name = LaunchScreen.storyboard;
			sourceTree = "<group>";
		};
/* End PBXVariantGroup section */

/* Begin XCBuildConfiguration section */
		5962FF8B1EC97958009BC3C8 /* Debug */ = {
			isa = XCBuildConfiguration;
			buildSettings = {
				ALWAYS_SEARCH_USER_PATHS = NO;
				CLANG_ANALYZER_NONNULL = YES;
				CLANG_ANALYZER_NUMBER_OBJECT_CONVERSION = YES_AGGRESSIVE;
				CLANG_CXX_LANGUAGE_STANDARD = "gnu++0x";
				CLANG_CXX_LIBRARY = "libc++";
				CLANG_ENABLE_MODULES = YES;
				CLANG_ENABLE_OBJC_ARC = YES;
				CLANG_WARN_BOOL_CONVERSION = YES;
				CLANG_WARN_CONSTANT_CONVERSION = YES;
				CLANG_WARN_DIRECT_OBJC_ISA_USAGE = YES_ERROR;
				CLANG_WARN_DOCUMENTATION_COMMENTS = YES;
				CLANG_WARN_EMPTY_BODY = YES;
				CLANG_WARN_ENUM_CONVERSION = YES;
				CLANG_WARN_INFINITE_RECURSION = YES;
				CLANG_WARN_INT_CONVERSION = YES;
				CLANG_WARN_OBJC_ROOT_CLASS = YES_ERROR;
				CLANG_WARN_SUSPICIOUS_MOVE = YES;
				CLANG_WARN_UNREACHABLE_CODE = YES;
				CLANG_WARN__DUPLICATE_METHOD_MATCH = YES;
				"CODE_SIGN_IDENTITY[sdk=iphoneos*]" = "iPhone Developer";
				COPY_PHASE_STRIP = NO;
				DEBUG_INFORMATION_FORMAT = dwarf;
				ENABLE_STRICT_OBJC_MSGSEND = YES;
				ENABLE_TESTABILITY = YES;
				GCC_C_LANGUAGE_STANDARD = gnu99;
				GCC_DYNAMIC_NO_PIC = NO;
				GCC_NO_COMMON_BLOCKS = YES;
				GCC_OPTIMIZATION_LEVEL = 0;
				GCC_PREPROCESSOR_DEFINITIONS = (
					"DEBUG=1",
					"$(inherited)",
				);
				GCC_WARN_64_TO_32_BIT_CONVERSION = YES;
				GCC_WARN_ABOUT_RETURN_TYPE = YES_ERROR;
				GCC_WARN_UNDECLARED_SELECTOR = YES;
				GCC_WARN_UNINITIALIZED_AUTOS = YES_AGGRESSIVE;
				GCC_WARN_UNUSED_FUNCTION = YES;
				GCC_WARN_UNUSED_VARIABLE = YES;
				IPHONEOS_DEPLOYMENT_TARGET = 10.3;
				MTL_ENABLE_DEBUG_INFO = YES;
				ONLY_ACTIVE_ARCH = YES;
				SDKROOT = iphoneos;
			};
			name = Debug;
		};
		5962FF8C1EC97958009BC3C8 /* Release */ = {
			isa = XCBuildConfiguration;
			buildSettings = {
				ALWAYS_SEARCH_USER_PATHS = NO;
				CLANG_ANALYZER_NONNULL = YES;
				CLANG_ANALYZER_NUMBER_OBJECT_CONVERSION = YES_AGGRESSIVE;
				CLANG_CXX_LANGUAGE_STANDARD = "gnu++0x";
				CLANG_CXX_LIBRARY = "libc++";
				CLANG_ENABLE_MODULES = YES;
				CLANG_ENABLE_OBJC_ARC = YES;
				CLANG_WARN_BOOL_CONVERSION = YES;
				CLANG_WARN_CONSTANT_CONVERSION = YES;
				CLANG_WARN_DIRECT_OBJC_ISA_USAGE = YES_ERROR;
				CLANG_WARN_DOCUMENTATION_COMMENTS = YES;
				CLANG_WARN_EMPTY_BODY = YES;
				CLANG_WARN_ENUM_CONVERSION = YES;
				CLANG_WARN_INFINITE_RECURSION = YES;
				CLANG_WARN_INT_CONVERSION = YES;
				CLANG_WARN_OBJC_ROOT_CLASS = YES_ERROR;
				CLANG_WARN_SUSPICIOUS_MOVE = YES;
				CLANG_WARN_UNREACHABLE_CODE = YES;
				CLANG_WARN__DUPLICATE_METHOD_MATCH = YES;
				"CODE_SIGN_IDENTITY[sdk=iphoneos*]" = "iPhone Developer";
				COPY_PHASE_STRIP = NO;
				DEBUG_INFORMATION_FORMAT = "dwarf-with-dsym";
				ENABLE_NS_ASSERTIONS = NO;
				ENABLE_STRICT_OBJC_MSGSEND = YES;
				GCC_C_LANGUAGE_STANDARD = gnu99;
				GCC_NO_COMMON_BLOCKS = YES;
				GCC_WARN_64_TO_32_BIT_CONVERSION = YES;
				GCC_WARN_ABOUT_RETURN_TYPE = YES_ERROR;
				GCC_WARN_UNDECLARED_SELECTOR = YES;
				GCC_WARN_UNINITIALIZED_AUTOS = YES_AGGRESSIVE;
				GCC_WARN_UNUSED_FUNCTION = YES;
				GCC_WARN_UNUSED_VARIABLE = YES;
				IPHONEOS_DEPLOYMENT_TARGET = 10.3;
				MTL_ENABLE_DEBUG_INFO = NO;
				SDKROOT = iphoneos;
				VALIDATE_PRODUCT = YES;
			};
			name = Release;
		};
		5962FF8E1EC97958009BC3C8 /* Debug */ = {
			isa = XCBuildConfiguration;
			buildSettings = {
				ASSETCATALOG_COMPILER_APPICON_NAME = AppIcon;
				INFOPLIST_FILE = UILable/Info.plist;
				LD_RUNPATH_SEARCH_PATHS = "$(inherited) @executable_path/Frameworks";
				PRODUCT_BUNDLE_IDENTIFIER = com.zccoder.UILable;
				PRODUCT_NAME = "$(TARGET_NAME)";
			};
			name = Debug;
		};
		5962FF8F1EC97958009BC3C8 /* Release */ = {
			isa = XCBuildConfiguration;
			buildSettings = {
				ASSETCATALOG_COMPILER_APPICON_NAME = AppIcon;
				INFOPLIST_FILE = UILable/Info.plist;
				LD_RUNPATH_SEARCH_PATHS = "$(inherited) @executable_path/Frameworks";
				PRODUCT_BUNDLE_IDENTIFIER = com.zccoder.UILable;
				PRODUCT_NAME = "$(TARGET_NAME)";
			};
			name = Release;
		};
		5962FF911EC97958009BC3C8 /* Debug */ = {
			isa = XCBuildConfiguration;
			buildSettings = {
				BUNDLE_LOADER = "$(TEST_HOST)";
				INFOPLIST_FILE = UILableTests/Info.plist;
				LD_RUNPATH_SEARCH_PATHS = "$(inherited) @executable_path/Frameworks @loader_path/Frameworks";
				PRODUCT_BUNDLE_IDENTIFIER = com.zccoder.UILableTests;
				PRODUCT_NAME = "$(TARGET_NAME)";
				TEST_HOST = "$(BUILT_PRODUCTS_DIR)/UILable.app/UILable";
			};
			name = Debug;
		};
		5962FF921EC97958009BC3C8 /* Release */ = {
			isa = XCBuildConfiguration;
			buildSettings = {
				BUNDLE_LOADER = "$(TEST_HOST)";
				INFOPLIST_FILE = UILableTests/Info.plist;
				LD_RUNPATH_SEARCH_PATHS = "$(inherited) @executable_path/Frameworks @loader_path/Frameworks";
				PRODUCT_BUNDLE_IDENTIFIER = com.zccoder.UILableTests;
				PRODUCT_NAME = "$(TARGET_NAME)";
				TEST_HOST = "$(BUILT_PRODUCTS_DIR)/UILable.app/UILable";
			};
			name = Release;
		};
		5962FF941EC97958009BC3C8 /* Debug */ = {
			isa = XCBuildConfiguration;
			buildSettings = {
				INFOPLIST_FILE = UILableUITests/Info.plist;
				LD_RUNPATH_SEARCH_PATHS = "$(inherited) @executable_path/Frameworks @loader_path/Frameworks";
				PRODUCT_BUNDLE_IDENTIFIER = com.zccoder.UILableUITests;
				PRODUCT_NAME = "$(TARGET_NAME)";
				TEST_TARGET_NAME = UILable;
			};
			name = Debug;
		};
		5962FF951EC97958009BC3C8 /* Release */ = {
			isa = XCBuildConfiguration;
			buildSettings = {
				INFOPLIST_FILE = UILableUITests/Info.plist;
				LD_RUNPATH_SEARCH_PATHS = "$(inherited) @executable_path/Frameworks @loader_path/Frameworks";
				PRODUCT_BUNDLE_IDENTIFIER = com.zccoder.UILableUITests;
				PRODUCT_NAME = "$(TARGET_NAME)";
				TEST_TARGET_NAME = UILable;
			};
			name = Release;
		};
/* End XCBuildConfiguration section */

/* Begin XCConfigurationList section */
		5962FF5B1EC97957009BC3C8 /* Build configuration list for PBXProject "UILable" */ = {
			isa = XCConfigurationList;
			buildConfigurations = (
				5962FF8B1EC97958009BC3C8 /* Debug */,
				5962FF8C1EC97958009BC3C8 /* Release */,
			);
			defaultConfigurationIsVisible = 0;
			defaultConfigurationName = Release;
		};
		5962FF8D1EC97958009BC3C8 /* Build configuration list for PBXNativeTarget "UILable" */ = {
			isa = XCConfigurationList;
			buildConfigurations = (
				5962FF8E1EC97958009BC3C8 /* Debug */,
				5962FF8F1EC97958009BC3C8 /* Release */,
			);
			defaultConfigurationIsVisible = 0;
		};
		5962FF901EC97958009BC3C8 /* Build configuration list for PBXNativeTarget "UILableTests" */ = {
			isa = XCConfigurationList;
			buildConfigurations = (
				5962FF911EC97958009BC3C8 /* Debug */,
				5962FF921EC97958009BC3C8 /* Release */,
			);
			defaultConfigurationIsVisible = 0;
		};
		5962FF931EC97958009BC3C8 /* Build configuration list for PBXNativeTarget "UILableUITests" */ = {
			isa = XCConfigurationList;
			buildConfigurations = (
				5962FF941EC97958009BC3C8 /* Debug */,
				5962FF951EC97958009BC3C8 /* Release */,
			);
			defaultConfigurationIsVisible = 0;
		};
/* End XCConfigurationList section */
	};
	rootObject = 5962FF581EC97957009BC3C8 /* Project object */;
}
