// !$*UTF8*$!
{
	archiveVersion = 1;
	classes = {
	};
	objectVersion = 46;
	objects = {

/* Begin PBXBuildFile section */
		5968D4931EE671BA00365807 /* main.m in Sources */ = {isa = PBXBuildFile; fileRef = 5968D4921EE671BA00365807 /* main.m */; };
		5968D4961EE671BA00365807 /* AppDelegate.m in Sources */ = {isa = PBXBuildFile; fileRef = 5968D4951EE671BA00365807 /* AppDelegate.m */; };
		5968D4991EE671BA00365807 /* ViewController.m in Sources */ = {isa = PBXBuildFile; fileRef = 5968D4981EE671BA00365807 /* ViewController.m */; };
		5968D49C1EE671BA00365807 /* Main.storyboard in Resources */ = {isa = PBXBuildFile; fileRef = 5968D49A1EE671BA00365807 /* Main.storyboard */; };
		5968D49E1EE671BA00365807 /* Assets.xcassets in Resources */ = {isa = PBXBuildFile; fileRef = 5968D49D1EE671BA00365807 /* Assets.xcassets */; };
		5968D4A11EE671BA00365807 /* LaunchScreen.storyboard in Resources */ = {isa = PBXBuildFile; fileRef = 5968D49F1EE671BA00365807 /* LaunchScreen.storyboard */; };
		5968D4AC1EE671BA00365807 /* MyPathFuncTests.m in Sources */ = {isa = PBXBuildFile; fileRef = 5968D4AB1EE671BA00365807 /* MyPathFuncTests.m */; };
		5968D4B71EE671BA00365807 /* MyPathFuncUITests.m in Sources */ = {isa = PBXBuildFile; fileRef = 5968D4B61EE671BA00365807 /* MyPathFuncUITests.m */; };
		59E40FE51EE6A652003307F4 /* 1.jpg in Resources */ = {isa = PBXBuildFile; fileRef = 59E40FE41EE6A652003307F4 /* 1.jpg */; };
/* End PBXBuildFile section */

/* Begin PBXContainerItemProxy section */
		5968D4A81EE671BA00365807 /* PBXContainerItemProxy */ = {
			isa = PBXContainerItemProxy;
			containerPortal = 5968D4861EE671BA00365807 /* Project object */;
			proxyType = 1;
			remoteGlobalIDString = 5968D48D1EE671BA00365807;
			remoteInfo = MyPathFunc;
		};
		5968D4B31EE671BA00365807 /* PBXContainerItemProxy */ = {
			isa = PBXContainerItemProxy;
			containerPortal = 5968D4861EE671BA00365807 /* Project object */;
			proxyType = 1;
			remoteGlobalIDString = 5968D48D1EE671BA00365807;
			remoteInfo = MyPathFunc;
		};
/* End PBXContainerItemProxy section */

/* Begin PBXFileReference section */
		5968D48E1EE671BA00365807 /* MyPathFunc.app */ = {isa = PBXFileReference; explicitFileType = wrapper.application; includeInIndex = 0; path = MyPathFunc.app; sourceTree = BUILT_PRODUCTS_DIR; };
		5968D4921EE671BA00365807 /* main.m */ = {isa = PBXFileReference; lastKnownFileType = sourcecode.c.objc; path = main.m; sourceTree = "<group>"; };
		5968D4941EE671BA00365807 /* AppDelegate.h */ = {isa = PBXFileReference; lastKnownFileType = sourcecode.c.h; path = AppDelegate.h; sourceTree = "<group>"; };
		5968D4951EE671BA00365807 /* AppDelegate.m */ = {isa = PBXFileReference; lastKnownFileType = sourcecode.c.objc; path = AppDelegate.m; sourceTree = "<group>"; };
		5968D4971EE671BA00365807 /* ViewController.h */ = {isa = PBXFileReference; lastKnownFileType = sourcecode.c.h; path = ViewController.h; sourceTree = "<group>"; };
		5968D4981EE671BA00365807 /* ViewController.m */ = {isa = PBXFileReference; lastKnownFileType = sourcecode.c.objc; path = ViewController.m; sourceTree = "<group>"; };
		5968D49B1EE671BA00365807 /* Base */ = {isa = PBXFileReference; lastKnownFileType = file.storyboard; name = Base; path = Base.lproj/Main.storyboard; sourceTree = "<group>"; };
		5968D49D1EE671BA00365807 /* Assets.xcassets */ = {isa = PBXFileReference; lastKnownFileType = folder.assetcatalog; path = Assets.xcassets; sourceTree = "<group>"; };
		5968D4A01EE671BA00365807 /* Base */ = {isa = PBXFileReference; lastKnownFileType = file.storyboard; name = Base; path = Base.lproj/LaunchScreen.storyboard; sourceTree = "<group>"; };
		5968D4A21EE671BA00365807 /* Info.plist */ = {isa = PBXFileReference; lastKnownFileType = text.plist.xml; path = Info.plist; sourceTree = "<group>"; };
		5968D4A71EE671BA00365807 /* MyPathFuncTests.xctest */ = {isa = PBXFileReference; explicitFileType = wrapper.cfbundle; includeInIndex = 0; path = MyPathFuncTests.xctest; sourceTree = BUILT_PRODUCTS_DIR; };
		5968D4AB1EE671BA00365807 /* MyPathFuncTests.m */ = {isa = PBXFileReference; lastKnownFileType = sourcecode.c.objc; path = MyPathFuncTests.m; sourceTree = "<group>"; };
		5968D4AD1EE671BA00365807 /* Info.plist */ = {isa = PBXFileReference; lastKnownFileType = text.plist.xml; path = Info.plist; sourceTree = "<group>"; };
		5968D4B21EE671BA00365807 /* MyPathFuncUITests.xctest */ = {isa = PBXFileReference; explicitFileType = wrapper.cfbundle; includeInIndex = 0; path = MyPathFuncUITests.xctest; sourceTree = BUILT_PRODUCTS_DIR; };
		5968D4B61EE671BA00365807 /* MyPathFuncUITests.m */ = {isa = PBXFileReference; lastKnownFileType = sourcecode.c.objc; path = MyPathFuncUITests.m; sourceTree = "<group>"; };
		5968D4B81EE671BA00365807 /* Info.plist */ = {isa = PBXFileReference; lastKnownFileType = text.plist.xml; path = Info.plist; sourceTree = "<group>"; };
		59E40FE41EE6A652003307F4 /* 1.jpg */ = {isa = PBXFileReference; lastKnownFileType = image.jpeg; path = 1.jpg; sourceTree = "<group>"; };
/* End PBXFileReference section */

/* Begin PBXFrameworksBuildPhase section */
		5968D48B1EE671BA00365807 /* Frameworks */ = {
			isa = PBXFrameworksBuildPhase;
			buildActionMask = 2147483647;
			files = (
			);
			runOnlyForDeploymentPostprocessing = 0;
		};
		5968D4A41EE671BA00365807 /* Frameworks */ = {
			isa = PBXFrameworksBuildPhase;
			buildActionMask = 2147483647;
			files = (
			);
			runOnlyForDeploymentPostprocessing = 0;
		};
		5968D4AF1EE671BA00365807 /* Frameworks */ = {
			isa = PBXFrameworksBuildPhase;
			buildActionMask = 2147483647;
			files = (
			);
			runOnlyForDeploymentPostprocessing = 0;
		};
/* End PBXFrameworksBuildPhase section */

/* Begin PBXGroup section */
		5968D4851EE671BA00365807 = {
			isa = PBXGroup;
			children = (
				5968D4901EE671BA00365807 /* MyPathFunc */,
				5968D4AA1EE671BA00365807 /* MyPathFuncTests */,
				5968D4B51EE671BA00365807 /* MyPathFuncUITests */,
				5968D48F1EE671BA00365807 /* Products */,
			);
			sourceTree = "<group>";
		};
		5968D48F1EE671BA00365807 /* Products */ = {
			isa = PBXGroup;
			children = (
				5968D48E1EE671BA00365807 /* MyPathFunc.app */,
				5968D4A71EE671BA00365807 /* MyPathFuncTests.xctest */,
				5968D4B21EE671BA00365807 /* MyPathFuncUITests.xctest */,
			);
			name = Products;
			sourceTree = "<group>";
		};
		5968D4901EE671BA00365807 /* MyPathFunc */ = {
			isa = PBXGroup;
			children = (
				59E40FE41EE6A652003307F4 /* 1.jpg */,
				5968D4941EE671BA00365807 /* AppDelegate.h */,
				5968D4951EE671BA00365807 /* AppDelegate.m */,
				5968D4971EE671BA00365807 /* ViewController.h */,
				5968D4981EE671BA00365807 /* ViewController.m */,
				5968D49A1EE671BA00365807 /* Main.storyboard */,
				5968D49D1EE671BA00365807 /* Assets.xcassets */,
				5968D49F1EE671BA00365807 /* LaunchScreen.storyboard */,
				5968D4A21EE671BA00365807 /* Info.plist */,
				5968D4911EE671BA00365807 /* Supporting Files */,
			);
			path = MyPathFunc;
			sourceTree = "<group>";
		};
		5968D4911EE671BA00365807 /* Supporting Files */ = {
			isa = PBXGroup;
			children = (
				5968D4921EE671BA00365807 /* main.m */,
			);
			name = "Supporting Files";
			sourceTree = "<group>";
		};
		5968D4AA1EE671BA00365807 /* MyPathFuncTests */ = {
			isa = PBXGroup;
			children = (
				5968D4AB1EE671BA00365807 /* MyPathFuncTests.m */,
				5968D4AD1EE671BA00365807 /* Info.plist */,
			);
			path = MyPathFuncTests;
			sourceTree = "<group>";
		};
		5968D4B51EE671BA00365807 /* MyPathFuncUITests */ = {
			isa = PBXGroup;
			children = (
				5968D4B61EE671BA00365807 /* MyPathFuncUITests.m */,
				5968D4B81EE671BA00365807 /* Info.plist */,
			);
			path = MyPathFuncUITests;
			sourceTree = "<group>";
		};
/* End PBXGroup section */

/* Begin PBXNativeTarget section */
		5968D48D1EE671BA00365807 /* MyPathFunc */ = {
			isa = PBXNativeTarget;
			buildConfigurationList = 5968D4BB1EE671BA00365807 /* Build configuration list for PBXNativeTarget "MyPathFunc" */;
			buildPhases = (
				5968D48A1EE671BA00365807 /* Sources */,
				5968D48B1EE671BA00365807 /* Frameworks */,
				5968D48C1EE671BA00365807 /* Resources */,
			);
			buildRules = (
			);
			dependencies = (
			);
			name = MyPathFunc;
			productName = MyPathFunc;
			productReference = 5968D48E1EE671BA00365807 /* MyPathFunc.app */;
			productType = "com.apple.product-type.application";
		};
		5968D4A61EE671BA00365807 /* MyPathFuncTests */ = {
			isa = PBXNativeTarget;
			buildConfigurationList = 5968D4BE1EE671BA00365807 /* Build configuration list for PBXNativeTarget "MyPathFuncTests" */;
			buildPhases = (
				5968D4A31EE671BA00365807 /* Sources */,
				5968D4A41EE671BA00365807 /* Frameworks */,
				5968D4A51EE671BA00365807 /* Resources */,
			);
			buildRules = (
			);
			dependencies = (
				5968D4A91EE671BA00365807 /* PBXTargetDependency */,
			);
			name = MyPathFuncTests;
			productName = MyPathFuncTests;
			productReference = 5968D4A71EE671BA00365807 /* MyPathFuncTests.xctest */;
			productType = "com.apple.product-type.bundle.unit-test";
		};
		5968D4B11EE671BA00365807 /* MyPathFuncUITests */ = {
			isa = PBXNativeTarget;
			buildConfigurationList = 5968D4C11EE671BA00365807 /* Build configuration list for PBXNativeTarget "MyPathFuncUITests" */;
			buildPhases = (
				5968D4AE1EE671BA00365807 /* Sources */,
				5968D4AF1EE671BA00365807 /* Frameworks */,
				5968D4B01EE671BA00365807 /* Resources */,
			);
			buildRules = (
			);
			dependencies = (
				5968D4B41EE671BA00365807 /* PBXTargetDependency */,
			);
			name = MyPathFuncUITests;
			productName = MyPathFuncUITests;
			productReference = 5968D4B21EE671BA00365807 /* MyPathFuncUITests.xctest */;
			productType = "com.apple.product-type.bundle.ui-testing";
		};
/* End PBXNativeTarget section */

/* Begin PBXProject section */
		5968D4861EE671BA00365807 /* Project object */ = {
			isa = PBXProject;
			attributes = {
				LastUpgradeCheck = 0830;
				ORGANIZATIONNAME = com.zccoder;
				TargetAttributes = {
					5968D48D1EE671BA00365807 = {
						CreatedOnToolsVersion = 8.3.2;
						ProvisioningStyle = Automatic;
					};
					5968D4A61EE671BA00365807 = {
						CreatedOnToolsVersion = 8.3.2;
						ProvisioningStyle = Automatic;
						TestTargetID = 5968D48D1EE671BA00365807;
					};
					5968D4B11EE671BA00365807 = {
						CreatedOnToolsVersion = 8.3.2;
						ProvisioningStyle = Automatic;
						TestTargetID = 5968D48D1EE671BA00365807;
					};
				};
			};
			buildConfigurationList = 5968D4891EE671BA00365807 /* Build configuration list for PBXProject "MyPathFunc" */;
			compatibilityVersion = "Xcode 3.2";
			developmentRegion = English;
			hasScannedForEncodings = 0;
			knownRegions = (
				en,
				Base,
			);
			mainGroup = 5968D4851EE671BA00365807;
			productRefGroup = 5968D48F1EE671BA00365807 /* Products */;
			projectDirPath = "";
			projectRoot = "";
			targets = (
				5968D48D1EE671BA00365807 /* MyPathFunc */,
				5968D4A61EE671BA00365807 /* MyPathFuncTests */,
				5968D4B11EE671BA00365807 /* MyPathFuncUITests */,
			);
		};
/* End PBXProject section */

/* Begin PBXResourcesBuildPhase section */
		5968D48C1EE671BA00365807 /* Resources */ = {
			isa = PBXResourcesBuildPhase;
			buildActionMask = 2147483647;
			files = (
				5968D4A11EE671BA00365807 /* LaunchScreen.storyboard in Resources */,
				59E40FE51EE6A652003307F4 /* 1.jpg in Resources */,
				5968D49E1EE671BA00365807 /* Assets.xcassets in Resources */,
				5968D49C1EE671BA00365807 /* Main.storyboard in Resources */,
			);
			runOnlyForDeploymentPostprocessing = 0;
		};
		5968D4A51EE671BA00365807 /* Resources */ = {
			isa = PBXResourcesBuildPhase;
			buildActionMask = 2147483647;
			files = (
			);
			runOnlyForDeploymentPostprocessing = 0;
		};
		5968D4B01EE671BA00365807 /* Resources */ = {
			isa = PBXResourcesBuildPhase;
			buildActionMask = 2147483647;
			files = (
			);
			runOnlyForDeploymentPostprocessing = 0;
		};
/* End PBXResourcesBuildPhase section */

/* Begin PBXSourcesBuildPhase section */
		5968D48A1EE671BA00365807 /* Sources */ = {
			isa = PBXSourcesBuildPhase;
			buildActionMask = 2147483647;
			files = (
				5968D4991EE671BA00365807 /* ViewController.m in Sources */,
				5968D4961EE671BA00365807 /* AppDelegate.m in Sources */,
				5968D4931EE671BA00365807 /* main.m in Sources */,
			);
			runOnlyForDeploymentPostprocessing = 0;
		};
		5968D4A31EE671BA00365807 /* Sources */ = {
			isa = PBXSourcesBuildPhase;
			buildActionMask = 2147483647;
			files = (
				5968D4AC1EE671BA00365807 /* MyPathFuncTests.m in Sources */,
			);
			runOnlyForDeploymentPostprocessing = 0;
		};
		5968D4AE1EE671BA00365807 /* Sources */ = {
			isa = PBXSourcesBuildPhase;
			buildActionMask = 2147483647;
			files = (
				5968D4B71EE671BA00365807 /* MyPathFuncUITests.m in Sources */,
			);
			runOnlyForDeploymentPostprocessing = 0;
		};
/* End PBXSourcesBuildPhase section */

/* Begin PBXTargetDependency section */
		5968D4A91EE671BA00365807 /* PBXTargetDependency */ = {
			isa = PBXTargetDependency;
			target = 5968D48D1EE671BA00365807 /* MyPathFunc */;
			targetProxy = 5968D4A81EE671BA00365807 /* PBXContainerItemProxy */;
		};
		5968D4B41EE671BA00365807 /* PBXTargetDependency */ = {
			isa = PBXTargetDependency;
			target = 5968D48D1EE671BA00365807 /* MyPathFunc */;
			targetProxy = 5968D4B31EE671BA00365807 /* PBXContainerItemProxy */;
		};
/* End PBXTargetDependency section */

/* Begin PBXVariantGroup section */
		5968D49A1EE671BA00365807 /* Main.storyboard */ = {
			isa = PBXVariantGroup;
			children = (
				5968D49B1EE671BA00365807 /* Base */,
			);
			name = Main.storyboard;
			sourceTree = "<group>";
		};
		5968D49F1EE671BA00365807 /* LaunchScreen.storyboard */ = {
			isa = PBXVariantGroup;
			children = (
				5968D4A01EE671BA00365807 /* Base */,
			);
			name = LaunchScreen.storyboard;
			sourceTree = "<group>";
		};
/* End PBXVariantGroup section */

/* Begin XCBuildConfiguration section */
		5968D4B91EE671BA00365807 /* Debug */ = {
			isa = XCBuildConfiguration;
			buildSettings = {
				ALWAYS_SEARCH_USER_PATHS = NO;
				CLANG_ANALYZER_NONNULL = YES;
				CLANG_ANALYZER_NUMBER_OBJECT_CONVERSION = YES_AGGRESSIVE;
				CLANG_CXX_LANGUAGE_STANDARD = "gnu++0x";
				CLANG_CXX_LIBRARY = "libc++";
				CLANG_ENABLE_MODULES = YES;
				CLANG_ENABLE_OBJC_ARC = YES;
				CLANG_WARN_BOOL_CONVERSION = YES;
				CLANG_WARN_CONSTANT_CONVERSION = YES;
				CLANG_WARN_DIRECT_OBJC_ISA_USAGE = YES_ERROR;
				CLANG_WARN_DOCUMENTATION_COMMENTS = YES;
				CLANG_WARN_EMPTY_BODY = YES;
				CLANG_WARN_ENUM_CONVERSION = YES;
				CLANG_WARN_INFINITE_RECURSION = YES;
				CLANG_WARN_INT_CONVERSION = YES;
				CLANG_WARN_OBJC_ROOT_CLASS = YES_ERROR;
				CLANG_WARN_SUSPICIOUS_MOVE = YES;
				CLANG_WARN_UNREACHABLE_CODE = YES;
				CLANG_WARN__DUPLICATE_METHOD_MATCH = YES;
				"CODE_SIGN_IDENTITY[sdk=iphoneos*]" = "iPhone Developer";
				COPY_PHASE_STRIP = NO;
				DEBUG_INFORMATION_FORMAT = dwarf;
				ENABLE_STRICT_OBJC_MSGSEND = YES;
				ENABLE_TESTABILITY = YES;
				GCC_C_LANGUAGE_STANDARD = gnu99;
				GCC_DYNAMIC_NO_PIC = NO;
				GCC_NO_COMMON_BLOCKS = YES;
				GCC_OPTIMIZATION_LEVEL = 0;
				GCC_PREPROCESSOR_DEFINITIONS = (
					"DEBUG=1",
					"$(inherited)",
				);
				GCC_WARN_64_TO_32_BIT_CONVERSION = YES;
				GCC_WARN_ABOUT_RETURN_TYPE = YES_ERROR;
				GCC_WARN_UNDECLARED_SELECTOR = YES;
				GCC_WARN_UNINITIALIZED_AUTOS = YES_AGGRESSIVE;
				GCC_WARN_UNUSED_FUNCTION = YES;
				GCC_WARN_UNUSED_VARIABLE = YES;
				IPHONEOS_DEPLOYMENT_TARGET = 10.3;
				MTL_ENABLE_DEBUG_INFO = YES;
				ONLY_ACTIVE_ARCH = YES;
				SDKROOT = iphoneos;
			};
			name = Debug;
		};
		5968D4BA1EE671BA00365807 /* Release */ = {
			isa = XCBuildConfiguration;
			buildSettings = {
				ALWAYS_SEARCH_USER_PATHS = NO;
				CLANG_ANALYZER_NONNULL = YES;
				CLANG_ANALYZER_NUMBER_OBJECT_CONVERSION = YES_AGGRESSIVE;
				CLANG_CXX_LANGUAGE_STANDARD = "gnu++0x";
				CLANG_CXX_LIBRARY = "libc++";
				CLANG_ENABLE_MODULES = YES;
				CLANG_ENABLE_OBJC_ARC = YES;
				CLANG_WARN_BOOL_CONVERSION = YES;
				CLANG_WARN_CONSTANT_CONVERSION = YES;
				CLANG_WARN_DIRECT_OBJC_ISA_USAGE = YES_ERROR;
				CLANG_WARN_DOCUMENTATION_COMMENTS = YES;
				CLANG_WARN_EMPTY_BODY = YES;
				CLANG_WARN_ENUM_CONVERSION = YES;
				CLANG_WARN_INFINITE_RECURSION = YES;
				CLANG_WARN_INT_CONVERSION = YES;
				CLANG_WARN_OBJC_ROOT_CLASS = YES_ERROR;
				CLANG_WARN_SUSPICIOUS_MOVE = YES;
				CLANG_WARN_UNREACHABLE_CODE = YES;
				CLANG_WARN__DUPLICATE_METHOD_MATCH = YES;
				"CODE_SIGN_IDENTITY[sdk=iphoneos*]" = "iPhone Developer";
				COPY_PHASE_STRIP = NO;
				DEBUG_INFORMATION_FORMAT = "dwarf-with-dsym";
				ENABLE_NS_ASSERTIONS = NO;
				ENABLE_STRICT_OBJC_MSGSEND = YES;
				GCC_C_LANGUAGE_STANDARD = gnu99;
				GCC_NO_COMMON_BLOCKS = YES;
				GCC_WARN_64_TO_32_BIT_CONVERSION = YES;
				GCC_WARN_ABOUT_RETURN_TYPE = YES_ERROR;
				GCC_WARN_UNDECLARED_SELECTOR = YES;
				GCC_WARN_UNINITIALIZED_AUTOS = YES_AGGRESSIVE;
				GCC_WARN_UNUSED_FUNCTION = YES;
				GCC_WARN_UNUSED_VARIABLE = YES;
				IPHONEOS_DEPLOYMENT_TARGET = 10.3;
				MTL_ENABLE_DEBUG_INFO = NO;
				SDKROOT = iphoneos;
				VALIDATE_PRODUCT = YES;
			};
			name = Release;
		};
		5968D4BC1EE671BA00365807 /* Debug */ = {
			isa = XCBuildConfiguration;
			buildSettings = {
				ASSETCATALOG_COMPILER_APPICON_NAME = AppIcon;
				INFOPLIST_FILE = MyPathFunc/Info.plist;
				LD_RUNPATH_SEARCH_PATHS = "$(inherited) @executable_path/Frameworks";
				PRODUCT_BUNDLE_IDENTIFIER = com.zccoder.MyPathFunc;
				PRODUCT_NAME = "$(TARGET_NAME)";
			};
			name = Debug;
		};
		5968D4BD1EE671BA00365807 /* Release */ = {
			isa = XCBuildConfiguration;
			buildSettings = {
				ASSETCATALOG_COMPILER_APPICON_NAME = AppIcon;
				INFOPLIST_FILE = MyPathFunc/Info.plist;
				LD_RUNPATH_SEARCH_PATHS = "$(inherited) @executable_path/Frameworks";
				PRODUCT_BUNDLE_IDENTIFIER = com.zccoder.MyPathFunc;
				PRODUCT_NAME = "$(TARGET_NAME)";
			};
			name = Release;
		};
		5968D4BF1EE671BA00365807 /* Debug */ = {
			isa = XCBuildConfiguration;
			buildSettings = {
				BUNDLE_LOADER = "$(TEST_HOST)";
				INFOPLIST_FILE = MyPathFuncTests/Info.plist;
				LD_RUNPATH_SEARCH_PATHS = "$(inherited) @executable_path/Frameworks @loader_path/Frameworks";
				PRODUCT_BUNDLE_IDENTIFIER = com.zccoder.MyPathFuncTests;
				PRODUCT_NAME = "$(TARGET_NAME)";
				TEST_HOST = "$(BUILT_PRODUCTS_DIR)/MyPathFunc.app/MyPathFunc";
			};
			name = Debug;
		};
		5968D4C01EE671BA00365807 /* Release */ = {
			isa = XCBuildConfiguration;
			buildSettings = {
				BUNDLE_LOADER = "$(TEST_HOST)";
				INFOPLIST_FILE = MyPathFuncTests/Info.plist;
				LD_RUNPATH_SEARCH_PATHS = "$(inherited) @executable_path/Frameworks @loader_path/Frameworks";
				PRODUCT_BUNDLE_IDENTIFIER = com.zccoder.MyPathFuncTests;
				PRODUCT_NAME = "$(TARGET_NAME)";
				TEST_HOST = "$(BUILT_PRODUCTS_DIR)/MyPathFunc.app/MyPathFunc";
			};
			name = Release;
		};
		5968D4C21EE671BA00365807 /* Debug */ = {
			isa = XCBuildConfiguration;
			buildSettings = {
				INFOPLIST_FILE = MyPathFuncUITests/Info.plist;
				LD_RUNPATH_SEARCH_PATHS = "$(inherited) @executable_path/Frameworks @loader_path/Frameworks";
				PRODUCT_BUNDLE_IDENTIFIER = com.zccoder.MyPathFuncUITests;
				PRODUCT_NAME = "$(TARGET_NAME)";
				TEST_TARGET_NAME = MyPathFunc;
			};
			name = Debug;
		};
		5968D4C31EE671BA00365807 /* Release */ = {
			isa = XCBuildConfiguration;
			buildSettings = {
				INFOPLIST_FILE = MyPathFuncUITests/Info.plist;
				LD_RUNPATH_SEARCH_PATHS = "$(inherited) @executable_path/Frameworks @loader_path/Frameworks";
				PRODUCT_BUNDLE_IDENTIFIER = com.zccoder.MyPathFuncUITests;
				PRODUCT_NAME = "$(TARGET_NAME)";
				TEST_TARGET_NAME = MyPathFunc;
			};
			name = Release;
		};
/* End XCBuildConfiguration section */

/* Begin XCConfigurationList section */
		5968D4891EE671BA00365807 /* Build configuration list for PBXProject "MyPathFunc" */ = {
			isa = XCConfigurationList;
			buildConfigurations = (
				5968D4B91EE671BA00365807 /* Debug */,
				5968D4BA1EE671BA00365807 /* Release */,
			);
			defaultConfigurationIsVisible = 0;
			defaultConfigurationName = Release;
		};
		5968D4BB1EE671BA00365807 /* Build configuration list for PBXNativeTarget "MyPathFunc" */ = {
			isa = XCConfigurationList;
			buildConfigurations = (
				5968D4BC1EE671BA00365807 /* Debug */,
				5968D4BD1EE671BA00365807 /* Release */,
			);
			defaultConfigurationIsVisible = 0;
			defaultConfigurationName = Release;
		};
		5968D4BE1EE671BA00365807 /* Build configuration list for PBXNativeTarget "MyPathFuncTests" */ = {
			isa = XCConfigurationList;
			buildConfigurations = (
				5968D4BF1EE671BA00365807 /* Debug */,
				5968D4C01EE671BA00365807 /* Release */,
			);
			defaultConfigurationIsVisible = 0;
			defaultConfigurationName = Release;
		};
		5968D4C11EE671BA00365807 /* Build configuration list for PBXNativeTarget "MyPathFuncUITests" */ = {
			isa = XCConfigurationList;
			buildConfigurations = (
				5968D4C21EE671BA00365807 /* Debug */,
				5968D4C31EE671BA00365807 /* Release */,
			);
			defaultConfigurationIsVisible = 0;
			defaultConfigurationName = Release;
		};
/* End XCConfigurationList section */
	};
	rootObject = 5968D4861EE671BA00365807 /* Project object */;
}
